PODS:
  - AMLeaksFinder (2.1.5)
  - FBRetainCycleDetector (0.1.4)
  - KJPlayer (2.1.10):
    - KJPlayer/AVPlayer (= 2.1.10)
    - KJPlayer/BackgroundMonitoring (= 2.1.10)
    - KJPlayer/Cache (= 2.1.10)
    - KJPlayer/Common (= 2.1.10)
    - KJPlayer/CustomView (= 2.1.10)
    - KJPlayer/Database (= 2.1.10)
    - KJPlayer/Downloader (= 2.1.10)
    - KJPlayer/DynamicSource (= 2.1.10)
    - KJPlayer/IJKPlayer (= 2.1.10)
    - KJPlayer/MIDI (= 2.1.10)
    - KJPlayer/PingTimer (= 2.1.10)
    - KJPlayer/RecordTime (= 2.1.10)
    - KJPlayer/Screenshots (= 2.1.10)
    - KJPlayer/SkipTime (= 2.1.10)
    - KJPlayer/TryTime (= 2.1.10)
  - KJPlayer/AVPlayer (2.1.10):
    - KJPlayer/AVPlayer/AVCore (= 2.1.10)
    - KJPlayer/AVPlayer/AVDownloader (= 2.1.10)
  - KJPlayer/AVPlayer/AVCore (2.1.10):
    - KJPlayer/Common
  - KJPlayer/AVPlayer/AVDownloader (2.1.10):
    - KJPlayer/AVPlayer/AVCore
    - KJPlayer/Database
    - KJPlayer/Downloader
  - KJPlayer/BackgroundMonitoring (2.1.10):
    - KJPlayer/Common
  - KJPlayer/Cache (2.1.10):
    - KJPlayer/Common
    - KJPlayer/Database
  - KJPlayer/Common (2.1.10)
  - KJPlayer/CustomView (2.1.10):
    - KJPlayer/Common
  - KJPlayer/Database (2.1.10)
  - KJPlayer/Downloader (2.1.10):
    - KJPlayer/Common
  - KJPlayer/DynamicSource (2.1.10):
    - KJPlayer/Common
  - KJPlayer/IJKPlayer (2.1.10):
    - KJPlayer/Common
  - KJPlayer/MIDI (2.1.10):
    - KJPlayer/Common
  - KJPlayer/PingTimer (2.1.10):
    - KJPlayer/Common
  - KJPlayer/RecordTime (2.1.10):
    - KJPlayer/Common
    - KJPlayer/Database
  - KJPlayer/Screenshots (2.1.10):
    - KJPlayer/Common
    - KJPlayer/Database
  - KJPlayer/SkipTime (2.1.10):
    - KJPlayer/Common
  - KJPlayer/TryTime (2.1.10):
    - KJPlayer/Common
  - SwiftMonkey (2.2.0)
  - SwiftMonkeyPaws (2.2.0)

DEPENDENCIES:
  - AMLeaksFinder
  - FBRetainCycleDetector
  - KJPlayer (from `..`)
  - SwiftMonkey
  - SwiftMonkeyPaws

SPEC REPOS:
  trunk:
    - AMLeaksFinder
    - FBRetainCycleDetector
    - SwiftMonkey
    - SwiftMonkeyPaws

EXTERNAL SOURCES:
  KJPlayer:
    :path: ".."

SPEC CHECKSUMS:
  AMLeaksFinder: 96afc314ede22c6dad5dd2517d016a955d375368
  FBRetainCycleDetector: 46f8179bbb1c587deee3ea838a1a3ee02acf5015
  KJPlayer: 3c36042901daa5979fc5e3264034edc0c324fe18
  SwiftMonkey: 24ffde5b590d3658cfcb1d775cf74b9f5280eb9c
  SwiftMonkeyPaws: 9d183b8a1b9cfd497c2704342e861b71412d94f5

PODFILE CHECKSUM: 26208a51c84e3f6c31b2ea22fb2ec2e51d99f605

COCOAPODS: 1.10.1
