// !$*UTF8*$!
{
	archiveVersion = 1;
	classes = {
	};
	objectVersion = 46;
	objects = {

/* Begin PBXBuildFile section */
		20D229FF275F0D8E0032B786 /* ConstraintMultiplierTarget.swift in Sources */ = {isa = PBXBuildFile; fileRef = 20D229CC275F0D8E0032B786 /* ConstraintMultiplierTarget.swift */; };
		20D22A00275F0D8E0032B786 /* LayoutConstraintItem.swift in Sources */ = {isa = PBXBuildFile; fileRef = 20D229CD275F0D8E0032B786 /* LayoutConstraintItem.swift */; };
		20D22A01275F0D8E0032B786 /* ConstraintDescription.swift in Sources */ = {isa = PBXBuildFile; fileRef = 20D229CE275F0D8E0032B786 /* ConstraintDescription.swift */; };
		20D22A02275F0D8E0032B786 /* ConstraintMakerPriortizable.swift in Sources */ = {isa = PBXBuildFile; fileRef = 20D229CF275F0D8E0032B786 /* ConstraintMakerPriortizable.swift */; };
		20D22A03275F0D8E0032B786 /* ConstraintAttributes.swift in Sources */ = {isa = PBXBuildFile; fileRef = 20D229D0275F0D8E0032B786 /* ConstraintAttributes.swift */; };
		20D22A04275F0D8E0032B786 /* ConstraintViewDSL.swift in Sources */ = {isa = PBXBuildFile; fileRef = 20D229D1275F0D8E0032B786 /* ConstraintViewDSL.swift */; };
		20D22A05275F0D8E0032B786 /* ConstraintPriorityTarget.swift in Sources */ = {isa = PBXBuildFile; fileRef = 20D229D2275F0D8E0032B786 /* ConstraintPriorityTarget.swift */; };
		20D22A06275F0D8E0032B786 /* ConstraintInsets.swift in Sources */ = {isa = PBXBuildFile; fileRef = 20D229D3275F0D8E0032B786 /* ConstraintInsets.swift */; };
		20D22A07275F0D8E0032B786 /* ConstraintMakerFinalizable.swift in Sources */ = {isa = PBXBuildFile; fileRef = 20D229D4275F0D8E0032B786 /* ConstraintMakerFinalizable.swift */; };
		20D22A08275F0D8E0032B786 /* ConstraintDSL.swift in Sources */ = {isa = PBXBuildFile; fileRef = 20D229D5275F0D8E0032B786 /* ConstraintDSL.swift */; };
		20D22A09275F0D8E0032B786 /* ConstraintMakerExtendable.swift in Sources */ = {isa = PBXBuildFile; fileRef = 20D229D6275F0D8E0032B786 /* ConstraintMakerExtendable.swift */; };
		20D22A0A275F0D8E0032B786 /* ConstraintPriority.swift in Sources */ = {isa = PBXBuildFile; fileRef = 20D229D7275F0D8E0032B786 /* ConstraintPriority.swift */; };
		20D22A0B275F0D8E0032B786 /* ConstraintInsetTarget.swift in Sources */ = {isa = PBXBuildFile; fileRef = 20D229D8275F0D8E0032B786 /* ConstraintInsetTarget.swift */; };
		20D22A0C275F0D8E0032B786 /* ConstraintDirectionalInsetTarget.swift in Sources */ = {isa = PBXBuildFile; fileRef = 20D229D9275F0D8E0032B786 /* ConstraintDirectionalInsetTarget.swift */; };
		20D22A0D275F0D8E0032B786 /* ConstraintConfig.swift in Sources */ = {isa = PBXBuildFile; fileRef = 20D229DA275F0D8E0032B786 /* ConstraintConfig.swift */; };
		20D22A0E275F0D8E0032B786 /* UILayoutSupport+Extensions.swift in Sources */ = {isa = PBXBuildFile; fileRef = 20D229DB275F0D8E0032B786 /* UILayoutSupport+Extensions.swift */; };
		20D22A0F275F0D8E0032B786 /* ConstraintView.swift in Sources */ = {isa = PBXBuildFile; fileRef = 20D229DC275F0D8E0032B786 /* ConstraintView.swift */; };
		20D22A10275F0D8E0032B786 /* ConstraintLayoutGuide.swift in Sources */ = {isa = PBXBuildFile; fileRef = 20D229DD275F0D8E0032B786 /* ConstraintLayoutGuide.swift */; };
		20D22A11275F0D8E0032B786 /* ConstraintLayoutSupport.swift in Sources */ = {isa = PBXBuildFile; fileRef = 20D229DE275F0D8E0032B786 /* ConstraintLayoutSupport.swift */; };
		20D22A12275F0D8E0032B786 /* Typealiases.swift in Sources */ = {isa = PBXBuildFile; fileRef = 20D229DF275F0D8E0032B786 /* Typealiases.swift */; };
		20D22A13275F0D8E0032B786 /* ConstraintConstantTarget.swift in Sources */ = {isa = PBXBuildFile; fileRef = 20D229E0275F0D8E0032B786 /* ConstraintConstantTarget.swift */; };
		20D22A14275F0D8E0032B786 /* ConstraintOffsetTarget.swift in Sources */ = {isa = PBXBuildFile; fileRef = 20D229E1275F0D8E0032B786 /* ConstraintOffsetTarget.swift */; };
		20D22A15275F0D8E0032B786 /* ConstraintMakerEditable.swift in Sources */ = {isa = PBXBuildFile; fileRef = 20D229E2275F0D8E0032B786 /* ConstraintMakerEditable.swift */; };
		20D22A16275F0D8E0032B786 /* ConstraintMaker.swift in Sources */ = {isa = PBXBuildFile; fileRef = 20D229E3275F0D8E0032B786 /* ConstraintMaker.swift */; };
		20D22A17275F0D8E0032B786 /* ConstraintRelation.swift in Sources */ = {isa = PBXBuildFile; fileRef = 20D229E4275F0D8E0032B786 /* ConstraintRelation.swift */; };
		20D22A18275F0D8E0032B786 /* ConstraintLayoutGuideDSL.swift in Sources */ = {isa = PBXBuildFile; fileRef = 20D229E5275F0D8E0032B786 /* ConstraintLayoutGuideDSL.swift */; };
		20D22A19275F0D8E0032B786 /* ConstraintView+Extensions.swift in Sources */ = {isa = PBXBuildFile; fileRef = 20D229E6275F0D8E0032B786 /* ConstraintView+Extensions.swift */; };
		20D22A1A275F0D8E0032B786 /* ConstraintItem.swift in Sources */ = {isa = PBXBuildFile; fileRef = 20D229E7275F0D8E0032B786 /* ConstraintItem.swift */; };
		20D22A1B275F0D8E0032B786 /* Constraint.swift in Sources */ = {isa = PBXBuildFile; fileRef = 20D229E8275F0D8E0032B786 /* Constraint.swift */; };
		20D22A1C275F0D8E0032B786 /* Debugging.swift in Sources */ = {isa = PBXBuildFile; fileRef = 20D229E9275F0D8E0032B786 /* Debugging.swift */; };
		20D22A1D275F0D8E0032B786 /* ConstraintRelatableTarget.swift in Sources */ = {isa = PBXBuildFile; fileRef = 20D229EA275F0D8E0032B786 /* ConstraintRelatableTarget.swift */; };
		20D22A1E275F0D8E0032B786 /* LayoutConstraint.swift in Sources */ = {isa = PBXBuildFile; fileRef = 20D229EB275F0D8E0032B786 /* LayoutConstraint.swift */; };
		20D22A1F275F0D8E0032B786 /* ConstraintLayoutGuide+Extensions.swift in Sources */ = {isa = PBXBuildFile; fileRef = 20D229EC275F0D8E0032B786 /* ConstraintLayoutGuide+Extensions.swift */; };
		20D22A20275F0D8E0032B786 /* ConstraintDirectionalInsets.swift in Sources */ = {isa = PBXBuildFile; fileRef = 20D229ED275F0D8E0032B786 /* ConstraintDirectionalInsets.swift */; };
		20D22A21275F0D8E0032B786 /* ConstraintLayoutSupportDSL.swift in Sources */ = {isa = PBXBuildFile; fileRef = 20D229EE275F0D8E0032B786 /* ConstraintLayoutSupportDSL.swift */; };
		20D22A22275F0D8E0032B786 /* ConstraintMakerRelatable.swift in Sources */ = {isa = PBXBuildFile; fileRef = 20D229EF275F0D8E0032B786 /* ConstraintMakerRelatable.swift */; };
		20D22A26275F0D8E0032B786 /* FSPagerView.swift in Sources */ = {isa = PBXBuildFile; fileRef = 20D229F5275F0D8E0032B786 /* FSPagerView.swift */; };
		20D22A27275F0D8E0032B786 /* FSPageViewTransformer.swift in Sources */ = {isa = PBXBuildFile; fileRef = 20D229F6275F0D8E0032B786 /* FSPageViewTransformer.swift */; };
		20D22A28275F0D8E0032B786 /* FSPagerViewCell.swift in Sources */ = {isa = PBXBuildFile; fileRef = 20D229F8275F0D8E0032B786 /* FSPagerViewCell.swift */; };
		20D22A29275F0D8E0032B786 /* FSPagerViewLayoutAttributes.swift in Sources */ = {isa = PBXBuildFile; fileRef = 20D229F9275F0D8E0032B786 /* FSPagerViewLayoutAttributes.swift */; };
		20D22A2A275F0D8E0032B786 /* FSPageViewLayout.swift in Sources */ = {isa = PBXBuildFile; fileRef = 20D229FA275F0D8E0032B786 /* FSPageViewLayout.swift */; };
		20D22A2B275F0D8E0032B786 /* FSPageControl.swift in Sources */ = {isa = PBXBuildFile; fileRef = 20D229FB275F0D8E0032B786 /* FSPageControl.swift */; };
		20D22A2C275F0D8E0032B786 /* FSPagerViewObjcCompat.m in Sources */ = {isa = PBXBuildFile; fileRef = 20D229FC275F0D8E0032B786 /* FSPagerViewObjcCompat.m */; };
		20D22A2D275F0D8E0032B786 /* FSPagerCollectionView.swift in Sources */ = {isa = PBXBuildFile; fileRef = 20D229FD275F0D8E0032B786 /* FSPagerCollectionView.swift */; };
		607FACD61AFB9204008FA782 /* AppDelegate.swift in Sources */ = {isa = PBXBuildFile; fileRef = 607FACD51AFB9204008FA782 /* AppDelegate.swift */; };
		607FACDB1AFB9204008FA782 /* Main.storyboard in Resources */ = {isa = PBXBuildFile; fileRef = 607FACD91AFB9204008FA782 /* Main.storyboard */; };
		607FACDD1AFB9204008FA782 /* Images.xcassets in Resources */ = {isa = PBXBuildFile; fileRef = 607FACDC1AFB9204008FA782 /* Images.xcassets */; };
		607FACE01AFB9204008FA782 /* LaunchScreen.xib in Resources */ = {isa = PBXBuildFile; fileRef = 607FACDE1AFB9204008FA782 /* LaunchScreen.xib */; };
		689AA74A2733CB8F00FA6CB5 /* birds.mp4 in Resources */ = {isa = PBXBuildFile; fileRef = 689AA7492733CB8F00FA6CB5 /* birds.mp4 */; };
		689AA74C2733CBB800FA6CB5 /* rock.mp4 in Resources */ = {isa = PBXBuildFile; fileRef = 689AA74B2733CBB800FA6CB5 /* rock.mp4 */; };
		68F803552733DDC900C5B535 /* DetailsViewController.swift in Sources */ = {isa = PBXBuildFile; fileRef = 68F803542733DDC900C5B535 /* DetailsViewController.swift */; };
		68F803602733E00900C5B535 /* HomeViewModel.swift in Sources */ = {isa = PBXBuildFile; fileRef = 68F8035F2733E00900C5B535 /* HomeViewModel.swift */; };
		68F803632733E03200C5B535 /* HomeViewController.swift in Sources */ = {isa = PBXBuildFile; fileRef = 68F803622733E03200C5B535 /* HomeViewController.swift */; };
		68F803682733E48700C5B535 /* HomeModel.swift in Sources */ = {isa = PBXBuildFile; fileRef = 68F803672733E48700C5B535 /* HomeModel.swift */; };
		68F803702734147200C5B535 /* luoza.jpeg in Resources */ = {isa = PBXBuildFile; fileRef = 68F8036F2734147200C5B535 /* luoza.jpeg */; };
		68F80373273419FB00C5B535 /* HomePagerViewCell.swift in Sources */ = {isa = PBXBuildFile; fileRef = 68F80372273419FB00C5B535 /* HomePagerViewCell.swift */; };
		A331FDA06887768F7B4FDF7C /* Pods_KJPlayer_Example.framework in Frameworks */ = {isa = PBXBuildFile; fileRef = E5DD620FA5B32281703D6A9F /* Pods_KJPlayer_Example.framework */; };
/* End PBXBuildFile section */

/* Begin PBXFileReference section */
		20D229CC275F0D8E0032B786 /* ConstraintMultiplierTarget.swift */ = {isa = PBXFileReference; fileEncoding = 4; lastKnownFileType = sourcecode.swift; path = ConstraintMultiplierTarget.swift; sourceTree = "<group>"; };
		20D229CD275F0D8E0032B786 /* LayoutConstraintItem.swift */ = {isa = PBXFileReference; fileEncoding = 4; lastKnownFileType = sourcecode.swift; path = LayoutConstraintItem.swift; sourceTree = "<group>"; };
		20D229CE275F0D8E0032B786 /* ConstraintDescription.swift */ = {isa = PBXFileReference; fileEncoding = 4; lastKnownFileType = sourcecode.swift; path = ConstraintDescription.swift; sourceTree = "<group>"; };
		20D229CF275F0D8E0032B786 /* ConstraintMakerPriortizable.swift */ = {isa = PBXFileReference; fileEncoding = 4; lastKnownFileType = sourcecode.swift; path = ConstraintMakerPriortizable.swift; sourceTree = "<group>"; };
		20D229D0275F0D8E0032B786 /* ConstraintAttributes.swift */ = {isa = PBXFileReference; fileEncoding = 4; lastKnownFileType = sourcecode.swift; path = ConstraintAttributes.swift; sourceTree = "<group>"; };
		20D229D1275F0D8E0032B786 /* ConstraintViewDSL.swift */ = {isa = PBXFileReference; fileEncoding = 4; lastKnownFileType = sourcecode.swift; path = ConstraintViewDSL.swift; sourceTree = "<group>"; };
		20D229D2275F0D8E0032B786 /* ConstraintPriorityTarget.swift */ = {isa = PBXFileReference; fileEncoding = 4; lastKnownFileType = sourcecode.swift; path = ConstraintPriorityTarget.swift; sourceTree = "<group>"; };
		20D229D3275F0D8E0032B786 /* ConstraintInsets.swift */ = {isa = PBXFileReference; fileEncoding = 4; lastKnownFileType = sourcecode.swift; path = ConstraintInsets.swift; sourceTree = "<group>"; };
		20D229D4275F0D8E0032B786 /* ConstraintMakerFinalizable.swift */ = {isa = PBXFileReference; fileEncoding = 4; lastKnownFileType = sourcecode.swift; path = ConstraintMakerFinalizable.swift; sourceTree = "<group>"; };
		20D229D5275F0D8E0032B786 /* ConstraintDSL.swift */ = {isa = PBXFileReference; fileEncoding = 4; lastKnownFileType = sourcecode.swift; path = ConstraintDSL.swift; sourceTree = "<group>"; };
		20D229D6275F0D8E0032B786 /* ConstraintMakerExtendable.swift */ = {isa = PBXFileReference; fileEncoding = 4; lastKnownFileType = sourcecode.swift; path = ConstraintMakerExtendable.swift; sourceTree = "<group>"; };
		20D229D7275F0D8E0032B786 /* ConstraintPriority.swift */ = {isa = PBXFileReference; fileEncoding = 4; lastKnownFileType = sourcecode.swift; path = ConstraintPriority.swift; sourceTree = "<group>"; };
		20D229D8275F0D8E0032B786 /* ConstraintInsetTarget.swift */ = {isa = PBXFileReference; fileEncoding = 4; lastKnownFileType = sourcecode.swift; path = ConstraintInsetTarget.swift; sourceTree = "<group>"; };
		20D229D9275F0D8E0032B786 /* ConstraintDirectionalInsetTarget.swift */ = {isa = PBXFileReference; fileEncoding = 4; lastKnownFileType = sourcecode.swift; path = ConstraintDirectionalInsetTarget.swift; sourceTree = "<group>"; };
		20D229DA275F0D8E0032B786 /* ConstraintConfig.swift */ = {isa = PBXFileReference; fileEncoding = 4; lastKnownFileType = sourcecode.swift; path = ConstraintConfig.swift; sourceTree = "<group>"; };
		20D229DB275F0D8E0032B786 /* UILayoutSupport+Extensions.swift */ = {isa = PBXFileReference; fileEncoding = 4; lastKnownFileType = sourcecode.swift; path = "UILayoutSupport+Extensions.swift"; sourceTree = "<group>"; };
		20D229DC275F0D8E0032B786 /* ConstraintView.swift */ = {isa = PBXFileReference; fileEncoding = 4; lastKnownFileType = sourcecode.swift; path = ConstraintView.swift; sourceTree = "<group>"; };
		20D229DD275F0D8E0032B786 /* ConstraintLayoutGuide.swift */ = {isa = PBXFileReference; fileEncoding = 4; lastKnownFileType = sourcecode.swift; path = ConstraintLayoutGuide.swift; sourceTree = "<group>"; };
		20D229DE275F0D8E0032B786 /* ConstraintLayoutSupport.swift */ = {isa = PBXFileReference; fileEncoding = 4; lastKnownFileType = sourcecode.swift; path = ConstraintLayoutSupport.swift; sourceTree = "<group>"; };
		20D229DF275F0D8E0032B786 /* Typealiases.swift */ = {isa = PBXFileReference; fileEncoding = 4; lastKnownFileType = sourcecode.swift; path = Typealiases.swift; sourceTree = "<group>"; };
		20D229E0275F0D8E0032B786 /* ConstraintConstantTarget.swift */ = {isa = PBXFileReference; fileEncoding = 4; lastKnownFileType = sourcecode.swift; path = ConstraintConstantTarget.swift; sourceTree = "<group>"; };
		20D229E1275F0D8E0032B786 /* ConstraintOffsetTarget.swift */ = {isa = PBXFileReference; fileEncoding = 4; lastKnownFileType = sourcecode.swift; path = ConstraintOffsetTarget.swift; sourceTree = "<group>"; };
		20D229E2275F0D8E0032B786 /* ConstraintMakerEditable.swift */ = {isa = PBXFileReference; fileEncoding = 4; lastKnownFileType = sourcecode.swift; path = ConstraintMakerEditable.swift; sourceTree = "<group>"; };
		20D229E3275F0D8E0032B786 /* ConstraintMaker.swift */ = {isa = PBXFileReference; fileEncoding = 4; lastKnownFileType = sourcecode.swift; path = ConstraintMaker.swift; sourceTree = "<group>"; };
		20D229E4275F0D8E0032B786 /* ConstraintRelation.swift */ = {isa = PBXFileReference; fileEncoding = 4; lastKnownFileType = sourcecode.swift; path = ConstraintRelation.swift; sourceTree = "<group>"; };
		20D229E5275F0D8E0032B786 /* ConstraintLayoutGuideDSL.swift */ = {isa = PBXFileReference; fileEncoding = 4; lastKnownFileType = sourcecode.swift; path = ConstraintLayoutGuideDSL.swift; sourceTree = "<group>"; };
		20D229E6275F0D8E0032B786 /* ConstraintView+Extensions.swift */ = {isa = PBXFileReference; fileEncoding = 4; lastKnownFileType = sourcecode.swift; path = "ConstraintView+Extensions.swift"; sourceTree = "<group>"; };
		20D229E7275F0D8E0032B786 /* ConstraintItem.swift */ = {isa = PBXFileReference; fileEncoding = 4; lastKnownFileType = sourcecode.swift; path = ConstraintItem.swift; sourceTree = "<group>"; };
		20D229E8275F0D8E0032B786 /* Constraint.swift */ = {isa = PBXFileReference; fileEncoding = 4; lastKnownFileType = sourcecode.swift; path = Constraint.swift; sourceTree = "<group>"; };
		20D229E9275F0D8E0032B786 /* Debugging.swift */ = {isa = PBXFileReference; fileEncoding = 4; lastKnownFileType = sourcecode.swift; path = Debugging.swift; sourceTree = "<group>"; };
		20D229EA275F0D8E0032B786 /* ConstraintRelatableTarget.swift */ = {isa = PBXFileReference; fileEncoding = 4; lastKnownFileType = sourcecode.swift; path = ConstraintRelatableTarget.swift; sourceTree = "<group>"; };
		20D229EB275F0D8E0032B786 /* LayoutConstraint.swift */ = {isa = PBXFileReference; fileEncoding = 4; lastKnownFileType = sourcecode.swift; path = LayoutConstraint.swift; sourceTree = "<group>"; };
		20D229EC275F0D8E0032B786 /* ConstraintLayoutGuide+Extensions.swift */ = {isa = PBXFileReference; fileEncoding = 4; lastKnownFileType = sourcecode.swift; path = "ConstraintLayoutGuide+Extensions.swift"; sourceTree = "<group>"; };
		20D229ED275F0D8E0032B786 /* ConstraintDirectionalInsets.swift */ = {isa = PBXFileReference; fileEncoding = 4; lastKnownFileType = sourcecode.swift; path = ConstraintDirectionalInsets.swift; sourceTree = "<group>"; };
		20D229EE275F0D8E0032B786 /* ConstraintLayoutSupportDSL.swift */ = {isa = PBXFileReference; fileEncoding = 4; lastKnownFileType = sourcecode.swift; path = ConstraintLayoutSupportDSL.swift; sourceTree = "<group>"; };
		20D229EF275F0D8E0032B786 /* ConstraintMakerRelatable.swift */ = {isa = PBXFileReference; fileEncoding = 4; lastKnownFileType = sourcecode.swift; path = ConstraintMakerRelatable.swift; sourceTree = "<group>"; };
		20D229F5275F0D8E0032B786 /* FSPagerView.swift */ = {isa = PBXFileReference; fileEncoding = 4; lastKnownFileType = sourcecode.swift; path = FSPagerView.swift; sourceTree = "<group>"; };
		20D229F6275F0D8E0032B786 /* FSPageViewTransformer.swift */ = {isa = PBXFileReference; fileEncoding = 4; lastKnownFileType = sourcecode.swift; path = FSPageViewTransformer.swift; sourceTree = "<group>"; };
		20D229F7275F0D8E0032B786 /* FSPagerViewObjcCompat.h */ = {isa = PBXFileReference; fileEncoding = 4; lastKnownFileType = sourcecode.c.h; path = FSPagerViewObjcCompat.h; sourceTree = "<group>"; };
		20D229F8275F0D8E0032B786 /* FSPagerViewCell.swift */ = {isa = PBXFileReference; fileEncoding = 4; lastKnownFileType = sourcecode.swift; path = FSPagerViewCell.swift; sourceTree = "<group>"; };
		20D229F9275F0D8E0032B786 /* FSPagerViewLayoutAttributes.swift */ = {isa = PBXFileReference; fileEncoding = 4; lastKnownFileType = sourcecode.swift; path = FSPagerViewLayoutAttributes.swift; sourceTree = "<group>"; };
		20D229FA275F0D8E0032B786 /* FSPageViewLayout.swift */ = {isa = PBXFileReference; fileEncoding = 4; lastKnownFileType = sourcecode.swift; path = FSPageViewLayout.swift; sourceTree = "<group>"; };
		20D229FB275F0D8E0032B786 /* FSPageControl.swift */ = {isa = PBXFileReference; fileEncoding = 4; lastKnownFileType = sourcecode.swift; path = FSPageControl.swift; sourceTree = "<group>"; };
		20D229FC275F0D8E0032B786 /* FSPagerViewObjcCompat.m */ = {isa = PBXFileReference; fileEncoding = 4; lastKnownFileType = sourcecode.c.objc; path = FSPagerViewObjcCompat.m; sourceTree = "<group>"; };
		20D229FD275F0D8E0032B786 /* FSPagerCollectionView.swift */ = {isa = PBXFileReference; fileEncoding = 4; lastKnownFileType = sourcecode.swift; path = FSPagerCollectionView.swift; sourceTree = "<group>"; };
		39926019DAF17ABEA365F4B5 /* KJPlayer.podspec */ = {isa = PBXFileReference; includeInIndex = 1; lastKnownFileType = text; name = KJPlayer.podspec; path = ../KJPlayer.podspec; sourceTree = "<group>"; xcLanguageSpecificationIdentifier = xcode.lang.ruby; };
		3F4CEB3DAC4B2AFDB930EE6D /* README.md */ = {isa = PBXFileReference; includeInIndex = 1; lastKnownFileType = net.daringfireball.markdown; name = README.md; path = ../README.md; sourceTree = "<group>"; };
		607FACD01AFB9204008FA782 /* KJPlayer_Example.app */ = {isa = PBXFileReference; explicitFileType = wrapper.application; includeInIndex = 0; path = KJPlayer_Example.app; sourceTree = BUILT_PRODUCTS_DIR; };
		607FACD41AFB9204008FA782 /* Info.plist */ = {isa = PBXFileReference; lastKnownFileType = text.plist.xml; path = Info.plist; sourceTree = "<group>"; };
		607FACD51AFB9204008FA782 /* AppDelegate.swift */ = {isa = PBXFileReference; lastKnownFileType = sourcecode.swift; path = AppDelegate.swift; sourceTree = "<group>"; };
		607FACDA1AFB9204008FA782 /* Base */ = {isa = PBXFileReference; lastKnownFileType = file.storyboard; name = Base; path = Base.lproj/Main.storyboard; sourceTree = "<group>"; };
		607FACDC1AFB9204008FA782 /* Images.xcassets */ = {isa = PBXFileReference; lastKnownFileType = folder.assetcatalog; path = Images.xcassets; sourceTree = "<group>"; };
		607FACDF1AFB9204008FA782 /* Base */ = {isa = PBXFileReference; lastKnownFileType = file.xib; name = Base; path = Base.lproj/LaunchScreen.xib; sourceTree = "<group>"; };
		689AA7472733C3D600FA6CB5 /* CHANGELOG.md */ = {isa = PBXFileReference; lastKnownFileType = net.daringfireball.markdown; name = CHANGELOG.md; path = ../CHANGELOG.md; sourceTree = "<group>"; };
		689AA7492733CB8F00FA6CB5 /* birds.mp4 */ = {isa = PBXFileReference; lastKnownFileType = file; path = birds.mp4; sourceTree = "<group>"; };
		689AA74B2733CBB800FA6CB5 /* rock.mp4 */ = {isa = PBXFileReference; lastKnownFileType = file; path = rock.mp4; sourceTree = "<group>"; };
		68F803542733DDC900C5B535 /* DetailsViewController.swift */ = {isa = PBXFileReference; lastKnownFileType = sourcecode.swift; path = DetailsViewController.swift; sourceTree = "<group>"; };
		68F8035F2733E00900C5B535 /* HomeViewModel.swift */ = {isa = PBXFileReference; lastKnownFileType = sourcecode.swift; path = HomeViewModel.swift; sourceTree = "<group>"; };
		68F803622733E03200C5B535 /* HomeViewController.swift */ = {isa = PBXFileReference; lastKnownFileType = sourcecode.swift; path = HomeViewController.swift; sourceTree = "<group>"; };
		68F803672733E48700C5B535 /* HomeModel.swift */ = {isa = PBXFileReference; lastKnownFileType = sourcecode.swift; path = HomeModel.swift; sourceTree = "<group>"; };
		68F8036F2734147200C5B535 /* luoza.jpeg */ = {isa = PBXFileReference; lastKnownFileType = image.jpeg; path = luoza.jpeg; sourceTree = "<group>"; };
		68F80372273419FB00C5B535 /* HomePagerViewCell.swift */ = {isa = PBXFileReference; lastKnownFileType = sourcecode.swift; path = HomePagerViewCell.swift; sourceTree = "<group>"; };
		70CBDA7BEABA591B615BDC4E /* LICENSE */ = {isa = PBXFileReference; includeInIndex = 1; lastKnownFileType = text; name = LICENSE; path = ../LICENSE; sourceTree = "<group>"; };
		B64122A17D1CA379224A40D9 /* Pods-KJPlayer_Example.debug.xcconfig */ = {isa = PBXFileReference; includeInIndex = 1; lastKnownFileType = text.xcconfig; name = "Pods-KJPlayer_Example.debug.xcconfig"; path = "Target Support Files/Pods-KJPlayer_Example/Pods-KJPlayer_Example.debug.xcconfig"; sourceTree = "<group>"; };
		D7057ACBEEFFF86EDAA89F2C /* Pods-KJPlayer_Example.release.xcconfig */ = {isa = PBXFileReference; includeInIndex = 1; lastKnownFileType = text.xcconfig; name = "Pods-KJPlayer_Example.release.xcconfig"; path = "Target Support Files/Pods-KJPlayer_Example/Pods-KJPlayer_Example.release.xcconfig"; sourceTree = "<group>"; };
		E5DD620FA5B32281703D6A9F /* Pods_KJPlayer_Example.framework */ = {isa = PBXFileReference; explicitFileType = wrapper.framework; includeInIndex = 0; path = Pods_KJPlayer_Example.framework; sourceTree = BUILT_PRODUCTS_DIR; };
/* End PBXFileReference section */

/* Begin PBXFrameworksBuildPhase section */
		607FACCD1AFB9204008FA782 /* Frameworks */ = {
			isa = PBXFrameworksBuildPhase;
			buildActionMask = 2147483647;
			files = (
				A331FDA06887768F7B4FDF7C /* Pods_KJPlayer_Example.framework in Frameworks */,
			);
			runOnlyForDeploymentPostprocessing = 0;
		};
/* End PBXFrameworksBuildPhase section */

/* Begin PBXGroup section */
		20D229C8275F0D5C0032B786 /* Third Party */ = {
			isa = PBXGroup;
			children = (
				20D229F1275F0D8E0032B786 /* FSPagerView */,
				20D229C9275F0D8E0032B786 /* SnapKit */,
			);
			path = "Third Party";
			sourceTree = "<group>";
		};
		20D229C9275F0D8E0032B786 /* SnapKit */ = {
			isa = PBXGroup;
			children = (
				20D229E8275F0D8E0032B786 /* Constraint.swift */,
				20D229D0275F0D8E0032B786 /* ConstraintAttributes.swift */,
				20D229DA275F0D8E0032B786 /* ConstraintConfig.swift */,
				20D229E0275F0D8E0032B786 /* ConstraintConstantTarget.swift */,
				20D229CE275F0D8E0032B786 /* ConstraintDescription.swift */,
				20D229ED275F0D8E0032B786 /* ConstraintDirectionalInsets.swift */,
				20D229D9275F0D8E0032B786 /* ConstraintDirectionalInsetTarget.swift */,
				20D229D5275F0D8E0032B786 /* ConstraintDSL.swift */,
				20D229D3275F0D8E0032B786 /* ConstraintInsets.swift */,
				20D229D8275F0D8E0032B786 /* ConstraintInsetTarget.swift */,
				20D229E7275F0D8E0032B786 /* ConstraintItem.swift */,
				20D229DD275F0D8E0032B786 /* ConstraintLayoutGuide.swift */,
				20D229EC275F0D8E0032B786 /* ConstraintLayoutGuide+Extensions.swift */,
				20D229E5275F0D8E0032B786 /* ConstraintLayoutGuideDSL.swift */,
				20D229DE275F0D8E0032B786 /* ConstraintLayoutSupport.swift */,
				20D229EE275F0D8E0032B786 /* ConstraintLayoutSupportDSL.swift */,
				20D229E3275F0D8E0032B786 /* ConstraintMaker.swift */,
				20D229E2275F0D8E0032B786 /* ConstraintMakerEditable.swift */,
				20D229D6275F0D8E0032B786 /* ConstraintMakerExtendable.swift */,
				20D229D4275F0D8E0032B786 /* ConstraintMakerFinalizable.swift */,
				20D229CF275F0D8E0032B786 /* ConstraintMakerPriortizable.swift */,
				20D229EF275F0D8E0032B786 /* ConstraintMakerRelatable.swift */,
				20D229CC275F0D8E0032B786 /* ConstraintMultiplierTarget.swift */,
				20D229E1275F0D8E0032B786 /* ConstraintOffsetTarget.swift */,
				20D229D7275F0D8E0032B786 /* ConstraintPriority.swift */,
				20D229D2275F0D8E0032B786 /* ConstraintPriorityTarget.swift */,
				20D229EA275F0D8E0032B786 /* ConstraintRelatableTarget.swift */,
				20D229E4275F0D8E0032B786 /* ConstraintRelation.swift */,
				20D229DC275F0D8E0032B786 /* ConstraintView.swift */,
				20D229E6275F0D8E0032B786 /* ConstraintView+Extensions.swift */,
				20D229D1275F0D8E0032B786 /* ConstraintViewDSL.swift */,
				20D229E9275F0D8E0032B786 /* Debugging.swift */,
				20D229EB275F0D8E0032B786 /* LayoutConstraint.swift */,
				20D229CD275F0D8E0032B786 /* LayoutConstraintItem.swift */,
				20D229DF275F0D8E0032B786 /* Typealiases.swift */,
				20D229DB275F0D8E0032B786 /* UILayoutSupport+Extensions.swift */,
			);
			path = SnapKit;
			sourceTree = "<group>";
		};
		20D229F1275F0D8E0032B786 /* FSPagerView */ = {
			isa = PBXGroup;
			children = (
				20D229FB275F0D8E0032B786 /* FSPageControl.swift */,
				20D229FD275F0D8E0032B786 /* FSPagerCollectionView.swift */,
				20D229F5275F0D8E0032B786 /* FSPagerView.swift */,
				20D229F8275F0D8E0032B786 /* FSPagerViewCell.swift */,
				20D229F9275F0D8E0032B786 /* FSPagerViewLayoutAttributes.swift */,
				20D229F7275F0D8E0032B786 /* FSPagerViewObjcCompat.h */,
				20D229FC275F0D8E0032B786 /* FSPagerViewObjcCompat.m */,
				20D229FA275F0D8E0032B786 /* FSPageViewLayout.swift */,
				20D229F6275F0D8E0032B786 /* FSPageViewTransformer.swift */,
			);
			path = FSPagerView;
			sourceTree = "<group>";
		};
		4697F0C8824E20ACC57D1F3D /* Frameworks */ = {
			isa = PBXGroup;
			children = (
				E5DD620FA5B32281703D6A9F /* Pods_KJPlayer_Example.framework */,
			);
			name = Frameworks;
			sourceTree = "<group>";
		};
		607FACC71AFB9204008FA782 = {
			isa = PBXGroup;
			children = (
				607FACF51AFB993E008FA782 /* Podspec Metadata */,
				607FACD21AFB9204008FA782 /* Example for KJPlayer */,
				607FACD11AFB9204008FA782 /* Products */,
				AAF0040F99580C699AF24C2F /* Pods */,
				4697F0C8824E20ACC57D1F3D /* Frameworks */,
			);
			sourceTree = "<group>";
		};
		607FACD11AFB9204008FA782 /* Products */ = {
			isa = PBXGroup;
			children = (
				607FACD01AFB9204008FA782 /* KJPlayer_Example.app */,
			);
			name = Products;
			sourceTree = "<group>";
		};
		607FACD21AFB9204008FA782 /* Example for KJPlayer */ = {
			isa = PBXGroup;
			children = (
				607FACD51AFB9204008FA782 /* AppDelegate.swift */,
				607FACDC1AFB9204008FA782 /* Images.xcassets */,
				607FACDE1AFB9204008FA782 /* LaunchScreen.xib */,
				607FACD91AFB9204008FA782 /* Main.storyboard */,
				68F803562733DDE900C5B535 /* Modules */,
				68F803572733DE1500C5B535 /* Resources */,
				607FACD31AFB9204008FA782 /* Supporting Files */,
				20D229C8275F0D5C0032B786 /* Third Party */,
			);
			name = "Example for KJPlayer";
			path = KJPlayer;
			sourceTree = "<group>";
		};
		607FACD31AFB9204008FA782 /* Supporting Files */ = {
			isa = PBXGroup;
			children = (
				607FACD41AFB9204008FA782 /* Info.plist */,
			);
			name = "Supporting Files";
			sourceTree = "<group>";
		};
		607FACF51AFB993E008FA782 /* Podspec Metadata */ = {
			isa = PBXGroup;
			children = (
				689AA7472733C3D600FA6CB5 /* CHANGELOG.md */,
				39926019DAF17ABEA365F4B5 /* KJPlayer.podspec */,
				70CBDA7BEABA591B615BDC4E /* LICENSE */,
				3F4CEB3DAC4B2AFDB930EE6D /* README.md */,
			);
			name = "Podspec Metadata";
			sourceTree = "<group>";
		};
		68F803562733DDE900C5B535 /* Modules */ = {
			isa = PBXGroup;
			children = (
				68F803582733DE6A00C5B535 /* Details */,
				68F803612733E01C00C5B535 /* Home */,
			);
			path = Modules;
			sourceTree = "<group>";
		};
		68F803572733DE1500C5B535 /* Resources */ = {
			isa = PBXGroup;
			children = (
				68F8036A2733F13E00C5B535 /* Image */,
				68F803692733F13200C5B535 /* Video */,
			);
			path = Resources;
			sourceTree = "<group>";
		};
		68F803582733DE6A00C5B535 /* Details */ = {
			isa = PBXGroup;
			children = (
				68F8035A2733DE9700C5B535 /* Controller */,
			);
			path = Details;
			sourceTree = "<group>";
		};
		68F8035A2733DE9700C5B535 /* Controller */ = {
			isa = PBXGroup;
			children = (
				68F803542733DDC900C5B535 /* DetailsViewController.swift */,
			);
			path = Controller;
			sourceTree = "<group>";
		};
		68F803612733E01C00C5B535 /* Home */ = {
			isa = PBXGroup;
			children = (
				68F803652733E04000C5B535 /* Controller */,
				68F803662733E47200C5B535 /* Model */,
				68F80371273419DA00C5B535 /* View */,
				68F803642733E03700C5B535 /* ViewModel */,
			);
			path = Home;
			sourceTree = "<group>";
		};
		68F803642733E03700C5B535 /* ViewModel */ = {
			isa = PBXGroup;
			children = (
				68F8035F2733E00900C5B535 /* HomeViewModel.swift */,
			);
			path = ViewModel;
			sourceTree = "<group>";
		};
		68F803652733E04000C5B535 /* Controller */ = {
			isa = PBXGroup;
			children = (
				68F803622733E03200C5B535 /* HomeViewController.swift */,
			);
			path = Controller;
			sourceTree = "<group>";
		};
		68F803662733E47200C5B535 /* Model */ = {
			isa = PBXGroup;
			children = (
				68F803672733E48700C5B535 /* HomeModel.swift */,
			);
			path = Model;
			sourceTree = "<group>";
		};
		68F803692733F13200C5B535 /* Video */ = {
			isa = PBXGroup;
			children = (
				689AA74B2733CBB800FA6CB5 /* rock.mp4 */,
				689AA7492733CB8F00FA6CB5 /* birds.mp4 */,
			);
			path = Video;
			sourceTree = "<group>";
		};
		68F8036A2733F13E00C5B535 /* Image */ = {
			isa = PBXGroup;
			children = (
				68F8036F2734147200C5B535 /* luoza.jpeg */,
			);
			path = Image;
			sourceTree = "<group>";
		};
		68F80371273419DA00C5B535 /* View */ = {
			isa = PBXGroup;
			children = (
				68F80372273419FB00C5B535 /* HomePagerViewCell.swift */,
			);
			path = View;
			sourceTree = "<group>";
		};
		AAF0040F99580C699AF24C2F /* Pods */ = {
			isa = PBXGroup;
			children = (
				B64122A17D1CA379224A40D9 /* Pods-KJPlayer_Example.debug.xcconfig */,
				D7057ACBEEFFF86EDAA89F2C /* Pods-KJPlayer_Example.release.xcconfig */,
			);
			path = Pods;
			sourceTree = "<group>";
		};
/* End PBXGroup section */

/* Begin PBXNativeTarget section */
		607FACCF1AFB9204008FA782 /* KJPlayer_Example */ = {
			isa = PBXNativeTarget;
			buildConfigurationList = 607FACEF1AFB9204008FA782 /* Build configuration list for PBXNativeTarget "KJPlayer_Example" */;
			buildPhases = (
				4B6ACE863BDFD74DE0FA5F53 /* [CP] Check Pods Manifest.lock */,
				607FACCC1AFB9204008FA782 /* Sources */,
				607FACCD1AFB9204008FA782 /* Frameworks */,
				607FACCE1AFB9204008FA782 /* Resources */,
				B730EC51D734BD427EAEDA46 /* [CP] Copy Pods Resources */,
			);
			buildRules = (
			);
			dependencies = (
			);
			name = KJPlayer_Example;
			productName = KJPlayer;
			productReference = 607FACD01AFB9204008FA782 /* KJPlayer_Example.app */;
			productType = "com.apple.product-type.application";
		};
/* End PBXNativeTarget section */

/* Begin PBXProject section */
		607FACC81AFB9204008FA782 /* Project object */ = {
			isa = PBXProject;
			attributes = {
				LastSwiftUpdateCheck = 0830;
				LastUpgradeCheck = 1300;
				ORGANIZATIONNAME = CocoaPods;
				TargetAttributes = {
					607FACCF1AFB9204008FA782 = {
						CreatedOnToolsVersion = 6.3.1;
						LastSwiftMigration = 1300;
					};
				};
			};
			buildConfigurationList = 607FACCB1AFB9204008FA782 /* Build configuration list for PBXProject "KJPlayerDemo-Swift" */;
			compatibilityVersion = "Xcode 3.2";
			developmentRegion = en;
			hasScannedForEncodings = 0;
			knownRegions = (
				en,
				Base,
			);
			mainGroup = 607FACC71AFB9204008FA782;
			productRefGroup = 607FACD11AFB9204008FA782 /* Products */;
			projectDirPath = "";
			projectRoot = "";
			targets = (
				607FACCF1AFB9204008FA782 /* KJPlayer_Example */,
			);
		};
/* End PBXProject section */

/* Begin PBXResourcesBuildPhase section */
		607FACCE1AFB9204008FA782 /* Resources */ = {
			isa = PBXResourcesBuildPhase;
			buildActionMask = 2147483647;
			files = (
				607FACDB1AFB9204008FA782 /* Main.storyboard in Resources */,
				607FACE01AFB9204008FA782 /* LaunchScreen.xib in Resources */,
				689AA74A2733CB8F00FA6CB5 /* birds.mp4 in Resources */,
				689AA74C2733CBB800FA6CB5 /* rock.mp4 in Resources */,
				607FACDD1AFB9204008FA782 /* Images.xcassets in Resources */,
				68F803702734147200C5B535 /* luoza.jpeg in Resources */,
			);
			runOnlyForDeploymentPostprocessing = 0;
		};
/* End PBXResourcesBuildPhase section */

/* Begin PBXShellScriptBuildPhase section */
		4B6ACE863BDFD74DE0FA5F53 /* [CP] Check Pods Manifest.lock */ = {
			isa = PBXShellScriptBuildPhase;
			buildActionMask = 2147483647;
			files = (
			);
			inputFileListPaths = (
			);
			inputPaths = (
				"${PODS_PODFILE_DIR_PATH}/Podfile.lock",
				"${PODS_ROOT}/Manifest.lock",
			);
			name = "[CP] Check Pods Manifest.lock";
			outputFileListPaths = (
			);
			outputPaths = (
				"$(DERIVED_FILE_DIR)/Pods-KJPlayer_Example-checkManifestLockResult.txt",
			);
			runOnlyForDeploymentPostprocessing = 0;
			shellPath = /bin/sh;
			shellScript = "diff \"${PODS_PODFILE_DIR_PATH}/Podfile.lock\" \"${PODS_ROOT}/Manifest.lock\" > /dev/null\nif [ $? != 0 ] ; then\n    # print error to STDERR\n    echo \"error: The sandbox is not in sync with the Podfile.lock. Run 'pod install' or update your CocoaPods installation.\" >&2\n    exit 1\nfi\n# This output is used by Xcode 'outputs' to avoid re-running this script phase.\necho \"SUCCESS\" > \"${SCRIPT_OUTPUT_FILE_0}\"\n";
			showEnvVarsInLog = 0;
		};
		B730EC51D734BD427EAEDA46 /* [CP] Copy Pods Resources */ = {
			isa = PBXShellScriptBuildPhase;
			buildActionMask = 2147483647;
			files = (
			);
			inputPaths = (
				"${PODS_ROOT}/Target Support Files/Pods-KJPlayer_Example/Pods-KJPlayer_Example-resources.sh",
				"${PODS_CONFIGURATION_BUILD_DIR}/KJPlayer/KJPlayer.bundle",
				"${BUILT_PRODUCTS_DIR}/KJPlayer/KJPlayer.framework/DBPlayer.momd",
				"${PODS_ROOT}/../../KJPlayer/Classes/MidiPlayer/KJMidiSource.bundle",
			);
			name = "[CP] Copy Pods Resources";
			outputPaths = (
				"${TARGET_BUILD_DIR}/${UNLOCALIZED_RESOURCES_FOLDER_PATH}/KJPlayer.bundle",
				"${TARGET_BUILD_DIR}/${UNLOCALIZED_RESOURCES_FOLDER_PATH}/DBPlayer.momd",
				"${TARGET_BUILD_DIR}/${UNLOCALIZED_RESOURCES_FOLDER_PATH}/KJMidiSource.bundle",
			);
			runOnlyForDeploymentPostprocessing = 0;
			shellPath = /bin/sh;
			shellScript = "\"${PODS_ROOT}/Target Support Files/Pods-KJPlayer_Example/Pods-KJPlayer_Example-resources.sh\"\n";
			showEnvVarsInLog = 0;
		};
/* End PBXShellScriptBuildPhase section */

/* Begin PBXSourcesBuildPhase section */
		607FACCC1AFB9204008FA782 /* Sources */ = {
			isa = PBXSourcesBuildPhase;
			buildActionMask = 2147483647;
			files = (
				20D22A13275F0D8E0032B786 /* ConstraintConstantTarget.swift in Sources */,
				607FACD61AFB9204008FA782 /* AppDelegate.swift in Sources */,
				68F803552733DDC900C5B535 /* DetailsViewController.swift in Sources */,
				20D22A1A275F0D8E0032B786 /* ConstraintItem.swift in Sources */,
				68F80373273419FB00C5B535 /* HomePagerViewCell.swift in Sources */,
				20D22A11275F0D8E0032B786 /* ConstraintLayoutSupport.swift in Sources */,
				68F803682733E48700C5B535 /* HomeModel.swift in Sources */,
				20D22A0D275F0D8E0032B786 /* ConstraintConfig.swift in Sources */,
				20D22A03275F0D8E0032B786 /* ConstraintAttributes.swift in Sources */,
				20D22A2C275F0D8E0032B786 /* FSPagerViewObjcCompat.m in Sources */,
				20D22A0E275F0D8E0032B786 /* UILayoutSupport+Extensions.swift in Sources */,
				20D22A1C275F0D8E0032B786 /* Debugging.swift in Sources */,
				20D22A12275F0D8E0032B786 /* Typealiases.swift in Sources */,
				20D22A0B275F0D8E0032B786 /* ConstraintInsetTarget.swift in Sources */,
				20D22A26275F0D8E0032B786 /* FSPagerView.swift in Sources */,
				20D22A16275F0D8E0032B786 /* ConstraintMaker.swift in Sources */,
				20D22A0C275F0D8E0032B786 /* ConstraintDirectionalInsetTarget.swift in Sources */,
				20D22A2D275F0D8E0032B786 /* FSPagerCollectionView.swift in Sources */,
				20D22A18275F0D8E0032B786 /* ConstraintLayoutGuideDSL.swift in Sources */,
				20D22A04275F0D8E0032B786 /* ConstraintViewDSL.swift in Sources */,
				20D22A08275F0D8E0032B786 /* ConstraintDSL.swift in Sources */,
				20D22A02275F0D8E0032B786 /* ConstraintMakerPriortizable.swift in Sources */,
				20D22A0A275F0D8E0032B786 /* ConstraintPriority.swift in Sources */,
				20D22A07275F0D8E0032B786 /* ConstraintMakerFinalizable.swift in Sources */,
				20D22A29275F0D8E0032B786 /* FSPagerViewLayoutAttributes.swift in Sources */,
				20D229FF275F0D8E0032B786 /* ConstraintMultiplierTarget.swift in Sources */,
				20D22A10275F0D8E0032B786 /* ConstraintLayoutGuide.swift in Sources */,
				20D22A20275F0D8E0032B786 /* ConstraintDirectionalInsets.swift in Sources */,
				68F803602733E00900C5B535 /* HomeViewModel.swift in Sources */,
				20D22A1E275F0D8E0032B786 /* LayoutConstraint.swift in Sources */,
				20D22A2A275F0D8E0032B786 /* FSPageViewLayout.swift in Sources */,
				20D22A1B275F0D8E0032B786 /* Constraint.swift in Sources */,
				20D22A17275F0D8E0032B786 /* ConstraintRelation.swift in Sources */,
				20D22A19275F0D8E0032B786 /* ConstraintView+Extensions.swift in Sources */,
				20D22A1F275F0D8E0032B786 /* ConstraintLayoutGuide+Extensions.swift in Sources */,
				68F803632733E03200C5B535 /* HomeViewController.swift in Sources */,
				20D22A28275F0D8E0032B786 /* FSPagerViewCell.swift in Sources */,
				20D22A0F275F0D8E0032B786 /* ConstraintView.swift in Sources */,
				20D22A22275F0D8E0032B786 /* ConstraintMakerRelatable.swift in Sources */,
				20D22A2B275F0D8E0032B786 /* FSPageControl.swift in Sources */,
				20D22A1D275F0D8E0032B786 /* ConstraintRelatableTarget.swift in Sources */,
				20D22A14275F0D8E0032B786 /* ConstraintOffsetTarget.swift in Sources */,
				20D22A00275F0D8E0032B786 /* LayoutConstraintItem.swift in Sources */,
				20D22A05275F0D8E0032B786 /* ConstraintPriorityTarget.swift in Sources */,
				20D22A27275F0D8E0032B786 /* FSPageViewTransformer.swift in Sources */,
				20D22A21275F0D8E0032B786 /* ConstraintLayoutSupportDSL.swift in Sources */,
				20D22A06275F0D8E0032B786 /* ConstraintInsets.swift in Sources */,
				20D22A09275F0D8E0032B786 /* ConstraintMakerExtendable.swift in Sources */,
				20D22A15275F0D8E0032B786 /* ConstraintMakerEditable.swift in Sources */,
				20D22A01275F0D8E0032B786 /* ConstraintDescription.swift in Sources */,
			);
			runOnlyForDeploymentPostprocessing = 0;
		};
/* End PBXSourcesBuildPhase section */

/* Begin PBXVariantGroup section */
		607FACD91AFB9204008FA782 /* Main.storyboard */ = {
			isa = PBXVariantGroup;
			children = (
				607FACDA1AFB9204008FA782 /* Base */,
			);
			name = Main.storyboard;
			sourceTree = "<group>";
		};
		607FACDE1AFB9204008FA782 /* LaunchScreen.xib */ = {
			isa = PBXVariantGroup;
			children = (
				607FACDF1AFB9204008FA782 /* Base */,
			);
			name = LaunchScreen.xib;
			sourceTree = "<group>";
		};
/* End PBXVariantGroup section */

/* Begin XCBuildConfiguration section */
		607FACED1AFB9204008FA782 /* Debug */ = {
			isa = XCBuildConfiguration;
			buildSettings = {
				ALWAYS_SEARCH_USER_PATHS = NO;
				CLANG_ANALYZER_LOCALIZABILITY_NONLOCALIZED = YES;
				CLANG_CXX_LANGUAGE_STANDARD = "gnu++0x";
				CLANG_CXX_LIBRARY = "libc++";
				CLANG_ENABLE_MODULES = YES;
				CLANG_ENABLE_OBJC_ARC = YES;
				CLANG_WARN_BLOCK_CAPTURE_AUTORELEASING = YES;
				CLANG_WARN_BOOL_CONVERSION = YES;
				CLANG_WARN_COMMA = YES;
				CLANG_WARN_CONSTANT_CONVERSION = YES;
				CLANG_WARN_DEPRECATED_OBJC_IMPLEMENTATIONS = YES;
				CLANG_WARN_DIRECT_OBJC_ISA_USAGE = YES_ERROR;
				CLANG_WARN_EMPTY_BODY = YES;
				CLANG_WARN_ENUM_CONVERSION = YES;
				CLANG_WARN_INFINITE_RECURSION = YES;
				CLANG_WARN_INT_CONVERSION = YES;
				CLANG_WARN_NON_LITERAL_NULL_CONVERSION = YES;
				CLANG_WARN_OBJC_IMPLICIT_RETAIN_SELF = YES;
				CLANG_WARN_OBJC_LITERAL_CONVERSION = YES;
				CLANG_WARN_OBJC_ROOT_CLASS = YES_ERROR;
				CLANG_WARN_QUOTED_INCLUDE_IN_FRAMEWORK_HEADER = YES;
				CLANG_WARN_RANGE_LOOP_ANALYSIS = YES;
				CLANG_WARN_STRICT_PROTOTYPES = YES;
				CLANG_WARN_SUSPICIOUS_MOVE = YES;
				CLANG_WARN_UNREACHABLE_CODE = YES;
				CLANG_WARN__DUPLICATE_METHOD_MATCH = YES;
				"CODE_SIGN_IDENTITY[sdk=iphoneos*]" = "iPhone Developer";
				COPY_PHASE_STRIP = NO;
				DEBUG_INFORMATION_FORMAT = "dwarf-with-dsym";
				ENABLE_STRICT_OBJC_MSGSEND = YES;
				ENABLE_TESTABILITY = YES;
				GCC_C_LANGUAGE_STANDARD = gnu99;
				GCC_DYNAMIC_NO_PIC = NO;
				GCC_NO_COMMON_BLOCKS = YES;
				GCC_OPTIMIZATION_LEVEL = 0;
				GCC_PREPROCESSOR_DEFINITIONS = (
					"DEBUG=1",
					"$(inherited)",
				);
				GCC_SYMBOLS_PRIVATE_EXTERN = NO;
				GCC_WARN_64_TO_32_BIT_CONVERSION = YES;
				GCC_WARN_ABOUT_RETURN_TYPE = YES_ERROR;
				GCC_WARN_UNDECLARED_SELECTOR = YES;
				GCC_WARN_UNINITIALIZED_AUTOS = YES_AGGRESSIVE;
				GCC_WARN_UNUSED_FUNCTION = YES;
				GCC_WARN_UNUSED_VARIABLE = YES;
				IPHONEOS_DEPLOYMENT_TARGET = 12.0;
				MTL_ENABLE_DEBUG_INFO = YES;
				ONLY_ACTIVE_ARCH = YES;
				SDKROOT = iphoneos;
				SWIFT_OPTIMIZATION_LEVEL = "-Onone";
			};
			name = Debug;
		};
		607FACEE1AFB9204008FA782 /* Release */ = {
			isa = XCBuildConfiguration;
			buildSettings = {
				ALWAYS_SEARCH_USER_PATHS = NO;
				CLANG_ANALYZER_LOCALIZABILITY_NONLOCALIZED = YES;
				CLANG_CXX_LANGUAGE_STANDARD = "gnu++0x";
				CLANG_CXX_LIBRARY = "libc++";
				CLANG_ENABLE_MODULES = YES;
				CLANG_ENABLE_OBJC_ARC = YES;
				CLANG_WARN_BLOCK_CAPTURE_AUTORELEASING = YES;
				CLANG_WARN_BOOL_CONVERSION = YES;
				CLANG_WARN_COMMA = YES;
				CLANG_WARN_CONSTANT_CONVERSION = YES;
				CLANG_WARN_DEPRECATED_OBJC_IMPLEMENTATIONS = YES;
				CLANG_WARN_DIRECT_OBJC_ISA_USAGE = YES_ERROR;
				CLANG_WARN_EMPTY_BODY = YES;
				CLANG_WARN_ENUM_CONVERSION = YES;
				CLANG_WARN_INFINITE_RECURSION = YES;
				CLANG_WARN_INT_CONVERSION = YES;
				CLANG_WARN_NON_LITERAL_NULL_CONVERSION = YES;
				CLANG_WARN_OBJC_IMPLICIT_RETAIN_SELF = YES;
				CLANG_WARN_OBJC_LITERAL_CONVERSION = YES;
				CLANG_WARN_OBJC_ROOT_CLASS = YES_ERROR;
				CLANG_WARN_QUOTED_INCLUDE_IN_FRAMEWORK_HEADER = YES;
				CLANG_WARN_RANGE_LOOP_ANALYSIS = YES;
				CLANG_WARN_STRICT_PROTOTYPES = YES;
				CLANG_WARN_SUSPICIOUS_MOVE = YES;
				CLANG_WARN_UNREACHABLE_CODE = YES;
				CLANG_WARN__DUPLICATE_METHOD_MATCH = YES;
				"CODE_SIGN_IDENTITY[sdk=iphoneos*]" = "iPhone Developer";
				COPY_PHASE_STRIP = NO;
				DEBUG_INFORMATION_FORMAT = "dwarf-with-dsym";
				ENABLE_NS_ASSERTIONS = NO;
				ENABLE_STRICT_OBJC_MSGSEND = YES;
				GCC_C_LANGUAGE_STANDARD = gnu99;
				GCC_NO_COMMON_BLOCKS = YES;
				GCC_WARN_64_TO_32_BIT_CONVERSION = YES;
				GCC_WARN_ABOUT_RETURN_TYPE = YES_ERROR;
				GCC_WARN_UNDECLARED_SELECTOR = YES;
				GCC_WARN_UNINITIALIZED_AUTOS = YES_AGGRESSIVE;
				GCC_WARN_UNUSED_FUNCTION = YES;
				GCC_WARN_UNUSED_VARIABLE = YES;
				IPHONEOS_DEPLOYMENT_TARGET = 12.0;
				MTL_ENABLE_DEBUG_INFO = NO;
				SDKROOT = iphoneos;
				SWIFT_OPTIMIZATION_LEVEL = "-Owholemodule";
				VALIDATE_PRODUCT = YES;
			};
			name = Release;
		};
		607FACF01AFB9204008FA782 /* Debug */ = {
			isa = XCBuildConfiguration;
			baseConfigurationReference = B64122A17D1CA379224A40D9 /* Pods-KJPlayer_Example.debug.xcconfig */;
			buildSettings = {
				ASSETCATALOG_COMPILER_APPICON_NAME = AppIcon;
				INFOPLIST_FILE = KJPlayer/Info.plist;
				LD_RUNPATH_SEARCH_PATHS = "$(inherited) @executable_path/Frameworks";
				MODULE_NAME = ExampleApp;
				PRODUCT_BUNDLE_IDENTIFIER = "org.cocoapods.demo.$(PRODUCT_NAME:rfc1034identifier)";
				PRODUCT_NAME = "$(TARGET_NAME)";
				SWIFT_SWIFT3_OBJC_INFERENCE = Default;
				SWIFT_VERSION = 5.0;
			};
			name = Debug;
		};
		607FACF11AFB9204008FA782 /* Release */ = {
			isa = XCBuildConfiguration;
			baseConfigurationReference = D7057ACBEEFFF86EDAA89F2C /* Pods-KJPlayer_Example.release.xcconfig */;
			buildSettings = {
				ASSETCATALOG_COMPILER_APPICON_NAME = AppIcon;
				INFOPLIST_FILE = KJPlayer/Info.plist;
				LD_RUNPATH_SEARCH_PATHS = "$(inherited) @executable_path/Frameworks";
				MODULE_NAME = ExampleApp;
				PRODUCT_BUNDLE_IDENTIFIER = "org.cocoapods.demo.$(PRODUCT_NAME:rfc1034identifier)";
				PRODUCT_NAME = "$(TARGET_NAME)";
				SWIFT_SWIFT3_OBJC_INFERENCE = Default;
				SWIFT_VERSION = 5.0;
			};
			name = Release;
		};
/* End XCBuildConfiguration section */

/* Begin XCConfigurationList section */
		607FACCB1AFB9204008FA782 /* Build configuration list for PBXProject "KJPlayerDemo-Swift" */ = {
			isa = XCConfigurationList;
			buildConfigurations = (
				607FACED1AFB9204008FA782 /* Debug */,
				607FACEE1AFB9204008FA782 /* Release */,
			);
			defaultConfigurationIsVisible = 0;
			defaultConfigurationName = Release;
		};
		607FACEF1AFB9204008FA782 /* Build configuration list for PBXNativeTarget "KJPlayer_Example" */ = {
			isa = XCConfigurationList;
			buildConfigurations = (
				607FACF01AFB9204008FA782 /* Debug */,
				607FACF11AFB9204008FA782 /* Release */,
			);
			defaultConfigurationIsVisible = 0;
			defaultConfigurationName = Release;
		};
/* End XCConfigurationList section */
	};
	rootObject = 607FACC81AFB9204008FA782 /* Project object */;
}
