// !$*UTF8*$!
{
	archiveVersion = 1;
	classes = {
	};
	objectVersion = 50;
	objects = {

/* Begin PBXBuildFile section */
		054596C90917256780BFAB2F /* Pods_KJPlayerDemo_KJPlayerDemoUITests.framework in Frameworks */ = {isa = PBXBuildFile; fileRef = 446EDE85511D5BB0D612E205 /* Pods_KJPlayerDemo_KJPlayerDemoUITests.framework */; };
		49999DBBC9E623DD38F7C3F7 /* Pods_KJPlayerDemoTests.framework in Frameworks */ = {isa = PBXBuildFile; fileRef = A625A820C5F9B723B5D49992 /* Pods_KJPlayerDemoTests.framework */; };
		68068C4725DCB4AF00D7D3E2 /* KJCacheManager.m in Sources */ = {isa = PBXBuildFile; fileRef = 68068C4625DCB4AF00D7D3E2 /* KJCacheManager.m */; };
		68068C4D25DCBEB100D7D3E2 /* KJLoadingPlayerVC.m in Sources */ = {isa = PBXBuildFile; fileRef = 68068C4C25DCBEB100D7D3E2 /* KJLoadingPlayerVC.m */; };
		680D192125F46EA900BD55F4 /* KJIJKPlayerVC.m in Sources */ = {isa = PBXBuildFile; fileRef = 680D192025F46EA900BD55F4 /* KJIJKPlayerVC.m */; };
		680D193325F4F23B00BD55F4 /* KJBasePlayer+KJPingTimer.m in Sources */ = {isa = PBXBuildFile; fileRef = 680D193225F4F23B00BD55F4 /* KJBasePlayer+KJPingTimer.m */; };
		680D3D6525DBE44B00D21574 /* KJTryLookPlayerVC.m in Sources */ = {isa = PBXBuildFile; fileRef = 680D3D6425DBE44B00D21574 /* KJTryLookPlayerVC.m */; };
		680D3D6B25DBE7B100D21574 /* KJCachePlayerVC.m in Sources */ = {isa = PBXBuildFile; fileRef = 680D3D6A25DBE7B100D21574 /* KJCachePlayerVC.m */; };
		680D560B25DC2F50002A72E0 /* KJSkipHeadPlayerVC.m in Sources */ = {isa = PBXBuildFile; fileRef = 680D560A25DC2F50002A72E0 /* KJSkipHeadPlayerVC.m */; };
		68180D0C25DE6FFC009B9947 /* README.md in Resources */ = {isa = PBXBuildFile; fileRef = 68180D0B25DE6FFC009B9947 /* README.md */; };
		68180D1125DE7025009B9947 /* CHANGELOG.md in Resources */ = {isa = PBXBuildFile; fileRef = 68180D1025DE7025009B9947 /* CHANGELOG.md */; };
		6823993825D7779F0086965B /* KJDetailPlayerVC.m in Sources */ = {isa = PBXBuildFile; fileRef = 6823993725D7779F0086965B /* KJDetailPlayerVC.m */; };
		682399B425D81D830086965B /* KJFileHandleManager.m in Sources */ = {isa = PBXBuildFile; fileRef = 6823999F25D81D820086965B /* KJFileHandleManager.m */; };
		682399B525D81D830086965B /* KJFileHandleInfo.m in Sources */ = {isa = PBXBuildFile; fileRef = 682399A325D81D820086965B /* KJFileHandleInfo.m */; };
		682399BA25D81D830086965B /* KJResourceLoaderManager.m in Sources */ = {isa = PBXBuildFile; fileRef = 682399AA25D81D830086965B /* KJResourceLoaderManager.m */; };
		682399BB25D81D830086965B /* KJDownloader.m in Sources */ = {isa = PBXBuildFile; fileRef = 682399AB25D81D830086965B /* KJDownloader.m */; };
		682399BD25D81D830086965B /* KJResourceLoader.m in Sources */ = {isa = PBXBuildFile; fileRef = 682399B225D81D830086965B /* KJResourceLoader.m */; };
		6825922B25E347E1009751D4 /* KJPlayerFastLayer.m in Sources */ = {isa = PBXBuildFile; fileRef = 6825922A25E347E1009751D4 /* KJPlayerFastLayer.m */; };
		682AFD4D25E3E49800BEC876 /* KJPlayerLoadingLayer.m in Sources */ = {isa = PBXBuildFile; fileRef = 682AFD4C25E3E49800BEC876 /* KJPlayerLoadingLayer.m */; };
		682AFD6E25E3EBEF00BEC876 /* KJPlayerHintLayer.m in Sources */ = {isa = PBXBuildFile; fileRef = 682AFD6D25E3EBEF00BEC876 /* KJPlayerHintLayer.m */; };
		6838C30525F5C2790093AA8B /* KJPlayerFont.ttf in Resources */ = {isa = PBXBuildFile; fileRef = 6838C30425F5C2790093AA8B /* KJPlayerFont.ttf */; };
		6848DA6E25DD7A78007AEC85 /* KJScreenshotsPlayerVC.m in Sources */ = {isa = PBXBuildFile; fileRef = 6848DA6D25DD7A78007AEC85 /* KJScreenshotsPlayerVC.m */; };
		684F00BC25D3BEB600CCC718 /* KJBasePlayer.m in Sources */ = {isa = PBXBuildFile; fileRef = 684F00BB25D3BEB600CCC718 /* KJBasePlayer.m */; };
		68589B7225F3D30F00D6198F /* KJPlayerButton.m in Sources */ = {isa = PBXBuildFile; fileRef = 68589B7125F3D30F00D6198F /* KJPlayerButton.m */; };
		687DF93525BD7A4000222AFD /* KJAVPlayer.m in Sources */ = {isa = PBXBuildFile; fileRef = 687DF93425BD7A4000222AFD /* KJAVPlayer.m */; };
		6890052425EA8115001AEF82 /* KJPlayerOperationView.m in Sources */ = {isa = PBXBuildFile; fileRef = 6890052325EA8115001AEF82 /* KJPlayerOperationView.m */; };
		6890052A25EA8377001AEF82 /* KJScreenPlayerVC.m in Sources */ = {isa = PBXBuildFile; fileRef = 6890052925EA8377001AEF82 /* KJScreenPlayerVC.m */; };
		689D5A7822E3011200DE33FC /* AppDelegate.m in Sources */ = {isa = PBXBuildFile; fileRef = 689D5A7722E3011200DE33FC /* AppDelegate.m */; };
		689D5A7B22E3011200DE33FC /* ViewController.m in Sources */ = {isa = PBXBuildFile; fileRef = 689D5A7A22E3011200DE33FC /* ViewController.m */; };
		689D5A7E22E3011200DE33FC /* Main.storyboard in Resources */ = {isa = PBXBuildFile; fileRef = 689D5A7C22E3011200DE33FC /* Main.storyboard */; };
		689D5A8022E3011400DE33FC /* Assets.xcassets in Resources */ = {isa = PBXBuildFile; fileRef = 689D5A7F22E3011400DE33FC /* Assets.xcassets */; };
		689D5A8322E3011400DE33FC /* LaunchScreen.storyboard in Resources */ = {isa = PBXBuildFile; fileRef = 689D5A8122E3011400DE33FC /* LaunchScreen.storyboard */; };
		689D5A8622E3011400DE33FC /* main.m in Sources */ = {isa = PBXBuildFile; fileRef = 689D5A8522E3011400DE33FC /* main.m */; };
		689D5A9022E3011400DE33FC /* KJPlayerDemoTests.m in Sources */ = {isa = PBXBuildFile; fileRef = 689D5A8F22E3011400DE33FC /* KJPlayerDemoTests.m */; };
		689D5A9B22E3011400DE33FC /* KJPlayerDemoUITests.m in Sources */ = {isa = PBXBuildFile; fileRef = 689D5A9A22E3011400DE33FC /* KJPlayerDemoUITests.m */; };
		68A46BF825E177B9006EF5FD /* KJPlayerSystemLayer.m in Sources */ = {isa = PBXBuildFile; fileRef = 68A46BF725E177B9006EF5FD /* KJPlayerSystemLayer.m */; };
		68A7D97625E53F14009636B0 /* KJRotateManager.m in Sources */ = {isa = PBXBuildFile; fileRef = 68A7D97525E53F14009636B0 /* KJRotateManager.m */; };
		68B0253125DE699F001018F4 /* KJPlayer.podspec in Resources */ = {isa = PBXBuildFile; fileRef = 68B0253025DE699F001018F4 /* KJPlayer.podspec */; };
		68B2554625C99061008515F4 /* KJMidiPlayerVC.m in Sources */ = {isa = PBXBuildFile; fileRef = 68B2554425C99061008515F4 /* KJMidiPlayerVC.m */; };
		68B2554725C99061008515F4 /* KJMidiPlayerVC.xib in Resources */ = {isa = PBXBuildFile; fileRef = 68B2554525C99061008515F4 /* KJMidiPlayerVC.xib */; };
		68B2554D25C990B8008515F4 /* KJMIDIPlayer.m in Sources */ = {isa = PBXBuildFile; fileRef = 68B2554C25C990B8008515F4 /* KJMIDIPlayer.m */; };
		68B2557825C999DB008515F4 /* KJMidiSource.bundle in Resources */ = {isa = PBXBuildFile; fileRef = 68B2557725C999DB008515F4 /* KJMidiSource.bundle */; };
		68C0892025D97C82002B0A71 /* KJListPlayerVC.m in Sources */ = {isa = PBXBuildFile; fileRef = 68C0891F25D97C82002B0A71 /* KJListPlayerVC.m */; };
		68C0892625D98928002B0A71 /* KJVideoPlayVC.m in Sources */ = {isa = PBXBuildFile; fileRef = 68C0892525D98928002B0A71 /* KJVideoPlayVC.m */; };
		68C54EE925CA34C6004A89AA /* 绮想轮旋曲.mid in Resources */ = {isa = PBXBuildFile; fileRef = 68C54EE525CA34C6004A89AA /* 绮想轮旋曲.mid */; };
		68C54EEA25CA34C6004A89AA /* 命运交响曲第一章.mid in Resources */ = {isa = PBXBuildFile; fileRef = 68C54EE625CA34C6004A89AA /* 命运交响曲第一章.mid */; };
		68C54EEB25CA34C6004A89AA /* 埃克赛斯舞曲.mid in Resources */ = {isa = PBXBuildFile; fileRef = 68C54EE725CA34C6004A89AA /* 埃克赛斯舞曲.mid */; };
		68C54EEC25CA34C6004A89AA /* 致爱丽丝.mid in Resources */ = {isa = PBXBuildFile; fileRef = 68C54EE825CA34C6004A89AA /* 致爱丽丝.mid */; };
		68CC369025EF2BAC003F918E /* KJLivePlayerVC.m in Sources */ = {isa = PBXBuildFile; fileRef = 68CC368F25EF2BAC003F918E /* KJLivePlayerVC.m */; };
		68D143CD25C697B000800F9F /* KJAVPlayerVC.m in Sources */ = {isa = PBXBuildFile; fileRef = 68D143CC25C697B000800F9F /* KJAVPlayerVC.m */; };
		68D30DE225EFCBC0001D3117 /* KJChangeSourceVC.m in Sources */ = {isa = PBXBuildFile; fileRef = 68D30DE125EFCBC0001D3117 /* KJChangeSourceVC.m */; };
		68D6830825FB0BF100E7ECDB /* KJPlayerStatusLayer.m in Sources */ = {isa = PBXBuildFile; fileRef = 68D6830725FB0BF100E7ECDB /* KJPlayerStatusLayer.m */; };
		68D7BDD225DC0D7F00CFE789 /* KJM3u8PlayerVC.m in Sources */ = {isa = PBXBuildFile; fileRef = 68D7BDD125DC0D7F00CFE789 /* KJM3u8PlayerVC.m */; };
		68E17A5725DB5785008DC2BC /* KJBasePlayerView.m in Sources */ = {isa = PBXBuildFile; fileRef = 68E17A5625DB5785008DC2BC /* KJBasePlayerView.m */; };
		68E17A6F25DB6E99008DC2BC /* KJRecordPlayerVC.m in Sources */ = {isa = PBXBuildFile; fileRef = 68E17A6E25DB6E99008DC2BC /* KJRecordPlayerVC.m */; };
		68E17A7B25DB6FC1008DC2BC /* BaseViewController.m in Sources */ = {isa = PBXBuildFile; fileRef = 68E17A7A25DB6FC1008DC2BC /* BaseViewController.m */; };
		68E902F925CFFEB9003FB88D /* DBPlayer.xcdatamodeld in Sources */ = {isa = PBXBuildFile; fileRef = 68E902F725CFFEB9003FB88D /* DBPlayer.xcdatamodeld */; };
		68EB637C25EC89ED00D7C420 /* KJIJKPlayer.m in Sources */ = {isa = PBXBuildFile; fileRef = 68EB637B25EC89ED00D7C420 /* KJIJKPlayer.m */; };
		68F451EB25D526C500F719F9 /* KJAVPlayer+KJCache.m in Sources */ = {isa = PBXBuildFile; fileRef = 68F451EA25D526C500F719F9 /* KJAVPlayer+KJCache.m */; };
		68F47AA025D0196200A53101 /* DBPlayerDataManager.m in Sources */ = {isa = PBXBuildFile; fileRef = 68F47A9F25D0196200A53101 /* DBPlayerDataManager.m */; };
		68F6309B25D6AB9E00AAEFCF /* KJTablePlayerVC.m in Sources */ = {isa = PBXBuildFile; fileRef = 68F6309A25D6AB9E00AAEFCF /* KJTablePlayerVC.m */; };
		B500094B2C6B8DF274A1D74C /* Pods_KJPlayerDemo.framework in Frameworks */ = {isa = PBXBuildFile; fileRef = 7FEF462326AB2D48A4290908 /* Pods_KJPlayerDemo.framework */; };
		C922846426BCC67A00F7D327 /* DBPlayerData.m in Sources */ = {isa = PBXBuildFile; fileRef = C922846326BCC67A00F7D327 /* DBPlayerData.m */; };
		C922846D26BCC7A200F7D327 /* KJCustomManager.m in Sources */ = {isa = PBXBuildFile; fileRef = C922846C26BCC7A200F7D327 /* KJCustomManager.m */; };
/* End PBXBuildFile section */

/* Begin PBXContainerItemProxy section */
		689D5A8C22E3011400DE33FC /* PBXContainerItemProxy */ = {
			isa = PBXContainerItemProxy;
			containerPortal = 689D5A6B22E3011200DE33FC /* Project object */;
			proxyType = 1;
			remoteGlobalIDString = 689D5A7222E3011200DE33FC;
			remoteInfo = KJPlayerDemo;
		};
		689D5A9722E3011400DE33FC /* PBXContainerItemProxy */ = {
			isa = PBXContainerItemProxy;
			containerPortal = 689D5A6B22E3011200DE33FC /* Project object */;
			proxyType = 1;
			remoteGlobalIDString = 689D5A7222E3011200DE33FC;
			remoteInfo = KJPlayerDemo;
		};
/* End PBXContainerItemProxy section */

/* Begin PBXFileReference section */
		1FF650ADF99287F12F0E0F64 /* Pods-KJPlayerDemo-KJPlayerDemoUITests.debug.xcconfig */ = {isa = PBXFileReference; includeInIndex = 1; lastKnownFileType = text.xcconfig; name = "Pods-KJPlayerDemo-KJPlayerDemoUITests.debug.xcconfig"; path = "Target Support Files/Pods-KJPlayerDemo-KJPlayerDemoUITests/Pods-KJPlayerDemo-KJPlayerDemoUITests.debug.xcconfig"; sourceTree = "<group>"; };
		446EDE85511D5BB0D612E205 /* Pods_KJPlayerDemo_KJPlayerDemoUITests.framework */ = {isa = PBXFileReference; explicitFileType = wrapper.framework; includeInIndex = 0; path = Pods_KJPlayerDemo_KJPlayerDemoUITests.framework; sourceTree = BUILT_PRODUCTS_DIR; };
		68068C4525DCB4AF00D7D3E2 /* KJCacheManager.h */ = {isa = PBXFileReference; lastKnownFileType = sourcecode.c.h; path = KJCacheManager.h; sourceTree = "<group>"; };
		68068C4625DCB4AF00D7D3E2 /* KJCacheManager.m */ = {isa = PBXFileReference; lastKnownFileType = sourcecode.c.objc; path = KJCacheManager.m; sourceTree = "<group>"; };
		68068C4B25DCBEB100D7D3E2 /* KJLoadingPlayerVC.h */ = {isa = PBXFileReference; lastKnownFileType = sourcecode.c.h; path = KJLoadingPlayerVC.h; sourceTree = "<group>"; };
		68068C4C25DCBEB100D7D3E2 /* KJLoadingPlayerVC.m */ = {isa = PBXFileReference; lastKnownFileType = sourcecode.c.objc; path = KJLoadingPlayerVC.m; sourceTree = "<group>"; };
		680D191F25F46EA900BD55F4 /* KJIJKPlayerVC.h */ = {isa = PBXFileReference; lastKnownFileType = sourcecode.c.h; path = KJIJKPlayerVC.h; sourceTree = "<group>"; };
		680D192025F46EA900BD55F4 /* KJIJKPlayerVC.m */ = {isa = PBXFileReference; lastKnownFileType = sourcecode.c.objc; path = KJIJKPlayerVC.m; sourceTree = "<group>"; };
		680D193125F4F23B00BD55F4 /* KJBasePlayer+KJPingTimer.h */ = {isa = PBXFileReference; lastKnownFileType = sourcecode.c.h; path = "KJBasePlayer+KJPingTimer.h"; sourceTree = "<group>"; };
		680D193225F4F23B00BD55F4 /* KJBasePlayer+KJPingTimer.m */ = {isa = PBXFileReference; lastKnownFileType = sourcecode.c.objc; path = "KJBasePlayer+KJPingTimer.m"; sourceTree = "<group>"; };
		680D3D6325DBE44B00D21574 /* KJTryLookPlayerVC.h */ = {isa = PBXFileReference; lastKnownFileType = sourcecode.c.h; path = KJTryLookPlayerVC.h; sourceTree = "<group>"; };
		680D3D6425DBE44B00D21574 /* KJTryLookPlayerVC.m */ = {isa = PBXFileReference; lastKnownFileType = sourcecode.c.objc; path = KJTryLookPlayerVC.m; sourceTree = "<group>"; };
		680D3D6925DBE7B100D21574 /* KJCachePlayerVC.h */ = {isa = PBXFileReference; lastKnownFileType = sourcecode.c.h; path = KJCachePlayerVC.h; sourceTree = "<group>"; };
		680D3D6A25DBE7B100D21574 /* KJCachePlayerVC.m */ = {isa = PBXFileReference; lastKnownFileType = sourcecode.c.objc; path = KJCachePlayerVC.m; sourceTree = "<group>"; };
		680D560925DC2F50002A72E0 /* KJSkipHeadPlayerVC.h */ = {isa = PBXFileReference; lastKnownFileType = sourcecode.c.h; path = KJSkipHeadPlayerVC.h; sourceTree = "<group>"; };
		680D560A25DC2F50002A72E0 /* KJSkipHeadPlayerVC.m */ = {isa = PBXFileReference; lastKnownFileType = sourcecode.c.objc; path = KJSkipHeadPlayerVC.m; sourceTree = "<group>"; };
		68180D0B25DE6FFC009B9947 /* README.md */ = {isa = PBXFileReference; fileEncoding = 4; lastKnownFileType = net.daringfireball.markdown; path = README.md; sourceTree = SOURCE_ROOT; };
		68180D1025DE7025009B9947 /* CHANGELOG.md */ = {isa = PBXFileReference; fileEncoding = 4; lastKnownFileType = net.daringfireball.markdown; path = CHANGELOG.md; sourceTree = SOURCE_ROOT; };
		6823993625D7779F0086965B /* KJDetailPlayerVC.h */ = {isa = PBXFileReference; lastKnownFileType = sourcecode.c.h; path = KJDetailPlayerVC.h; sourceTree = "<group>"; };
		6823993725D7779F0086965B /* KJDetailPlayerVC.m */ = {isa = PBXFileReference; lastKnownFileType = sourcecode.c.objc; path = KJDetailPlayerVC.m; sourceTree = "<group>"; };
		6823999F25D81D820086965B /* KJFileHandleManager.m */ = {isa = PBXFileReference; fileEncoding = 4; lastKnownFileType = sourcecode.c.objc; path = KJFileHandleManager.m; sourceTree = "<group>"; };
		682399A125D81D820086965B /* KJFileHandleInfo.h */ = {isa = PBXFileReference; fileEncoding = 4; lastKnownFileType = sourcecode.c.h; path = KJFileHandleInfo.h; sourceTree = "<group>"; };
		682399A325D81D820086965B /* KJFileHandleInfo.m */ = {isa = PBXFileReference; fileEncoding = 4; lastKnownFileType = sourcecode.c.objc; path = KJFileHandleInfo.m; sourceTree = "<group>"; };
		682399A625D81D820086965B /* KJFileHandleManager.h */ = {isa = PBXFileReference; fileEncoding = 4; lastKnownFileType = sourcecode.c.h; path = KJFileHandleManager.h; sourceTree = "<group>"; };
		682399AA25D81D830086965B /* KJResourceLoaderManager.m */ = {isa = PBXFileReference; fileEncoding = 4; lastKnownFileType = sourcecode.c.objc; path = KJResourceLoaderManager.m; sourceTree = "<group>"; };
		682399AB25D81D830086965B /* KJDownloader.m */ = {isa = PBXFileReference; fileEncoding = 4; lastKnownFileType = sourcecode.c.objc; path = KJDownloader.m; sourceTree = "<group>"; };
		682399AC25D81D830086965B /* KJResourceLoader.h */ = {isa = PBXFileReference; fileEncoding = 4; lastKnownFileType = sourcecode.c.h; path = KJResourceLoader.h; sourceTree = "<group>"; };
		682399AF25D81D830086965B /* KJResourceLoaderManager.h */ = {isa = PBXFileReference; fileEncoding = 4; lastKnownFileType = sourcecode.c.h; path = KJResourceLoaderManager.h; sourceTree = "<group>"; };
		682399B225D81D830086965B /* KJResourceLoader.m */ = {isa = PBXFileReference; fileEncoding = 4; lastKnownFileType = sourcecode.c.objc; path = KJResourceLoader.m; sourceTree = "<group>"; };
		682399B325D81D830086965B /* KJDownloader.h */ = {isa = PBXFileReference; fileEncoding = 4; lastKnownFileType = sourcecode.c.h; path = KJDownloader.h; sourceTree = "<group>"; };
		6825922925E347E1009751D4 /* KJPlayerFastLayer.h */ = {isa = PBXFileReference; lastKnownFileType = sourcecode.c.h; path = KJPlayerFastLayer.h; sourceTree = "<group>"; };
		6825922A25E347E1009751D4 /* KJPlayerFastLayer.m */ = {isa = PBXFileReference; lastKnownFileType = sourcecode.c.objc; path = KJPlayerFastLayer.m; sourceTree = "<group>"; };
		682AFD4B25E3E49800BEC876 /* KJPlayerLoadingLayer.h */ = {isa = PBXFileReference; lastKnownFileType = sourcecode.c.h; path = KJPlayerLoadingLayer.h; sourceTree = "<group>"; };
		682AFD4C25E3E49800BEC876 /* KJPlayerLoadingLayer.m */ = {isa = PBXFileReference; lastKnownFileType = sourcecode.c.objc; path = KJPlayerLoadingLayer.m; sourceTree = "<group>"; };
		682AFD6C25E3EBEF00BEC876 /* KJPlayerHintLayer.h */ = {isa = PBXFileReference; lastKnownFileType = sourcecode.c.h; path = KJPlayerHintLayer.h; sourceTree = "<group>"; };
		682AFD6D25E3EBEF00BEC876 /* KJPlayerHintLayer.m */ = {isa = PBXFileReference; lastKnownFileType = sourcecode.c.objc; path = KJPlayerHintLayer.m; sourceTree = "<group>"; };
		68370A7D25DB7FB40020F4BE /* KJBaseUIPlayer.h */ = {isa = PBXFileReference; lastKnownFileType = sourcecode.c.h; path = KJBaseUIPlayer.h; sourceTree = "<group>"; };
		6838C30425F5C2790093AA8B /* KJPlayerFont.ttf */ = {isa = PBXFileReference; lastKnownFileType = file; path = KJPlayerFont.ttf; sourceTree = "<group>"; };
		6842658325A989420038FFCF /* KJPlayerType.h */ = {isa = PBXFileReference; lastKnownFileType = sourcecode.c.h; path = KJPlayerType.h; sourceTree = "<group>"; };
		6848DA6C25DD7A78007AEC85 /* KJScreenshotsPlayerVC.h */ = {isa = PBXFileReference; lastKnownFileType = sourcecode.c.h; path = KJScreenshotsPlayerVC.h; sourceTree = "<group>"; };
		6848DA6D25DD7A78007AEC85 /* KJScreenshotsPlayerVC.m */ = {isa = PBXFileReference; lastKnownFileType = sourcecode.c.objc; path = KJScreenshotsPlayerVC.m; sourceTree = "<group>"; };
		684F00BA25D3BEB600CCC718 /* KJBasePlayer.h */ = {isa = PBXFileReference; lastKnownFileType = sourcecode.c.h; path = KJBasePlayer.h; sourceTree = "<group>"; };
		684F00BB25D3BEB600CCC718 /* KJBasePlayer.m */ = {isa = PBXFileReference; lastKnownFileType = sourcecode.c.objc; path = KJBasePlayer.m; sourceTree = "<group>"; };
		68589B7025F3D30F00D6198F /* KJPlayerButton.h */ = {isa = PBXFileReference; lastKnownFileType = sourcecode.c.h; path = KJPlayerButton.h; sourceTree = "<group>"; };
		68589B7125F3D30F00D6198F /* KJPlayerButton.m */ = {isa = PBXFileReference; lastKnownFileType = sourcecode.c.objc; path = KJPlayerButton.m; sourceTree = "<group>"; };
		687DF93325BD7A4000222AFD /* KJAVPlayer.h */ = {isa = PBXFileReference; lastKnownFileType = sourcecode.c.h; path = KJAVPlayer.h; sourceTree = "<group>"; };
		687DF93425BD7A4000222AFD /* KJAVPlayer.m */ = {isa = PBXFileReference; lastKnownFileType = sourcecode.c.objc; path = KJAVPlayer.m; sourceTree = "<group>"; };
		6890052225EA8115001AEF82 /* KJPlayerOperationView.h */ = {isa = PBXFileReference; lastKnownFileType = sourcecode.c.h; path = KJPlayerOperationView.h; sourceTree = "<group>"; };
		6890052325EA8115001AEF82 /* KJPlayerOperationView.m */ = {isa = PBXFileReference; lastKnownFileType = sourcecode.c.objc; path = KJPlayerOperationView.m; sourceTree = "<group>"; };
		6890052825EA8377001AEF82 /* KJScreenPlayerVC.h */ = {isa = PBXFileReference; lastKnownFileType = sourcecode.c.h; path = KJScreenPlayerVC.h; sourceTree = "<group>"; };
		6890052925EA8377001AEF82 /* KJScreenPlayerVC.m */ = {isa = PBXFileReference; lastKnownFileType = sourcecode.c.objc; path = KJScreenPlayerVC.m; sourceTree = "<group>"; };
		689D5A7322E3011200DE33FC /* KJPlayerDemo.app */ = {isa = PBXFileReference; explicitFileType = wrapper.application; includeInIndex = 0; path = KJPlayerDemo.app; sourceTree = BUILT_PRODUCTS_DIR; };
		689D5A7622E3011200DE33FC /* AppDelegate.h */ = {isa = PBXFileReference; lastKnownFileType = sourcecode.c.h; path = AppDelegate.h; sourceTree = "<group>"; };
		689D5A7722E3011200DE33FC /* AppDelegate.m */ = {isa = PBXFileReference; lastKnownFileType = sourcecode.c.objc; path = AppDelegate.m; sourceTree = "<group>"; };
		689D5A7922E3011200DE33FC /* ViewController.h */ = {isa = PBXFileReference; lastKnownFileType = sourcecode.c.h; path = ViewController.h; sourceTree = "<group>"; };
		689D5A7A22E3011200DE33FC /* ViewController.m */ = {isa = PBXFileReference; lastKnownFileType = sourcecode.c.objc; path = ViewController.m; sourceTree = "<group>"; };
		689D5A7D22E3011200DE33FC /* Base */ = {isa = PBXFileReference; lastKnownFileType = file.storyboard; name = Base; path = Base.lproj/Main.storyboard; sourceTree = "<group>"; };
		689D5A7F22E3011400DE33FC /* Assets.xcassets */ = {isa = PBXFileReference; lastKnownFileType = folder.assetcatalog; path = Assets.xcassets; sourceTree = "<group>"; };
		689D5A8222E3011400DE33FC /* Base */ = {isa = PBXFileReference; lastKnownFileType = file.storyboard; name = Base; path = Base.lproj/LaunchScreen.storyboard; sourceTree = "<group>"; };
		689D5A8422E3011400DE33FC /* Info.plist */ = {isa = PBXFileReference; lastKnownFileType = text.plist.xml; path = Info.plist; sourceTree = "<group>"; };
		689D5A8522E3011400DE33FC /* main.m */ = {isa = PBXFileReference; lastKnownFileType = sourcecode.c.objc; path = main.m; sourceTree = "<group>"; };
		689D5A8B22E3011400DE33FC /* KJPlayerDemoTests.xctest */ = {isa = PBXFileReference; explicitFileType = wrapper.cfbundle; includeInIndex = 0; path = KJPlayerDemoTests.xctest; sourceTree = BUILT_PRODUCTS_DIR; };
		689D5A8F22E3011400DE33FC /* KJPlayerDemoTests.m */ = {isa = PBXFileReference; lastKnownFileType = sourcecode.c.objc; path = KJPlayerDemoTests.m; sourceTree = "<group>"; };
		689D5A9122E3011400DE33FC /* Info.plist */ = {isa = PBXFileReference; lastKnownFileType = text.plist.xml; path = Info.plist; sourceTree = "<group>"; };
		689D5A9622E3011400DE33FC /* KJPlayerDemoUITests.xctest */ = {isa = PBXFileReference; explicitFileType = wrapper.cfbundle; includeInIndex = 0; path = KJPlayerDemoUITests.xctest; sourceTree = BUILT_PRODUCTS_DIR; };
		689D5A9A22E3011400DE33FC /* KJPlayerDemoUITests.m */ = {isa = PBXFileReference; lastKnownFileType = sourcecode.c.objc; path = KJPlayerDemoUITests.m; sourceTree = "<group>"; };
		689D5A9C22E3011400DE33FC /* Info.plist */ = {isa = PBXFileReference; lastKnownFileType = text.plist.xml; path = Info.plist; sourceTree = "<group>"; };
		68A46BF625E177B9006EF5FD /* KJPlayerSystemLayer.h */ = {isa = PBXFileReference; lastKnownFileType = sourcecode.c.h; path = KJPlayerSystemLayer.h; sourceTree = "<group>"; };
		68A46BF725E177B9006EF5FD /* KJPlayerSystemLayer.m */ = {isa = PBXFileReference; lastKnownFileType = sourcecode.c.objc; path = KJPlayerSystemLayer.m; sourceTree = "<group>"; };
		68A5B2FB25A9967F0002C06D /* KJBaseFunctionPlayer.h */ = {isa = PBXFileReference; lastKnownFileType = sourcecode.c.h; path = KJBaseFunctionPlayer.h; sourceTree = "<group>"; };
		68A7D97425E53F14009636B0 /* KJRotateManager.h */ = {isa = PBXFileReference; lastKnownFileType = sourcecode.c.h; path = KJRotateManager.h; sourceTree = "<group>"; };
		68A7D97525E53F14009636B0 /* KJRotateManager.m */ = {isa = PBXFileReference; lastKnownFileType = sourcecode.c.objc; path = KJRotateManager.m; sourceTree = "<group>"; };
		68B0253025DE699F001018F4 /* KJPlayer.podspec */ = {isa = PBXFileReference; lastKnownFileType = text; path = KJPlayer.podspec; sourceTree = SOURCE_ROOT; };
		68B2554325C99061008515F4 /* KJMidiPlayerVC.h */ = {isa = PBXFileReference; lastKnownFileType = sourcecode.c.h; path = KJMidiPlayerVC.h; sourceTree = "<group>"; };
		68B2554425C99061008515F4 /* KJMidiPlayerVC.m */ = {isa = PBXFileReference; lastKnownFileType = sourcecode.c.objc; path = KJMidiPlayerVC.m; sourceTree = "<group>"; };
		68B2554525C99061008515F4 /* KJMidiPlayerVC.xib */ = {isa = PBXFileReference; lastKnownFileType = file.xib; path = KJMidiPlayerVC.xib; sourceTree = "<group>"; };
		68B2554B25C990B8008515F4 /* KJMIDIPlayer.h */ = {isa = PBXFileReference; lastKnownFileType = sourcecode.c.h; path = KJMIDIPlayer.h; sourceTree = "<group>"; };
		68B2554C25C990B8008515F4 /* KJMIDIPlayer.m */ = {isa = PBXFileReference; lastKnownFileType = sourcecode.c.objc; path = KJMIDIPlayer.m; sourceTree = "<group>"; };
		68B2557725C999DB008515F4 /* KJMidiSource.bundle */ = {isa = PBXFileReference; lastKnownFileType = "wrapper.plug-in"; path = KJMidiSource.bundle; sourceTree = "<group>"; };
		68C0891E25D97C82002B0A71 /* KJListPlayerVC.h */ = {isa = PBXFileReference; lastKnownFileType = sourcecode.c.h; path = KJListPlayerVC.h; sourceTree = "<group>"; };
		68C0891F25D97C82002B0A71 /* KJListPlayerVC.m */ = {isa = PBXFileReference; lastKnownFileType = sourcecode.c.objc; path = KJListPlayerVC.m; sourceTree = "<group>"; };
		68C0892425D98928002B0A71 /* KJVideoPlayVC.h */ = {isa = PBXFileReference; lastKnownFileType = sourcecode.c.h; path = KJVideoPlayVC.h; sourceTree = "<group>"; };
		68C0892525D98928002B0A71 /* KJVideoPlayVC.m */ = {isa = PBXFileReference; lastKnownFileType = sourcecode.c.objc; path = KJVideoPlayVC.m; sourceTree = "<group>"; };
		68C0893125D98B60002B0A71 /* PrefixHeader.pch */ = {isa = PBXFileReference; lastKnownFileType = sourcecode.c.h; path = PrefixHeader.pch; sourceTree = "<group>"; };
		68C54EE525CA34C6004A89AA /* 绮想轮旋曲.mid */ = {isa = PBXFileReference; lastKnownFileType = audio.midi; path = "绮想轮旋曲.mid"; sourceTree = "<group>"; };
		68C54EE625CA34C6004A89AA /* 命运交响曲第一章.mid */ = {isa = PBXFileReference; lastKnownFileType = audio.midi; path = "命运交响曲第一章.mid"; sourceTree = "<group>"; };
		68C54EE725CA34C6004A89AA /* 埃克赛斯舞曲.mid */ = {isa = PBXFileReference; lastKnownFileType = audio.midi; path = "埃克赛斯舞曲.mid"; sourceTree = "<group>"; };
		68C54EE825CA34C6004A89AA /* 致爱丽丝.mid */ = {isa = PBXFileReference; lastKnownFileType = audio.midi; path = "致爱丽丝.mid"; sourceTree = "<group>"; };
		68CC368E25EF2BAC003F918E /* KJLivePlayerVC.h */ = {isa = PBXFileReference; lastKnownFileType = sourcecode.c.h; path = KJLivePlayerVC.h; sourceTree = "<group>"; };
		68CC368F25EF2BAC003F918E /* KJLivePlayerVC.m */ = {isa = PBXFileReference; lastKnownFileType = sourcecode.c.objc; path = KJLivePlayerVC.m; sourceTree = "<group>"; };
		68D143CB25C697B000800F9F /* KJAVPlayerVC.h */ = {isa = PBXFileReference; lastKnownFileType = sourcecode.c.h; path = KJAVPlayerVC.h; sourceTree = "<group>"; };
		68D143CC25C697B000800F9F /* KJAVPlayerVC.m */ = {isa = PBXFileReference; lastKnownFileType = sourcecode.c.objc; path = KJAVPlayerVC.m; sourceTree = "<group>"; };
		68D30DE025EFCBC0001D3117 /* KJChangeSourceVC.h */ = {isa = PBXFileReference; lastKnownFileType = sourcecode.c.h; path = KJChangeSourceVC.h; sourceTree = "<group>"; };
		68D30DE125EFCBC0001D3117 /* KJChangeSourceVC.m */ = {isa = PBXFileReference; lastKnownFileType = sourcecode.c.objc; path = KJChangeSourceVC.m; sourceTree = "<group>"; };
		68D6830625FB0BF100E7ECDB /* KJPlayerStatusLayer.h */ = {isa = PBXFileReference; lastKnownFileType = sourcecode.c.h; path = KJPlayerStatusLayer.h; sourceTree = "<group>"; };
		68D6830725FB0BF100E7ECDB /* KJPlayerStatusLayer.m */ = {isa = PBXFileReference; lastKnownFileType = sourcecode.c.objc; path = KJPlayerStatusLayer.m; sourceTree = "<group>"; };
		68D7BDD025DC0D7F00CFE789 /* KJM3u8PlayerVC.h */ = {isa = PBXFileReference; lastKnownFileType = sourcecode.c.h; path = KJM3u8PlayerVC.h; sourceTree = "<group>"; };
		68D7BDD125DC0D7F00CFE789 /* KJM3u8PlayerVC.m */ = {isa = PBXFileReference; lastKnownFileType = sourcecode.c.objc; path = KJM3u8PlayerVC.m; sourceTree = "<group>"; };
		68E17A5525DB5785008DC2BC /* KJBasePlayerView.h */ = {isa = PBXFileReference; lastKnownFileType = sourcecode.c.h; path = KJBasePlayerView.h; sourceTree = "<group>"; };
		68E17A5625DB5785008DC2BC /* KJBasePlayerView.m */ = {isa = PBXFileReference; lastKnownFileType = sourcecode.c.objc; path = KJBasePlayerView.m; sourceTree = "<group>"; };
		68E17A6D25DB6E99008DC2BC /* KJRecordPlayerVC.h */ = {isa = PBXFileReference; lastKnownFileType = sourcecode.c.h; path = KJRecordPlayerVC.h; sourceTree = "<group>"; };
		68E17A6E25DB6E99008DC2BC /* KJRecordPlayerVC.m */ = {isa = PBXFileReference; lastKnownFileType = sourcecode.c.objc; path = KJRecordPlayerVC.m; sourceTree = "<group>"; };
		68E17A7925DB6FC1008DC2BC /* BaseViewController.h */ = {isa = PBXFileReference; lastKnownFileType = sourcecode.c.h; path = BaseViewController.h; sourceTree = "<group>"; };
		68E17A7A25DB6FC1008DC2BC /* BaseViewController.m */ = {isa = PBXFileReference; lastKnownFileType = sourcecode.c.objc; path = BaseViewController.m; sourceTree = "<group>"; };
		68E902F825CFFEB9003FB88D /* DBPlayer.xcdatamodel */ = {isa = PBXFileReference; lastKnownFileType = wrapper.xcdatamodel; path = DBPlayer.xcdatamodel; sourceTree = "<group>"; };
		68EB637225EC834100D7C420 /* KJPlayerProtocol.h */ = {isa = PBXFileReference; lastKnownFileType = sourcecode.c.h; path = KJPlayerProtocol.h; sourceTree = "<group>"; };
		68EB637A25EC89ED00D7C420 /* KJIJKPlayer.h */ = {isa = PBXFileReference; lastKnownFileType = sourcecode.c.h; path = KJIJKPlayer.h; sourceTree = "<group>"; };
		68EB637B25EC89ED00D7C420 /* KJIJKPlayer.m */ = {isa = PBXFileReference; lastKnownFileType = sourcecode.c.objc; path = KJIJKPlayer.m; sourceTree = "<group>"; };
		68EC0D762360025D00867AAB /* KJPlayerHeader.h */ = {isa = PBXFileReference; fileEncoding = 4; lastKnownFileType = sourcecode.c.h; path = KJPlayerHeader.h; sourceTree = "<group>"; };
		68F451E925D526C500F719F9 /* KJAVPlayer+KJCache.h */ = {isa = PBXFileReference; lastKnownFileType = sourcecode.c.h; path = "KJAVPlayer+KJCache.h"; sourceTree = "<group>"; };
		68F451EA25D526C500F719F9 /* KJAVPlayer+KJCache.m */ = {isa = PBXFileReference; lastKnownFileType = sourcecode.c.objc; path = "KJAVPlayer+KJCache.m"; sourceTree = "<group>"; };
		68F47A9E25D0196200A53101 /* DBPlayerDataManager.h */ = {isa = PBXFileReference; lastKnownFileType = sourcecode.c.h; path = DBPlayerDataManager.h; sourceTree = "<group>"; };
		68F47A9F25D0196200A53101 /* DBPlayerDataManager.m */ = {isa = PBXFileReference; lastKnownFileType = sourcecode.c.objc; path = DBPlayerDataManager.m; sourceTree = "<group>"; };
		68F6309925D6AB9E00AAEFCF /* KJTablePlayerVC.h */ = {isa = PBXFileReference; lastKnownFileType = sourcecode.c.h; path = KJTablePlayerVC.h; sourceTree = "<group>"; };
		68F6309A25D6AB9E00AAEFCF /* KJTablePlayerVC.m */ = {isa = PBXFileReference; lastKnownFileType = sourcecode.c.objc; path = KJTablePlayerVC.m; sourceTree = "<group>"; };
		74836F060C378E015B277023 /* Pods-KJPlayerDemo.release.xcconfig */ = {isa = PBXFileReference; includeInIndex = 1; lastKnownFileType = text.xcconfig; name = "Pods-KJPlayerDemo.release.xcconfig"; path = "Target Support Files/Pods-KJPlayerDemo/Pods-KJPlayerDemo.release.xcconfig"; sourceTree = "<group>"; };
		7FEF462326AB2D48A4290908 /* Pods_KJPlayerDemo.framework */ = {isa = PBXFileReference; explicitFileType = wrapper.framework; includeInIndex = 0; path = Pods_KJPlayerDemo.framework; sourceTree = BUILT_PRODUCTS_DIR; };
		8454464B99E087E75C3480AC /* Pods-KJPlayerDemoTests.release.xcconfig */ = {isa = PBXFileReference; includeInIndex = 1; lastKnownFileType = text.xcconfig; name = "Pods-KJPlayerDemoTests.release.xcconfig"; path = "Target Support Files/Pods-KJPlayerDemoTests/Pods-KJPlayerDemoTests.release.xcconfig"; sourceTree = "<group>"; };
		A625A820C5F9B723B5D49992 /* Pods_KJPlayerDemoTests.framework */ = {isa = PBXFileReference; explicitFileType = wrapper.framework; includeInIndex = 0; path = Pods_KJPlayerDemoTests.framework; sourceTree = BUILT_PRODUCTS_DIR; };
		C922846226BCC67A00F7D327 /* DBPlayerData.h */ = {isa = PBXFileReference; lastKnownFileType = sourcecode.c.h; path = DBPlayerData.h; sourceTree = "<group>"; };
		C922846326BCC67A00F7D327 /* DBPlayerData.m */ = {isa = PBXFileReference; lastKnownFileType = sourcecode.c.objc; path = DBPlayerData.m; sourceTree = "<group>"; };
		C922846B26BCC7A200F7D327 /* KJCustomManager.h */ = {isa = PBXFileReference; lastKnownFileType = sourcecode.c.h; path = KJCustomManager.h; sourceTree = "<group>"; };
		C922846C26BCC7A200F7D327 /* KJCustomManager.m */ = {isa = PBXFileReference; lastKnownFileType = sourcecode.c.objc; path = KJCustomManager.m; sourceTree = "<group>"; };
		CBF6EBDBCF6E0D0E0D970B1D /* Pods-KJPlayerDemoTests.debug.xcconfig */ = {isa = PBXFileReference; includeInIndex = 1; lastKnownFileType = text.xcconfig; name = "Pods-KJPlayerDemoTests.debug.xcconfig"; path = "Target Support Files/Pods-KJPlayerDemoTests/Pods-KJPlayerDemoTests.debug.xcconfig"; sourceTree = "<group>"; };
		E733241E0A775FE835BF0671 /* Pods-KJPlayerDemo.debug.xcconfig */ = {isa = PBXFileReference; includeInIndex = 1; lastKnownFileType = text.xcconfig; name = "Pods-KJPlayerDemo.debug.xcconfig"; path = "Target Support Files/Pods-KJPlayerDemo/Pods-KJPlayerDemo.debug.xcconfig"; sourceTree = "<group>"; };
		F55091957307083E004EF6AE /* Pods-KJPlayerDemo-KJPlayerDemoUITests.release.xcconfig */ = {isa = PBXFileReference; includeInIndex = 1; lastKnownFileType = text.xcconfig; name = "Pods-KJPlayerDemo-KJPlayerDemoUITests.release.xcconfig"; path = "Target Support Files/Pods-KJPlayerDemo-KJPlayerDemoUITests/Pods-KJPlayerDemo-KJPlayerDemoUITests.release.xcconfig"; sourceTree = "<group>"; };
/* End PBXFileReference section */

/* Begin PBXFrameworksBuildPhase section */
		689D5A7022E3011200DE33FC /* Frameworks */ = {
			isa = PBXFrameworksBuildPhase;
			buildActionMask = 2147483647;
			files = (
				B500094B2C6B8DF274A1D74C /* Pods_KJPlayerDemo.framework in Frameworks */,
			);
			runOnlyForDeploymentPostprocessing = 0;
		};
		689D5A8822E3011400DE33FC /* Frameworks */ = {
			isa = PBXFrameworksBuildPhase;
			buildActionMask = 2147483647;
			files = (
				49999DBBC9E623DD38F7C3F7 /* Pods_KJPlayerDemoTests.framework in Frameworks */,
			);
			runOnlyForDeploymentPostprocessing = 0;
		};
		689D5A9322E3011400DE33FC /* Frameworks */ = {
			isa = PBXFrameworksBuildPhase;
			buildActionMask = 2147483647;
			files = (
				054596C90917256780BFAB2F /* Pods_KJPlayerDemo_KJPlayerDemoUITests.framework in Frameworks */,
			);
			runOnlyForDeploymentPostprocessing = 0;
		};
/* End PBXFrameworksBuildPhase section */

/* Begin PBXGroup section */
		2A1D33BBD0DC335459FCDC6B /* Pods */ = {
			isa = PBXGroup;
			children = (
				E733241E0A775FE835BF0671 /* Pods-KJPlayerDemo.debug.xcconfig */,
				74836F060C378E015B277023 /* Pods-KJPlayerDemo.release.xcconfig */,
				1FF650ADF99287F12F0E0F64 /* Pods-KJPlayerDemo-KJPlayerDemoUITests.debug.xcconfig */,
				F55091957307083E004EF6AE /* Pods-KJPlayerDemo-KJPlayerDemoUITests.release.xcconfig */,
				CBF6EBDBCF6E0D0E0D970B1D /* Pods-KJPlayerDemoTests.debug.xcconfig */,
				8454464B99E087E75C3480AC /* Pods-KJPlayerDemoTests.release.xcconfig */,
			);
			path = Pods;
			sourceTree = "<group>";
		};
		680D3D6F25DBE86100D21574 /* AVPlayer */ = {
			isa = PBXGroup;
			children = (
				68D143CB25C697B000800F9F /* KJAVPlayerVC.h */,
				68D143CC25C697B000800F9F /* KJAVPlayerVC.m */,
			);
			path = AVPlayer;
			sourceTree = "<group>";
		};
		680D3D7025DBE87C00D21574 /* MIDI */ = {
			isa = PBXGroup;
			children = (
				68B2554325C99061008515F4 /* KJMidiPlayerVC.h */,
				68B2554425C99061008515F4 /* KJMidiPlayerVC.m */,
				68B2554525C99061008515F4 /* KJMidiPlayerVC.xib */,
			);
			path = MIDI;
			sourceTree = "<group>";
		};
		680D3D7125DBE89100D21574 /* Table */ = {
			isa = PBXGroup;
			children = (
				6823993625D7779F0086965B /* KJDetailPlayerVC.h */,
				6823993725D7779F0086965B /* KJDetailPlayerVC.m */,
				68F6309925D6AB9E00AAEFCF /* KJTablePlayerVC.h */,
				68F6309A25D6AB9E00AAEFCF /* KJTablePlayerVC.m */,
			);
			path = Table;
			sourceTree = "<group>";
		};
		680D3D7325DBE8BD00D21574 /* List */ = {
			isa = PBXGroup;
			children = (
				68C0891E25D97C82002B0A71 /* KJListPlayerVC.h */,
				68C0891F25D97C82002B0A71 /* KJListPlayerVC.m */,
				68C0892425D98928002B0A71 /* KJVideoPlayVC.h */,
				68C0892525D98928002B0A71 /* KJVideoPlayVC.m */,
			);
			path = List;
			sourceTree = "<group>";
		};
		682D3D4925E0BA6F00572963 /* View */ = {
			isa = PBXGroup;
			children = (
				6838C30425F5C2790093AA8B /* KJPlayerFont.ttf */,
				68E17A5525DB5785008DC2BC /* KJBasePlayerView.h */,
				68E17A5625DB5785008DC2BC /* KJBasePlayerView.m */,
				6825922925E347E1009751D4 /* KJPlayerFastLayer.h */,
				6825922A25E347E1009751D4 /* KJPlayerFastLayer.m */,
				682AFD6C25E3EBEF00BEC876 /* KJPlayerHintLayer.h */,
				682AFD6D25E3EBEF00BEC876 /* KJPlayerHintLayer.m */,
				682AFD4B25E3E49800BEC876 /* KJPlayerLoadingLayer.h */,
				682AFD4C25E3E49800BEC876 /* KJPlayerLoadingLayer.m */,
				6890052225EA8115001AEF82 /* KJPlayerOperationView.h */,
				6890052325EA8115001AEF82 /* KJPlayerOperationView.m */,
				68A46BF625E177B9006EF5FD /* KJPlayerSystemLayer.h */,
				68A46BF725E177B9006EF5FD /* KJPlayerSystemLayer.m */,
				68589B7025F3D30F00D6198F /* KJPlayerButton.h */,
				68589B7125F3D30F00D6198F /* KJPlayerButton.m */,
			);
			path = View;
			sourceTree = "<group>";
		};
		682EB29225F0EBA600306C90 /* KJAVDownloader */ = {
			isa = PBXGroup;
			children = (
				68F451E925D526C500F719F9 /* KJAVPlayer+KJCache.h */,
				68F451EA25D526C500F719F9 /* KJAVPlayer+KJCache.m */,
				682399B325D81D830086965B /* KJDownloader.h */,
				682399AB25D81D830086965B /* KJDownloader.m */,
				682399A125D81D820086965B /* KJFileHandleInfo.h */,
				682399A325D81D820086965B /* KJFileHandleInfo.m */,
				682399A625D81D820086965B /* KJFileHandleManager.h */,
				6823999F25D81D820086965B /* KJFileHandleManager.m */,
				682399AC25D81D830086965B /* KJResourceLoader.h */,
				682399B225D81D830086965B /* KJResourceLoader.m */,
				682399AF25D81D830086965B /* KJResourceLoaderManager.h */,
				682399AA25D81D830086965B /* KJResourceLoaderManager.m */,
			);
			path = KJAVDownloader;
			sourceTree = "<group>";
		};
		6842659125A9908A0038FFCF /* Core */ = {
			isa = PBXGroup;
			children = (
				68E902F725CFFEB9003FB88D /* DBPlayer.xcdatamodeld */,
				C922846226BCC67A00F7D327 /* DBPlayerData.h */,
				C922846326BCC67A00F7D327 /* DBPlayerData.m */,
				68F47A9E25D0196200A53101 /* DBPlayerDataManager.h */,
				68F47A9F25D0196200A53101 /* DBPlayerDataManager.m */,
				68A5B2FB25A9967F0002C06D /* KJBaseFunctionPlayer.h */,
				684F00BA25D3BEB600CCC718 /* KJBasePlayer.h */,
				684F00BB25D3BEB600CCC718 /* KJBasePlayer.m */,
				680D193125F4F23B00BD55F4 /* KJBasePlayer+KJPingTimer.h */,
				680D193225F4F23B00BD55F4 /* KJBasePlayer+KJPingTimer.m */,
				68370A7D25DB7FB40020F4BE /* KJBaseUIPlayer.h */,
				68068C4525DCB4AF00D7D3E2 /* KJCacheManager.h */,
				68068C4625DCB4AF00D7D3E2 /* KJCacheManager.m */,
				C922846B26BCC7A200F7D327 /* KJCustomManager.h */,
				C922846C26BCC7A200F7D327 /* KJCustomManager.m */,
				68EB637225EC834100D7C420 /* KJPlayerProtocol.h */,
				6842658325A989420038FFCF /* KJPlayerType.h */,
				68A7D97425E53F14009636B0 /* KJRotateManager.h */,
				68A7D97525E53F14009636B0 /* KJRotateManager.m */,
			);
			path = Core;
			sourceTree = "<group>";
		};
		689D5A6A22E3011200DE33FC = {
			isa = PBXGroup;
			children = (
				689D5A7522E3011200DE33FC /* KJPlayerDemo */,
				689D5A8E22E3011400DE33FC /* KJPlayerDemoTests */,
				689D5A9922E3011400DE33FC /* KJPlayerDemoUITests */,
				689D5A7422E3011200DE33FC /* Products */,
				2A1D33BBD0DC335459FCDC6B /* Pods */,
				E7E958B8FD442A1FF229C22F /* Frameworks */,
			);
			sourceTree = "<group>";
		};
		689D5A7422E3011200DE33FC /* Products */ = {
			isa = PBXGroup;
			children = (
				689D5A7322E3011200DE33FC /* KJPlayerDemo.app */,
				689D5A8B22E3011400DE33FC /* KJPlayerDemoTests.xctest */,
				689D5A9622E3011400DE33FC /* KJPlayerDemoUITests.xctest */,
			);
			name = Products;
			sourceTree = "<group>";
		};
		689D5A7522E3011200DE33FC /* KJPlayerDemo */ = {
			isa = PBXGroup;
			children = (
				68EC0D762360025D00867AAB /* KJPlayerHeader.h */,
				C922847E26BD194E00F7D327 /* OtherView */,
				C922847A26BD0C0200F7D327 /* Expert */,
				682D3D4925E0BA6F00572963 /* View */,
				6842659125A9908A0038FFCF /* Core */,
				682EB29225F0EBA600306C90 /* KJAVDownloader */,
				689D5AA922E3012E00DE33FC /* KJAVPlayer */,
				68B2552B25C98EF7008515F4 /* KJMidiPlayer */,
				68EB637925EC898E00D7C420 /* KJIJKPlayer */,
				689D5AA822E3011E00DE33FC /* Demo */,
				68CC36CC25EF663E003F918E /* IJKPlayer测试 */,
				689D5A7622E3011200DE33FC /* AppDelegate.h */,
				689D5A7722E3011200DE33FC /* AppDelegate.m */,
				689D5A7922E3011200DE33FC /* ViewController.h */,
				689D5A7A22E3011200DE33FC /* ViewController.m */,
				68E17A7925DB6FC1008DC2BC /* BaseViewController.h */,
				68E17A7A25DB6FC1008DC2BC /* BaseViewController.m */,
				689D5A7C22E3011200DE33FC /* Main.storyboard */,
				689D5A8122E3011400DE33FC /* LaunchScreen.storyboard */,
				689D5A7F22E3011400DE33FC /* Assets.xcassets */,
				689D5A8422E3011400DE33FC /* Info.plist */,
				689D5A8522E3011400DE33FC /* main.m */,
				68C0893125D98B60002B0A71 /* PrefixHeader.pch */,
				68B0253025DE699F001018F4 /* KJPlayer.podspec */,
				68180D1025DE7025009B9947 /* CHANGELOG.md */,
				68180D0B25DE6FFC009B9947 /* README.md */,
			);
			path = KJPlayerDemo;
			sourceTree = "<group>";
		};
		689D5A8E22E3011400DE33FC /* KJPlayerDemoTests */ = {
			isa = PBXGroup;
			children = (
				689D5A8F22E3011400DE33FC /* KJPlayerDemoTests.m */,
				689D5A9122E3011400DE33FC /* Info.plist */,
			);
			path = KJPlayerDemoTests;
			sourceTree = "<group>";
		};
		689D5A9922E3011400DE33FC /* KJPlayerDemoUITests */ = {
			isa = PBXGroup;
			children = (
				689D5A9A22E3011400DE33FC /* KJPlayerDemoUITests.m */,
				689D5A9C22E3011400DE33FC /* Info.plist */,
			);
			path = KJPlayerDemoUITests;
			sourceTree = "<group>";
		};
		689D5AA822E3011E00DE33FC /* Demo */ = {
			isa = PBXGroup;
			children = (
				68D7BD9F25DC04FB00CFE789 /* 功能区 */,
				68D7BDA625DC050C00CFE789 /* 控件区 */,
				68D7BDA725DC051300CFE789 /* 其他 */,
				68C54EE425CA34C6004A89AA /* midi */,
			);
			path = Demo;
			sourceTree = "<group>";
		};
		689D5AA922E3012E00DE33FC /* KJAVPlayer */ = {
			isa = PBXGroup;
			children = (
				687DF93325BD7A4000222AFD /* KJAVPlayer.h */,
				687DF93425BD7A4000222AFD /* KJAVPlayer.m */,
			);
			path = KJAVPlayer;
			sourceTree = "<group>";
		};
		68B2552B25C98EF7008515F4 /* KJMidiPlayer */ = {
			isa = PBXGroup;
			children = (
				68B2557725C999DB008515F4 /* KJMidiSource.bundle */,
				68B2554B25C990B8008515F4 /* KJMIDIPlayer.h */,
				68B2554C25C990B8008515F4 /* KJMIDIPlayer.m */,
			);
			path = KJMidiPlayer;
			sourceTree = "<group>";
		};
		68C54EE425CA34C6004A89AA /* midi */ = {
			isa = PBXGroup;
			children = (
				68C54EE525CA34C6004A89AA /* 绮想轮旋曲.mid */,
				68C54EE625CA34C6004A89AA /* 命运交响曲第一章.mid */,
				68C54EE725CA34C6004A89AA /* 埃克赛斯舞曲.mid */,
				68C54EE825CA34C6004A89AA /* 致爱丽丝.mid */,
			);
			path = midi;
			sourceTree = SOURCE_ROOT;
		};
		68CC368D25EF2B8C003F918E /* Live */ = {
			isa = PBXGroup;
			children = (
				68CC368E25EF2BAC003F918E /* KJLivePlayerVC.h */,
				68CC368F25EF2BAC003F918E /* KJLivePlayerVC.m */,
			);
			path = Live;
			sourceTree = "<group>";
		};
		68CC36CC25EF663E003F918E /* IJKPlayer测试 */ = {
			isa = PBXGroup;
			children = (
				68CC368D25EF2B8C003F918E /* Live */,
				680D191F25F46EA900BD55F4 /* KJIJKPlayerVC.h */,
				680D192025F46EA900BD55F4 /* KJIJKPlayerVC.m */,
			);
			path = "IJKPlayer测试";
			sourceTree = "<group>";
		};
		68D7BD9F25DC04FB00CFE789 /* 功能区 */ = {
			isa = PBXGroup;
			children = (
				68068C4B25DCBEB100D7D3E2 /* KJLoadingPlayerVC.h */,
				68068C4C25DCBEB100D7D3E2 /* KJLoadingPlayerVC.m */,
				680D3D6925DBE7B100D21574 /* KJCachePlayerVC.h */,
				680D3D6A25DBE7B100D21574 /* KJCachePlayerVC.m */,
				68E17A6D25DB6E99008DC2BC /* KJRecordPlayerVC.h */,
				68E17A6E25DB6E99008DC2BC /* KJRecordPlayerVC.m */,
				680D3D6325DBE44B00D21574 /* KJTryLookPlayerVC.h */,
				680D3D6425DBE44B00D21574 /* KJTryLookPlayerVC.m */,
				68D7BDD025DC0D7F00CFE789 /* KJM3u8PlayerVC.h */,
				68D7BDD125DC0D7F00CFE789 /* KJM3u8PlayerVC.m */,
				680D560925DC2F50002A72E0 /* KJSkipHeadPlayerVC.h */,
				680D560A25DC2F50002A72E0 /* KJSkipHeadPlayerVC.m */,
				6848DA6C25DD7A78007AEC85 /* KJScreenshotsPlayerVC.h */,
				6848DA6D25DD7A78007AEC85 /* KJScreenshotsPlayerVC.m */,
				6890052825EA8377001AEF82 /* KJScreenPlayerVC.h */,
				6890052925EA8377001AEF82 /* KJScreenPlayerVC.m */,
				68D30DE025EFCBC0001D3117 /* KJChangeSourceVC.h */,
				68D30DE125EFCBC0001D3117 /* KJChangeSourceVC.m */,
			);
			path = "功能区";
			sourceTree = "<group>";
		};
		68D7BDA625DC050C00CFE789 /* 控件区 */ = {
			isa = PBXGroup;
			children = (
				680D3D7325DBE8BD00D21574 /* List */,
				680D3D7125DBE89100D21574 /* Table */,
			);
			path = "控件区";
			sourceTree = "<group>";
		};
		68D7BDA725DC051300CFE789 /* 其他 */ = {
			isa = PBXGroup;
			children = (
				680D3D6F25DBE86100D21574 /* AVPlayer */,
				680D3D7025DBE87C00D21574 /* MIDI */,
			);
			path = "其他";
			sourceTree = "<group>";
		};
		68EB637925EC898E00D7C420 /* KJIJKPlayer */ = {
			isa = PBXGroup;
			children = (
				68EB637A25EC89ED00D7C420 /* KJIJKPlayer.h */,
				68EB637B25EC89ED00D7C420 /* KJIJKPlayer.m */,
			);
			path = KJIJKPlayer;
			sourceTree = "<group>";
		};
		C922847A26BD0C0200F7D327 /* Expert */ = {
			isa = PBXGroup;
			children = (
			);
			path = Expert;
			sourceTree = "<group>";
		};
		C922847E26BD194E00F7D327 /* OtherView */ = {
			isa = PBXGroup;
			children = (
				68D6830625FB0BF100E7ECDB /* KJPlayerStatusLayer.h */,
				68D6830725FB0BF100E7ECDB /* KJPlayerStatusLayer.m */,
			);
			path = OtherView;
			sourceTree = "<group>";
		};
		E7E958B8FD442A1FF229C22F /* Frameworks */ = {
			isa = PBXGroup;
			children = (
				7FEF462326AB2D48A4290908 /* Pods_KJPlayerDemo.framework */,
				446EDE85511D5BB0D612E205 /* Pods_KJPlayerDemo_KJPlayerDemoUITests.framework */,
				A625A820C5F9B723B5D49992 /* Pods_KJPlayerDemoTests.framework */,
			);
			name = Frameworks;
			sourceTree = "<group>";
		};
/* End PBXGroup section */

/* Begin PBXNativeTarget section */
		689D5A7222E3011200DE33FC /* KJPlayerDemo */ = {
			isa = PBXNativeTarget;
			buildConfigurationList = 689D5A9F22E3011400DE33FC /* Build configuration list for PBXNativeTarget "KJPlayerDemo" */;
			buildPhases = (
				F8DF9C089D87D299D2EE7CEA /* [CP] Check Pods Manifest.lock */,
				689D5A6F22E3011200DE33FC /* Sources */,
				689D5A7022E3011200DE33FC /* Frameworks */,
				689D5A7122E3011200DE33FC /* Resources */,
				5AB8C1B64F42EA3A2CEC77EE /* [CP] Embed Pods Frameworks */,
			);
			buildRules = (
			);
			dependencies = (
			);
			name = KJPlayerDemo;
			productName = KJPlayerDemo;
			productReference = 689D5A7322E3011200DE33FC /* KJPlayerDemo.app */;
			productType = "com.apple.product-type.application";
		};
		689D5A8A22E3011400DE33FC /* KJPlayerDemoTests */ = {
			isa = PBXNativeTarget;
			buildConfigurationList = 689D5AA222E3011400DE33FC /* Build configuration list for PBXNativeTarget "KJPlayerDemoTests" */;
			buildPhases = (
				8F87004263AC128CBABBCC1D /* [CP] Check Pods Manifest.lock */,
				689D5A8722E3011400DE33FC /* Sources */,
				689D5A8822E3011400DE33FC /* Frameworks */,
				689D5A8922E3011400DE33FC /* Resources */,
			);
			buildRules = (
			);
			dependencies = (
				689D5A8D22E3011400DE33FC /* PBXTargetDependency */,
			);
			name = KJPlayerDemoTests;
			productName = KJPlayerDemoTests;
			productReference = 689D5A8B22E3011400DE33FC /* KJPlayerDemoTests.xctest */;
			productType = "com.apple.product-type.bundle.unit-test";
		};
		689D5A9522E3011400DE33FC /* KJPlayerDemoUITests */ = {
			isa = PBXNativeTarget;
			buildConfigurationList = 689D5AA522E3011400DE33FC /* Build configuration list for PBXNativeTarget "KJPlayerDemoUITests" */;
			buildPhases = (
				1A927129DF9C97358DFB5553 /* [CP] Check Pods Manifest.lock */,
				689D5A9222E3011400DE33FC /* Sources */,
				689D5A9322E3011400DE33FC /* Frameworks */,
				689D5A9422E3011400DE33FC /* Resources */,
				507FF97817B0995E1BD713D2 /* [CP] Embed Pods Frameworks */,
			);
			buildRules = (
			);
			dependencies = (
				689D5A9822E3011400DE33FC /* PBXTargetDependency */,
			);
			name = KJPlayerDemoUITests;
			productName = KJPlayerDemoUITests;
			productReference = 689D5A9622E3011400DE33FC /* KJPlayerDemoUITests.xctest */;
			productType = "com.apple.product-type.bundle.ui-testing";
		};
/* End PBXNativeTarget section */

/* Begin PBXProject section */
		689D5A6B22E3011200DE33FC /* Project object */ = {
			isa = PBXProject;
			attributes = {
				LastUpgradeCheck = 1240;
				ORGANIZATIONNAME = "杨科军";
				TargetAttributes = {
					689D5A7222E3011200DE33FC = {
						CreatedOnToolsVersion = 10.2.1;
					};
					689D5A8A22E3011400DE33FC = {
						CreatedOnToolsVersion = 10.2.1;
						TestTargetID = 689D5A7222E3011200DE33FC;
					};
					689D5A9522E3011400DE33FC = {
						CreatedOnToolsVersion = 10.2.1;
						TestTargetID = 689D5A7222E3011200DE33FC;
					};
				};
			};
			buildConfigurationList = 689D5A6E22E3011200DE33FC /* Build configuration list for PBXProject "KJPlayerDemo" */;
			compatibilityVersion = "Xcode 9.3";
			developmentRegion = en;
			hasScannedForEncodings = 0;
			knownRegions = (
				en,
				Base,
			);
			mainGroup = 689D5A6A22E3011200DE33FC;
			productRefGroup = 689D5A7422E3011200DE33FC /* Products */;
			projectDirPath = "";
			projectRoot = "";
			targets = (
				689D5A7222E3011200DE33FC /* KJPlayerDemo */,
				689D5A8A22E3011400DE33FC /* KJPlayerDemoTests */,
				689D5A9522E3011400DE33FC /* KJPlayerDemoUITests */,
			);
		};
/* End PBXProject section */

/* Begin PBXResourcesBuildPhase section */
		689D5A7122E3011200DE33FC /* Resources */ = {
			isa = PBXResourcesBuildPhase;
			buildActionMask = 2147483647;
			files = (
				68C54EEA25CA34C6004A89AA /* 命运交响曲第一章.mid in Resources */,
				68C54EE925CA34C6004A89AA /* 绮想轮旋曲.mid in Resources */,
				68180D0C25DE6FFC009B9947 /* README.md in Resources */,
				68180D1125DE7025009B9947 /* CHANGELOG.md in Resources */,
				689D5A8322E3011400DE33FC /* LaunchScreen.storyboard in Resources */,
				68C54EEB25CA34C6004A89AA /* 埃克赛斯舞曲.mid in Resources */,
				68C54EEC25CA34C6004A89AA /* 致爱丽丝.mid in Resources */,
				68B2557825C999DB008515F4 /* KJMidiSource.bundle in Resources */,
				68B0253125DE699F001018F4 /* KJPlayer.podspec in Resources */,
				6838C30525F5C2790093AA8B /* KJPlayerFont.ttf in Resources */,
				689D5A8022E3011400DE33FC /* Assets.xcassets in Resources */,
				68B2554725C99061008515F4 /* KJMidiPlayerVC.xib in Resources */,
				689D5A7E22E3011200DE33FC /* Main.storyboard in Resources */,
			);
			runOnlyForDeploymentPostprocessing = 0;
		};
		689D5A8922E3011400DE33FC /* Resources */ = {
			isa = PBXResourcesBuildPhase;
			buildActionMask = 2147483647;
			files = (
			);
			runOnlyForDeploymentPostprocessing = 0;
		};
		689D5A9422E3011400DE33FC /* Resources */ = {
			isa = PBXResourcesBuildPhase;
			buildActionMask = 2147483647;
			files = (
			);
			runOnlyForDeploymentPostprocessing = 0;
		};
/* End PBXResourcesBuildPhase section */

/* Begin PBXShellScriptBuildPhase section */
		1A927129DF9C97358DFB5553 /* [CP] Check Pods Manifest.lock */ = {
			isa = PBXShellScriptBuildPhase;
			buildActionMask = 2147483647;
			files = (
			);
			inputFileListPaths = (
			);
			inputPaths = (
				"${PODS_PODFILE_DIR_PATH}/Podfile.lock",
				"${PODS_ROOT}/Manifest.lock",
			);
			name = "[CP] Check Pods Manifest.lock";
			outputFileListPaths = (
			);
			outputPaths = (
				"$(DERIVED_FILE_DIR)/Pods-KJPlayerDemo-KJPlayerDemoUITests-checkManifestLockResult.txt",
			);
			runOnlyForDeploymentPostprocessing = 0;
			shellPath = /bin/sh;
			shellScript = "diff \"${PODS_PODFILE_DIR_PATH}/Podfile.lock\" \"${PODS_ROOT}/Manifest.lock\" > /dev/null\nif [ $? != 0 ] ; then\n    # print error to STDERR\n    echo \"error: The sandbox is not in sync with the Podfile.lock. Run 'pod install' or update your CocoaPods installation.\" >&2\n    exit 1\nfi\n# This output is used by Xcode 'outputs' to avoid re-running this script phase.\necho \"SUCCESS\" > \"${SCRIPT_OUTPUT_FILE_0}\"\n";
			showEnvVarsInLog = 0;
		};
		507FF97817B0995E1BD713D2 /* [CP] Embed Pods Frameworks */ = {
			isa = PBXShellScriptBuildPhase;
			buildActionMask = 2147483647;
			files = (
			);
			inputFileListPaths = (
				"${PODS_ROOT}/Target Support Files/Pods-KJPlayerDemo-KJPlayerDemoUITests/Pods-KJPlayerDemo-KJPlayerDemoUITests-frameworks-${CONFIGURATION}-input-files.xcfilelist",
			);
			name = "[CP] Embed Pods Frameworks";
			outputFileListPaths = (
				"${PODS_ROOT}/Target Support Files/Pods-KJPlayerDemo-KJPlayerDemoUITests/Pods-KJPlayerDemo-KJPlayerDemoUITests-frameworks-${CONFIGURATION}-output-files.xcfilelist",
			);
			runOnlyForDeploymentPostprocessing = 0;
			shellPath = /bin/sh;
			shellScript = "\"${PODS_ROOT}/Target Support Files/Pods-KJPlayerDemo-KJPlayerDemoUITests/Pods-KJPlayerDemo-KJPlayerDemoUITests-frameworks.sh\"\n";
			showEnvVarsInLog = 0;
		};
		5AB8C1B64F42EA3A2CEC77EE /* [CP] Embed Pods Frameworks */ = {
			isa = PBXShellScriptBuildPhase;
			buildActionMask = 2147483647;
			files = (
			);
			inputFileListPaths = (
				"${PODS_ROOT}/Target Support Files/Pods-KJPlayerDemo/Pods-KJPlayerDemo-frameworks-${CONFIGURATION}-input-files.xcfilelist",
			);
			name = "[CP] Embed Pods Frameworks";
			outputFileListPaths = (
				"${PODS_ROOT}/Target Support Files/Pods-KJPlayerDemo/Pods-KJPlayerDemo-frameworks-${CONFIGURATION}-output-files.xcfilelist",
			);
			runOnlyForDeploymentPostprocessing = 0;
			shellPath = /bin/sh;
			shellScript = "\"${PODS_ROOT}/Target Support Files/Pods-KJPlayerDemo/Pods-KJPlayerDemo-frameworks.sh\"\n";
			showEnvVarsInLog = 0;
		};
		8F87004263AC128CBABBCC1D /* [CP] Check Pods Manifest.lock */ = {
			isa = PBXShellScriptBuildPhase;
			buildActionMask = 2147483647;
			files = (
			);
			inputFileListPaths = (
			);
			inputPaths = (
				"${PODS_PODFILE_DIR_PATH}/Podfile.lock",
				"${PODS_ROOT}/Manifest.lock",
			);
			name = "[CP] Check Pods Manifest.lock";
			outputFileListPaths = (
			);
			outputPaths = (
				"$(DERIVED_FILE_DIR)/Pods-KJPlayerDemoTests-checkManifestLockResult.txt",
			);
			runOnlyForDeploymentPostprocessing = 0;
			shellPath = /bin/sh;
			shellScript = "diff \"${PODS_PODFILE_DIR_PATH}/Podfile.lock\" \"${PODS_ROOT}/Manifest.lock\" > /dev/null\nif [ $? != 0 ] ; then\n    # print error to STDERR\n    echo \"error: The sandbox is not in sync with the Podfile.lock. Run 'pod install' or update your CocoaPods installation.\" >&2\n    exit 1\nfi\n# This output is used by Xcode 'outputs' to avoid re-running this script phase.\necho \"SUCCESS\" > \"${SCRIPT_OUTPUT_FILE_0}\"\n";
			showEnvVarsInLog = 0;
		};
		F8DF9C089D87D299D2EE7CEA /* [CP] Check Pods Manifest.lock */ = {
			isa = PBXShellScriptBuildPhase;
			buildActionMask = 2147483647;
			files = (
			);
			inputFileListPaths = (
			);
			inputPaths = (
				"${PODS_PODFILE_DIR_PATH}/Podfile.lock",
				"${PODS_ROOT}/Manifest.lock",
			);
			name = "[CP] Check Pods Manifest.lock";
			outputFileListPaths = (
			);
			outputPaths = (
				"$(DERIVED_FILE_DIR)/Pods-KJPlayerDemo-checkManifestLockResult.txt",
			);
			runOnlyForDeploymentPostprocessing = 0;
			shellPath = /bin/sh;
			shellScript = "diff \"${PODS_PODFILE_DIR_PATH}/Podfile.lock\" \"${PODS_ROOT}/Manifest.lock\" > /dev/null\nif [ $? != 0 ] ; then\n    # print error to STDERR\n    echo \"error: The sandbox is not in sync with the Podfile.lock. Run 'pod install' or update your CocoaPods installation.\" >&2\n    exit 1\nfi\n# This output is used by Xcode 'outputs' to avoid re-running this script phase.\necho \"SUCCESS\" > \"${SCRIPT_OUTPUT_FILE_0}\"\n";
			showEnvVarsInLog = 0;
		};
/* End PBXShellScriptBuildPhase section */

/* Begin PBXSourcesBuildPhase section */
		689D5A6F22E3011200DE33FC /* Sources */ = {
			isa = PBXSourcesBuildPhase;
			buildActionMask = 2147483647;
			files = (
				682399BA25D81D830086965B /* KJResourceLoaderManager.m in Sources */,
				680D193325F4F23B00BD55F4 /* KJBasePlayer+KJPingTimer.m in Sources */,
				68068C4D25DCBEB100D7D3E2 /* KJLoadingPlayerVC.m in Sources */,
				68589B7225F3D30F00D6198F /* KJPlayerButton.m in Sources */,
				687DF93525BD7A4000222AFD /* KJAVPlayer.m in Sources */,
				682399BB25D81D830086965B /* KJDownloader.m in Sources */,
				6823993825D7779F0086965B /* KJDetailPlayerVC.m in Sources */,
				68D143CD25C697B000800F9F /* KJAVPlayerVC.m in Sources */,
				689D5A7B22E3011200DE33FC /* ViewController.m in Sources */,
				68E17A5725DB5785008DC2BC /* KJBasePlayerView.m in Sources */,
				68A46BF825E177B9006EF5FD /* KJPlayerSystemLayer.m in Sources */,
				682399B425D81D830086965B /* KJFileHandleManager.m in Sources */,
				68E17A7B25DB6FC1008DC2BC /* BaseViewController.m in Sources */,
				68C0892025D97C82002B0A71 /* KJListPlayerVC.m in Sources */,
				6848DA6E25DD7A78007AEC85 /* KJScreenshotsPlayerVC.m in Sources */,
				689D5A8622E3011400DE33FC /* main.m in Sources */,
				68EB637C25EC89ED00D7C420 /* KJIJKPlayer.m in Sources */,
				68F6309B25D6AB9E00AAEFCF /* KJTablePlayerVC.m in Sources */,
				68A7D97625E53F14009636B0 /* KJRotateManager.m in Sources */,
				682AFD6E25E3EBEF00BEC876 /* KJPlayerHintLayer.m in Sources */,
				68D30DE225EFCBC0001D3117 /* KJChangeSourceVC.m in Sources */,
				C922846D26BCC7A200F7D327 /* KJCustomManager.m in Sources */,
				680D3D6525DBE44B00D21574 /* KJTryLookPlayerVC.m in Sources */,
				C922846426BCC67A00F7D327 /* DBPlayerData.m in Sources */,
				68D7BDD225DC0D7F00CFE789 /* KJM3u8PlayerVC.m in Sources */,
				684F00BC25D3BEB600CCC718 /* KJBasePlayer.m in Sources */,
				68E17A6F25DB6E99008DC2BC /* KJRecordPlayerVC.m in Sources */,
				68F47AA025D0196200A53101 /* DBPlayerDataManager.m in Sources */,
				680D192125F46EA900BD55F4 /* KJIJKPlayerVC.m in Sources */,
				68B2554625C99061008515F4 /* KJMidiPlayerVC.m in Sources */,
				6890052425EA8115001AEF82 /* KJPlayerOperationView.m in Sources */,
				68E902F925CFFEB9003FB88D /* DBPlayer.xcdatamodeld in Sources */,
				682AFD4D25E3E49800BEC876 /* KJPlayerLoadingLayer.m in Sources */,
				680D3D6B25DBE7B100D21574 /* KJCachePlayerVC.m in Sources */,
				68B2554D25C990B8008515F4 /* KJMIDIPlayer.m in Sources */,
				6825922B25E347E1009751D4 /* KJPlayerFastLayer.m in Sources */,
				68F451EB25D526C500F719F9 /* KJAVPlayer+KJCache.m in Sources */,
				68CC369025EF2BAC003F918E /* KJLivePlayerVC.m in Sources */,
				68C0892625D98928002B0A71 /* KJVideoPlayVC.m in Sources */,
				680D560B25DC2F50002A72E0 /* KJSkipHeadPlayerVC.m in Sources */,
				689D5A7822E3011200DE33FC /* AppDelegate.m in Sources */,
				68D6830825FB0BF100E7ECDB /* KJPlayerStatusLayer.m in Sources */,
				682399B525D81D830086965B /* KJFileHandleInfo.m in Sources */,
				682399BD25D81D830086965B /* KJResourceLoader.m in Sources */,
				68068C4725DCB4AF00D7D3E2 /* KJCacheManager.m in Sources */,
				6890052A25EA8377001AEF82 /* KJScreenPlayerVC.m in Sources */,
			);
			runOnlyForDeploymentPostprocessing = 0;
		};
		689D5A8722E3011400DE33FC /* Sources */ = {
			isa = PBXSourcesBuildPhase;
			buildActionMask = 2147483647;
			files = (
				689D5A9022E3011400DE33FC /* KJPlayerDemoTests.m in Sources */,
			);
			runOnlyForDeploymentPostprocessing = 0;
		};
		689D5A9222E3011400DE33FC /* Sources */ = {
			isa = PBXSourcesBuildPhase;
			buildActionMask = 2147483647;
			files = (
				689D5A9B22E3011400DE33FC /* KJPlayerDemoUITests.m in Sources */,
			);
			runOnlyForDeploymentPostprocessing = 0;
		};
/* End PBXSourcesBuildPhase section */

/* Begin PBXTargetDependency section */
		689D5A8D22E3011400DE33FC /* PBXTargetDependency */ = {
			isa = PBXTargetDependency;
			target = 689D5A7222E3011200DE33FC /* KJPlayerDemo */;
			targetProxy = 689D5A8C22E3011400DE33FC /* PBXContainerItemProxy */;
		};
		689D5A9822E3011400DE33FC /* PBXTargetDependency */ = {
			isa = PBXTargetDependency;
			target = 689D5A7222E3011200DE33FC /* KJPlayerDemo */;
			targetProxy = 689D5A9722E3011400DE33FC /* PBXContainerItemProxy */;
		};
/* End PBXTargetDependency section */

/* Begin PBXVariantGroup section */
		689D5A7C22E3011200DE33FC /* Main.storyboard */ = {
			isa = PBXVariantGroup;
			children = (
				689D5A7D22E3011200DE33FC /* Base */,
			);
			name = Main.storyboard;
			sourceTree = "<group>";
		};
		689D5A8122E3011400DE33FC /* LaunchScreen.storyboard */ = {
			isa = PBXVariantGroup;
			children = (
				689D5A8222E3011400DE33FC /* Base */,
			);
			name = LaunchScreen.storyboard;
			sourceTree = "<group>";
		};
/* End PBXVariantGroup section */

/* Begin XCBuildConfiguration section */
		689D5A9D22E3011400DE33FC /* Debug */ = {
			isa = XCBuildConfiguration;
			buildSettings = {
				ALWAYS_SEARCH_USER_PATHS = NO;
				CLANG_ANALYZER_NONNULL = YES;
				CLANG_ANALYZER_NUMBER_OBJECT_CONVERSION = YES_AGGRESSIVE;
				CLANG_CXX_LANGUAGE_STANDARD = "gnu++14";
				CLANG_CXX_LIBRARY = "libc++";
				CLANG_ENABLE_MODULES = YES;
				CLANG_ENABLE_OBJC_ARC = YES;
				CLANG_ENABLE_OBJC_WEAK = YES;
				CLANG_WARN_BLOCK_CAPTURE_AUTORELEASING = YES;
				CLANG_WARN_BOOL_CONVERSION = YES;
				CLANG_WARN_COMMA = YES;
				CLANG_WARN_CONSTANT_CONVERSION = YES;
				CLANG_WARN_DEPRECATED_OBJC_IMPLEMENTATIONS = YES;
				CLANG_WARN_DIRECT_OBJC_ISA_USAGE = YES_ERROR;
				CLANG_WARN_DOCUMENTATION_COMMENTS = YES;
				CLANG_WARN_EMPTY_BODY = YES;
				CLANG_WARN_ENUM_CONVERSION = YES;
				CLANG_WARN_INFINITE_RECURSION = YES;
				CLANG_WARN_INT_CONVERSION = YES;
				CLANG_WARN_NON_LITERAL_NULL_CONVERSION = YES;
				CLANG_WARN_OBJC_IMPLICIT_RETAIN_SELF = YES;
				CLANG_WARN_OBJC_LITERAL_CONVERSION = YES;
				CLANG_WARN_OBJC_ROOT_CLASS = YES_ERROR;
				CLANG_WARN_QUOTED_INCLUDE_IN_FRAMEWORK_HEADER = YES;
				CLANG_WARN_RANGE_LOOP_ANALYSIS = YES;
				CLANG_WARN_STRICT_PROTOTYPES = YES;
				CLANG_WARN_SUSPICIOUS_MOVE = YES;
				CLANG_WARN_UNGUARDED_AVAILABILITY = YES_AGGRESSIVE;
				CLANG_WARN_UNREACHABLE_CODE = YES;
				CLANG_WARN__DUPLICATE_METHOD_MATCH = YES;
				CODE_SIGN_IDENTITY = "iPhone Developer";
				COPY_PHASE_STRIP = NO;
				DEBUG_INFORMATION_FORMAT = dwarf;
				ENABLE_STRICT_OBJC_MSGSEND = YES;
				ENABLE_TESTABILITY = YES;
				GCC_C_LANGUAGE_STANDARD = gnu11;
				GCC_DYNAMIC_NO_PIC = NO;
				GCC_NO_COMMON_BLOCKS = YES;
				GCC_OPTIMIZATION_LEVEL = 0;
				GCC_PREPROCESSOR_DEFINITIONS = (
					"DEBUG=1",
					"$(inherited)",
				);
				GCC_WARN_64_TO_32_BIT_CONVERSION = YES;
				GCC_WARN_ABOUT_RETURN_TYPE = YES_ERROR;
				GCC_WARN_UNDECLARED_SELECTOR = YES;
				GCC_WARN_UNINITIALIZED_AUTOS = YES_AGGRESSIVE;
				GCC_WARN_UNUSED_FUNCTION = YES;
				GCC_WARN_UNUSED_VARIABLE = YES;
				IPHONEOS_DEPLOYMENT_TARGET = 14.4;
				MTL_ENABLE_DEBUG_INFO = INCLUDE_SOURCE;
				MTL_FAST_MATH = YES;
				ONLY_ACTIVE_ARCH = YES;
				SDKROOT = iphoneos;
			};
			name = Debug;
		};
		689D5A9E22E3011400DE33FC /* Release */ = {
			isa = XCBuildConfiguration;
			buildSettings = {
				ALWAYS_SEARCH_USER_PATHS = NO;
				CLANG_ANALYZER_NONNULL = YES;
				CLANG_ANALYZER_NUMBER_OBJECT_CONVERSION = YES_AGGRESSIVE;
				CLANG_CXX_LANGUAGE_STANDARD = "gnu++14";
				CLANG_CXX_LIBRARY = "libc++";
				CLANG_ENABLE_MODULES = YES;
				CLANG_ENABLE_OBJC_ARC = YES;
				CLANG_ENABLE_OBJC_WEAK = YES;
				CLANG_WARN_BLOCK_CAPTURE_AUTORELEASING = YES;
				CLANG_WARN_BOOL_CONVERSION = YES;
				CLANG_WARN_COMMA = YES;
				CLANG_WARN_CONSTANT_CONVERSION = YES;
				CLANG_WARN_DEPRECATED_OBJC_IMPLEMENTATIONS = YES;
				CLANG_WARN_DIRECT_OBJC_ISA_USAGE = YES_ERROR;
				CLANG_WARN_DOCUMENTATION_COMMENTS = YES;
				CLANG_WARN_EMPTY_BODY = YES;
				CLANG_WARN_ENUM_CONVERSION = YES;
				CLANG_WARN_INFINITE_RECURSION = YES;
				CLANG_WARN_INT_CONVERSION = YES;
				CLANG_WARN_NON_LITERAL_NULL_CONVERSION = YES;
				CLANG_WARN_OBJC_IMPLICIT_RETAIN_SELF = YES;
				CLANG_WARN_OBJC_LITERAL_CONVERSION = YES;
				CLANG_WARN_OBJC_ROOT_CLASS = YES_ERROR;
				CLANG_WARN_QUOTED_INCLUDE_IN_FRAMEWORK_HEADER = YES;
				CLANG_WARN_RANGE_LOOP_ANALYSIS = YES;
				CLANG_WARN_STRICT_PROTOTYPES = YES;
				CLANG_WARN_SUSPICIOUS_MOVE = YES;
				CLANG_WARN_UNGUARDED_AVAILABILITY = YES_AGGRESSIVE;
				CLANG_WARN_UNREACHABLE_CODE = YES;
				CLANG_WARN__DUPLICATE_METHOD_MATCH = YES;
				CODE_SIGN_IDENTITY = "iPhone Developer";
				COPY_PHASE_STRIP = NO;
				DEBUG_INFORMATION_FORMAT = "dwarf-with-dsym";
				ENABLE_NS_ASSERTIONS = NO;
				ENABLE_STRICT_OBJC_MSGSEND = YES;
				GCC_C_LANGUAGE_STANDARD = gnu11;
				GCC_NO_COMMON_BLOCKS = YES;
				GCC_WARN_64_TO_32_BIT_CONVERSION = YES;
				GCC_WARN_ABOUT_RETURN_TYPE = YES_ERROR;
				GCC_WARN_UNDECLARED_SELECTOR = YES;
				GCC_WARN_UNINITIALIZED_AUTOS = YES_AGGRESSIVE;
				GCC_WARN_UNUSED_FUNCTION = YES;
				GCC_WARN_UNUSED_VARIABLE = YES;
				IPHONEOS_DEPLOYMENT_TARGET = 14.4;
				MTL_ENABLE_DEBUG_INFO = NO;
				MTL_FAST_MATH = YES;
				SDKROOT = iphoneos;
				VALIDATE_PRODUCT = YES;
			};
			name = Release;
		};
		689D5AA022E3011400DE33FC /* Debug */ = {
			isa = XCBuildConfiguration;
			baseConfigurationReference = E733241E0A775FE835BF0671 /* Pods-KJPlayerDemo.debug.xcconfig */;
			buildSettings = {
				ASSETCATALOG_COMPILER_APPICON_NAME = AppIcon;
				CLANG_ENABLE_OBJC_WEAK = NO;
				CODE_SIGN_STYLE = Automatic;
				DEVELOPMENT_TEAM = 6E658L6H38;
				FRAMEWORK_SEARCH_PATHS = (
					"$(inherited)",
					"$(PROJECT_DIR)/KJPlayerDemo/KJIJKPlayer",
					"$(PROJECT_DIR)",
					"$(PROJECT_DIR)/KJPlayerDemo",
				);
				GCC_PREFIX_HEADER = "$(SRCROOT)/KJPlayerDemo/PrefixHeader.pch";
				HEADER_SEARCH_PATHS = "\"$(PROJECT_DIR)/KJPlayerDemo/KJIJKPlayer/IJKMediaFramework.framework/Headers\"";
				INFOPLIST_FILE = "$(SRCROOT)/KJPlayerDemo/Info.plist";
				IPHONEOS_DEPLOYMENT_TARGET = 12.0;
				LD_RUNPATH_SEARCH_PATHS = (
					"$(inherited)",
					"@executable_path/Frameworks",
				);
				PRODUCT_BUNDLE_IDENTIFIER = com.ykj.KJPlayerDemo.KJPlayerDemo;
				PRODUCT_NAME = "$(TARGET_NAME)";
				TARGETED_DEVICE_FAMILY = "1,2";
			};
			name = Debug;
		};
		689D5AA122E3011400DE33FC /* Release */ = {
			isa = XCBuildConfiguration;
			baseConfigurationReference = 74836F060C378E015B277023 /* Pods-KJPlayerDemo.release.xcconfig */;
			buildSettings = {
				ASSETCATALOG_COMPILER_APPICON_NAME = AppIcon;
				CLANG_ENABLE_OBJC_WEAK = NO;
				CODE_SIGN_STYLE = Automatic;
				DEVELOPMENT_TEAM = 6E658L6H38;
				FRAMEWORK_SEARCH_PATHS = (
					"$(inherited)",
					"$(PROJECT_DIR)/KJPlayerDemo/KJIJKPlayer",
					"$(PROJECT_DIR)",
					"$(PROJECT_DIR)/KJPlayerDemo",
				);
				GCC_PREFIX_HEADER = "$(SRCROOT)/KJPlayerDemo/PrefixHeader.pch";
				HEADER_SEARCH_PATHS = "\"$(PROJECT_DIR)/KJPlayerDemo/KJIJKPlayer/IJKMediaFramework.framework/Headers\"";
				INFOPLIST_FILE = "$(SRCROOT)/KJPlayerDemo/Info.plist";
				IPHONEOS_DEPLOYMENT_TARGET = 12.0;
				LD_RUNPATH_SEARCH_PATHS = (
					"$(inherited)",
					"@executable_path/Frameworks",
				);
				PRODUCT_BUNDLE_IDENTIFIER = com.ykj.KJPlayerDemo.KJPlayerDemo;
				PRODUCT_NAME = "$(TARGET_NAME)";
				TARGETED_DEVICE_FAMILY = "1,2";
			};
			name = Release;
		};
		689D5AA322E3011400DE33FC /* Debug */ = {
			isa = XCBuildConfiguration;
			baseConfigurationReference = CBF6EBDBCF6E0D0E0D970B1D /* Pods-KJPlayerDemoTests.debug.xcconfig */;
			buildSettings = {
				BUNDLE_LOADER = "$(TEST_HOST)";
				CODE_SIGN_STYLE = Automatic;
				DEVELOPMENT_TEAM = "";
				INFOPLIST_FILE = KJPlayerDemoTests/Info.plist;
				LD_RUNPATH_SEARCH_PATHS = (
					"$(inherited)",
					"@executable_path/Frameworks",
					"@loader_path/Frameworks",
				);
				PRODUCT_BUNDLE_IDENTIFIER = com.ykj.KJPlayerDemo.KJPlayerDemoTests;
				PRODUCT_NAME = "$(TARGET_NAME)";
				TARGETED_DEVICE_FAMILY = "1,2";
				TEST_HOST = "$(BUILT_PRODUCTS_DIR)/KJPlayerDemo.app/KJPlayerDemo";
			};
			name = Debug;
		};
		689D5AA422E3011400DE33FC /* Release */ = {
			isa = XCBuildConfiguration;
			baseConfigurationReference = 8454464B99E087E75C3480AC /* Pods-KJPlayerDemoTests.release.xcconfig */;
			buildSettings = {
				BUNDLE_LOADER = "$(TEST_HOST)";
				CODE_SIGN_STYLE = Automatic;
				DEVELOPMENT_TEAM = "";
				INFOPLIST_FILE = KJPlayerDemoTests/Info.plist;
				LD_RUNPATH_SEARCH_PATHS = (
					"$(inherited)",
					"@executable_path/Frameworks",
					"@loader_path/Frameworks",
				);
				PRODUCT_BUNDLE_IDENTIFIER = com.ykj.KJPlayerDemo.KJPlayerDemoTests;
				PRODUCT_NAME = "$(TARGET_NAME)";
				TARGETED_DEVICE_FAMILY = "1,2";
				TEST_HOST = "$(BUILT_PRODUCTS_DIR)/KJPlayerDemo.app/KJPlayerDemo";
			};
			name = Release;
		};
		689D5AA622E3011400DE33FC /* Debug */ = {
			isa = XCBuildConfiguration;
			baseConfigurationReference = 1FF650ADF99287F12F0E0F64 /* Pods-KJPlayerDemo-KJPlayerDemoUITests.debug.xcconfig */;
			buildSettings = {
				CODE_SIGN_STYLE = Automatic;
				DEVELOPMENT_TEAM = HXTFJDA4H2;
				INFOPLIST_FILE = KJPlayerDemoUITests/Info.plist;
				LD_RUNPATH_SEARCH_PATHS = (
					"$(inherited)",
					"@executable_path/Frameworks",
					"@loader_path/Frameworks",
				);
				PRODUCT_BUNDLE_IDENTIFIER = com.ykj.KJPlayerDemo.KJPlayerDemoUITests;
				PRODUCT_NAME = "$(TARGET_NAME)";
				TARGETED_DEVICE_FAMILY = "1,2";
				TEST_TARGET_NAME = KJPlayerDemo;
			};
			name = Debug;
		};
		689D5AA722E3011400DE33FC /* Release */ = {
			isa = XCBuildConfiguration;
			baseConfigurationReference = F55091957307083E004EF6AE /* Pods-KJPlayerDemo-KJPlayerDemoUITests.release.xcconfig */;
			buildSettings = {
				CODE_SIGN_STYLE = Automatic;
				DEVELOPMENT_TEAM = HXTFJDA4H2;
				INFOPLIST_FILE = KJPlayerDemoUITests/Info.plist;
				LD_RUNPATH_SEARCH_PATHS = (
					"$(inherited)",
					"@executable_path/Frameworks",
					"@loader_path/Frameworks",
				);
				PRODUCT_BUNDLE_IDENTIFIER = com.ykj.KJPlayerDemo.KJPlayerDemoUITests;
				PRODUCT_NAME = "$(TARGET_NAME)";
				TARGETED_DEVICE_FAMILY = "1,2";
				TEST_TARGET_NAME = KJPlayerDemo;
			};
			name = Release;
		};
/* End XCBuildConfiguration section */

/* Begin XCConfigurationList section */
		689D5A6E22E3011200DE33FC /* Build configuration list for PBXProject "KJPlayerDemo" */ = {
			isa = XCConfigurationList;
			buildConfigurations = (
				689D5A9D22E3011400DE33FC /* Debug */,
				689D5A9E22E3011400DE33FC /* Release */,
			);
			defaultConfigurationIsVisible = 0;
			defaultConfigurationName = Release;
		};
		689D5A9F22E3011400DE33FC /* Build configuration list for PBXNativeTarget "KJPlayerDemo" */ = {
			isa = XCConfigurationList;
			buildConfigurations = (
				689D5AA022E3011400DE33FC /* Debug */,
				689D5AA122E3011400DE33FC /* Release */,
			);
			defaultConfigurationIsVisible = 0;
			defaultConfigurationName = Release;
		};
		689D5AA222E3011400DE33FC /* Build configuration list for PBXNativeTarget "KJPlayerDemoTests" */ = {
			isa = XCConfigurationList;
			buildConfigurations = (
				689D5AA322E3011400DE33FC /* Debug */,
				689D5AA422E3011400DE33FC /* Release */,
			);
			defaultConfigurationIsVisible = 0;
			defaultConfigurationName = Release;
		};
		689D5AA522E3011400DE33FC /* Build configuration list for PBXNativeTarget "KJPlayerDemoUITests" */ = {
			isa = XCConfigurationList;
			buildConfigurations = (
				689D5AA622E3011400DE33FC /* Debug */,
				689D5AA722E3011400DE33FC /* Release */,
			);
			defaultConfigurationIsVisible = 0;
			defaultConfigurationName = Release;
		};
/* End XCConfigurationList section */

/* Begin XCVersionGroup section */
		68E902F725CFFEB9003FB88D /* DBPlayer.xcdatamodeld */ = {
			isa = XCVersionGroup;
			children = (
				68E902F825CFFEB9003FB88D /* DBPlayer.xcdatamodel */,
			);
			currentVersion = 68E902F825CFFEB9003FB88D /* DBPlayer.xcdatamodel */;
			path = DBPlayer.xcdatamodeld;
			sourceTree = "<group>";
			versionGroupType = wrapper.xcdatamodel;
		};
/* End XCVersionGroup section */
	};
	rootObject = 689D5A6B22E3011200DE33FC /* Project object */;
}
