// !$*UTF8*$!
{
	archiveVersion = 1;
	classes = {
	};
	objectVersion = 50;
	objects = {

/* Begin PBXBuildFile section */
		6819B5C0231F4DE700552AF2 /* KJPlayer.podspec in Resources */ = {isa = PBXBuildFile; fileRef = 6819B5BE231F4DE700552AF2 /* KJPlayer.podspec */; };
		6819B5C1231F4DE700552AF2 /* README.md in Resources */ = {isa = PBXBuildFile; fileRef = 6819B5BF231F4DE700552AF2 /* README.md */; };
		6819B5C4231F674200552AF2 /* NSObject+KJBackgroundMonitoring.m in Sources */ = {isa = PBXBuildFile; fileRef = 6819B5C3231F674200552AF2 /* NSObject+KJBackgroundMonitoring.m */; };
		681AD53822E55F2800F1018B /* KJPlayerView.m in Sources */ = {isa = PBXBuildFile; fileRef = 681AD53722E55F2800F1018B /* KJPlayerView.m */; };
		68231D8F22E59E5F00A333DC /* KJPlayerView.bundle in Resources */ = {isa = PBXBuildFile; fileRef = 68231D8E22E59E5F00A333DC /* KJPlayerView.bundle */; };
		68322DCA22EB5C5B003AFA6B /* KJFileOperation.m in Sources */ = {isa = PBXBuildFile; fileRef = 68322DC922EB5C5B003AFA6B /* KJFileOperation.m */; };
		6846A03E22E6A3FA0086C16F /* KJLightView.m in Sources */ = {isa = PBXBuildFile; fileRef = 6846A03D22E6A3FA0086C16F /* KJLightView.m */; };
		68643A5B22E6F63A0065F787 /* KJPlayerViewConfiguration.m in Sources */ = {isa = PBXBuildFile; fileRef = 68643A5A22E6F63A0065F787 /* KJPlayerViewConfiguration.m */; };
		686EEB9123C3357300F7DC2C /* UIButton+KJPlayerButtonTouchAreaInsets.m in Sources */ = {isa = PBXBuildFile; fileRef = 686EEB9023C3357300F7DC2C /* UIButton+KJPlayerButtonTouchAreaInsets.m */; };
		687AA4CB2326357900C8EFF7 /* KJDefinitionView.m in Sources */ = {isa = PBXBuildFile; fileRef = 687AA4CA2326357900C8EFF7 /* KJDefinitionView.m */; };
		6887897C22E7E6C30087597D /* KJPlayerViewModel.m in Sources */ = {isa = PBXBuildFile; fileRef = 6887897B22E7E6C30087597D /* KJPlayerViewModel.m */; };
		6887897E22E82BC00087597D /* Heiyaya.mp4 in Resources */ = {isa = PBXBuildFile; fileRef = 6887897D22E82BC00087597D /* Heiyaya.mp4 */; };
		689D5A7822E3011200DE33FC /* AppDelegate.m in Sources */ = {isa = PBXBuildFile; fileRef = 689D5A7722E3011200DE33FC /* AppDelegate.m */; };
		689D5A7B22E3011200DE33FC /* ViewController.m in Sources */ = {isa = PBXBuildFile; fileRef = 689D5A7A22E3011200DE33FC /* ViewController.m */; };
		689D5A7E22E3011200DE33FC /* Main.storyboard in Resources */ = {isa = PBXBuildFile; fileRef = 689D5A7C22E3011200DE33FC /* Main.storyboard */; };
		689D5A8022E3011400DE33FC /* Assets.xcassets in Resources */ = {isa = PBXBuildFile; fileRef = 689D5A7F22E3011400DE33FC /* Assets.xcassets */; };
		689D5A8322E3011400DE33FC /* LaunchScreen.storyboard in Resources */ = {isa = PBXBuildFile; fileRef = 689D5A8122E3011400DE33FC /* LaunchScreen.storyboard */; };
		689D5A8622E3011400DE33FC /* main.m in Sources */ = {isa = PBXBuildFile; fileRef = 689D5A8522E3011400DE33FC /* main.m */; };
		689D5A9022E3011400DE33FC /* KJPlayerDemoTests.m in Sources */ = {isa = PBXBuildFile; fileRef = 689D5A8F22E3011400DE33FC /* KJPlayerDemoTests.m */; };
		689D5A9B22E3011400DE33FC /* KJPlayerDemoUITests.m in Sources */ = {isa = PBXBuildFile; fileRef = 689D5A9A22E3011400DE33FC /* KJPlayerDemoUITests.m */; };
		689D5AAC22E30EDA00DE33FC /* KJPlayer.m in Sources */ = {isa = PBXBuildFile; fileRef = 689D5AAB22E30EDA00DE33FC /* KJPlayer.m */; };
		689D5AB022E3149400DE33FC /* KJRequestTask.m in Sources */ = {isa = PBXBuildFile; fileRef = 689D5AAF22E3149400DE33FC /* KJRequestTask.m */; };
		689D5AB422E3525200DE33FC /* KJPlayerURLConnection.m in Sources */ = {isa = PBXBuildFile; fileRef = 689D5AB322E3525200DE33FC /* KJPlayerURLConnection.m */; };
		689D5AB722E471AB00DE33FC /* KJPlayerTool.m in Sources */ = {isa = PBXBuildFile; fileRef = 689D5AB622E471AB00DE33FC /* KJPlayerTool.m */; };
		68C4AE8D22E5A86000E9E806 /* KJFastView.m in Sources */ = {isa = PBXBuildFile; fileRef = 68C4AE8C22E5A86000E9E806 /* KJFastView.m */; };
/* End PBXBuildFile section */

/* Begin PBXContainerItemProxy section */
		689D5A8C22E3011400DE33FC /* PBXContainerItemProxy */ = {
			isa = PBXContainerItemProxy;
			containerPortal = 689D5A6B22E3011200DE33FC /* Project object */;
			proxyType = 1;
			remoteGlobalIDString = 689D5A7222E3011200DE33FC;
			remoteInfo = KJPlayerDemo;
		};
		689D5A9722E3011400DE33FC /* PBXContainerItemProxy */ = {
			isa = PBXContainerItemProxy;
			containerPortal = 689D5A6B22E3011200DE33FC /* Project object */;
			proxyType = 1;
			remoteGlobalIDString = 689D5A7222E3011200DE33FC;
			remoteInfo = KJPlayerDemo;
		};
/* End PBXContainerItemProxy section */

/* Begin PBXFileReference section */
		6819B5BE231F4DE700552AF2 /* KJPlayer.podspec */ = {isa = PBXFileReference; fileEncoding = 4; lastKnownFileType = text; path = KJPlayer.podspec; sourceTree = SOURCE_ROOT; };
		6819B5BF231F4DE700552AF2 /* README.md */ = {isa = PBXFileReference; fileEncoding = 4; lastKnownFileType = net.daringfireball.markdown; path = README.md; sourceTree = SOURCE_ROOT; };
		6819B5C2231F674200552AF2 /* NSObject+KJBackgroundMonitoring.h */ = {isa = PBXFileReference; lastKnownFileType = sourcecode.c.h; path = "NSObject+KJBackgroundMonitoring.h"; sourceTree = "<group>"; };
		6819B5C3231F674200552AF2 /* NSObject+KJBackgroundMonitoring.m */ = {isa = PBXFileReference; lastKnownFileType = sourcecode.c.objc; path = "NSObject+KJBackgroundMonitoring.m"; sourceTree = "<group>"; };
		681AD53622E55F2800F1018B /* KJPlayerView.h */ = {isa = PBXFileReference; lastKnownFileType = sourcecode.c.h; path = KJPlayerView.h; sourceTree = "<group>"; };
		681AD53722E55F2800F1018B /* KJPlayerView.m */ = {isa = PBXFileReference; lastKnownFileType = sourcecode.c.objc; path = KJPlayerView.m; sourceTree = "<group>"; };
		68231D8E22E59E5F00A333DC /* KJPlayerView.bundle */ = {isa = PBXFileReference; lastKnownFileType = "wrapper.plug-in"; path = KJPlayerView.bundle; sourceTree = "<group>"; };
		68322DC822EB5C5B003AFA6B /* KJFileOperation.h */ = {isa = PBXFileReference; lastKnownFileType = sourcecode.c.h; path = KJFileOperation.h; sourceTree = "<group>"; };
		68322DC922EB5C5B003AFA6B /* KJFileOperation.m */ = {isa = PBXFileReference; lastKnownFileType = sourcecode.c.objc; path = KJFileOperation.m; sourceTree = "<group>"; };
		6846A03C22E6A3FA0086C16F /* KJLightView.h */ = {isa = PBXFileReference; lastKnownFileType = sourcecode.c.h; path = KJLightView.h; sourceTree = "<group>"; };
		6846A03D22E6A3FA0086C16F /* KJLightView.m */ = {isa = PBXFileReference; lastKnownFileType = sourcecode.c.objc; path = KJLightView.m; sourceTree = "<group>"; };
		68643A5922E6F63A0065F787 /* KJPlayerViewConfiguration.h */ = {isa = PBXFileReference; lastKnownFileType = sourcecode.c.h; path = KJPlayerViewConfiguration.h; sourceTree = "<group>"; };
		68643A5A22E6F63A0065F787 /* KJPlayerViewConfiguration.m */ = {isa = PBXFileReference; lastKnownFileType = sourcecode.c.objc; path = KJPlayerViewConfiguration.m; sourceTree = "<group>"; };
		686EEB8F23C3357300F7DC2C /* UIButton+KJPlayerButtonTouchAreaInsets.h */ = {isa = PBXFileReference; lastKnownFileType = sourcecode.c.h; path = "UIButton+KJPlayerButtonTouchAreaInsets.h"; sourceTree = "<group>"; };
		686EEB9023C3357300F7DC2C /* UIButton+KJPlayerButtonTouchAreaInsets.m */ = {isa = PBXFileReference; lastKnownFileType = sourcecode.c.objc; path = "UIButton+KJPlayerButtonTouchAreaInsets.m"; sourceTree = "<group>"; };
		687AA4C92326357900C8EFF7 /* KJDefinitionView.h */ = {isa = PBXFileReference; lastKnownFileType = sourcecode.c.h; path = KJDefinitionView.h; sourceTree = "<group>"; };
		687AA4CA2326357900C8EFF7 /* KJDefinitionView.m */ = {isa = PBXFileReference; lastKnownFileType = sourcecode.c.objc; path = KJDefinitionView.m; sourceTree = "<group>"; };
		6887897A22E7E6C30087597D /* KJPlayerViewModel.h */ = {isa = PBXFileReference; lastKnownFileType = sourcecode.c.h; path = KJPlayerViewModel.h; sourceTree = "<group>"; };
		6887897B22E7E6C30087597D /* KJPlayerViewModel.m */ = {isa = PBXFileReference; lastKnownFileType = sourcecode.c.objc; path = KJPlayerViewModel.m; sourceTree = "<group>"; };
		6887897D22E82BC00087597D /* Heiyaya.mp4 */ = {isa = PBXFileReference; lastKnownFileType = file; path = Heiyaya.mp4; sourceTree = "<group>"; };
		689D5A7322E3011200DE33FC /* KJPlayerDemo.app */ = {isa = PBXFileReference; explicitFileType = wrapper.application; includeInIndex = 0; path = KJPlayerDemo.app; sourceTree = BUILT_PRODUCTS_DIR; };
		689D5A7622E3011200DE33FC /* AppDelegate.h */ = {isa = PBXFileReference; lastKnownFileType = sourcecode.c.h; path = AppDelegate.h; sourceTree = "<group>"; };
		689D5A7722E3011200DE33FC /* AppDelegate.m */ = {isa = PBXFileReference; lastKnownFileType = sourcecode.c.objc; path = AppDelegate.m; sourceTree = "<group>"; };
		689D5A7922E3011200DE33FC /* ViewController.h */ = {isa = PBXFileReference; lastKnownFileType = sourcecode.c.h; path = ViewController.h; sourceTree = "<group>"; };
		689D5A7A22E3011200DE33FC /* ViewController.m */ = {isa = PBXFileReference; lastKnownFileType = sourcecode.c.objc; path = ViewController.m; sourceTree = "<group>"; };
		689D5A7D22E3011200DE33FC /* Base */ = {isa = PBXFileReference; lastKnownFileType = file.storyboard; name = Base; path = Base.lproj/Main.storyboard; sourceTree = "<group>"; };
		689D5A7F22E3011400DE33FC /* Assets.xcassets */ = {isa = PBXFileReference; lastKnownFileType = folder.assetcatalog; path = Assets.xcassets; sourceTree = "<group>"; };
		689D5A8222E3011400DE33FC /* Base */ = {isa = PBXFileReference; lastKnownFileType = file.storyboard; name = Base; path = Base.lproj/LaunchScreen.storyboard; sourceTree = "<group>"; };
		689D5A8422E3011400DE33FC /* Info.plist */ = {isa = PBXFileReference; lastKnownFileType = text.plist.xml; path = Info.plist; sourceTree = "<group>"; };
		689D5A8522E3011400DE33FC /* main.m */ = {isa = PBXFileReference; lastKnownFileType = sourcecode.c.objc; path = main.m; sourceTree = "<group>"; };
		689D5A8B22E3011400DE33FC /* KJPlayerDemoTests.xctest */ = {isa = PBXFileReference; explicitFileType = wrapper.cfbundle; includeInIndex = 0; path = KJPlayerDemoTests.xctest; sourceTree = BUILT_PRODUCTS_DIR; };
		689D5A8F22E3011400DE33FC /* KJPlayerDemoTests.m */ = {isa = PBXFileReference; lastKnownFileType = sourcecode.c.objc; path = KJPlayerDemoTests.m; sourceTree = "<group>"; };
		689D5A9122E3011400DE33FC /* Info.plist */ = {isa = PBXFileReference; lastKnownFileType = text.plist.xml; path = Info.plist; sourceTree = "<group>"; };
		689D5A9622E3011400DE33FC /* KJPlayerDemoUITests.xctest */ = {isa = PBXFileReference; explicitFileType = wrapper.cfbundle; includeInIndex = 0; path = KJPlayerDemoUITests.xctest; sourceTree = BUILT_PRODUCTS_DIR; };
		689D5A9A22E3011400DE33FC /* KJPlayerDemoUITests.m */ = {isa = PBXFileReference; lastKnownFileType = sourcecode.c.objc; path = KJPlayerDemoUITests.m; sourceTree = "<group>"; };
		689D5A9C22E3011400DE33FC /* Info.plist */ = {isa = PBXFileReference; lastKnownFileType = text.plist.xml; path = Info.plist; sourceTree = "<group>"; };
		689D5AAA22E30EDA00DE33FC /* KJPlayer.h */ = {isa = PBXFileReference; lastKnownFileType = sourcecode.c.h; path = KJPlayer.h; sourceTree = "<group>"; };
		689D5AAB22E30EDA00DE33FC /* KJPlayer.m */ = {isa = PBXFileReference; lastKnownFileType = sourcecode.c.objc; path = KJPlayer.m; sourceTree = "<group>"; };
		689D5AAE22E3149400DE33FC /* KJRequestTask.h */ = {isa = PBXFileReference; lastKnownFileType = sourcecode.c.h; path = KJRequestTask.h; sourceTree = "<group>"; };
		689D5AAF22E3149400DE33FC /* KJRequestTask.m */ = {isa = PBXFileReference; lastKnownFileType = sourcecode.c.objc; path = KJRequestTask.m; sourceTree = "<group>"; };
		689D5AB222E3525200DE33FC /* KJPlayerURLConnection.h */ = {isa = PBXFileReference; lastKnownFileType = sourcecode.c.h; path = KJPlayerURLConnection.h; sourceTree = "<group>"; };
		689D5AB322E3525200DE33FC /* KJPlayerURLConnection.m */ = {isa = PBXFileReference; lastKnownFileType = sourcecode.c.objc; path = KJPlayerURLConnection.m; sourceTree = "<group>"; };
		689D5AB522E471AB00DE33FC /* KJPlayerTool.h */ = {isa = PBXFileReference; lastKnownFileType = sourcecode.c.h; path = KJPlayerTool.h; sourceTree = "<group>"; };
		689D5AB622E471AB00DE33FC /* KJPlayerTool.m */ = {isa = PBXFileReference; lastKnownFileType = sourcecode.c.objc; path = KJPlayerTool.m; sourceTree = "<group>"; };
		68C4AE8B22E5A86000E9E806 /* KJFastView.h */ = {isa = PBXFileReference; lastKnownFileType = sourcecode.c.h; path = KJFastView.h; sourceTree = "<group>"; };
		68C4AE8C22E5A86000E9E806 /* KJFastView.m */ = {isa = PBXFileReference; lastKnownFileType = sourcecode.c.objc; path = KJFastView.m; sourceTree = "<group>"; };
		68C4AE8E22E5B38A00E9E806 /* KJPlayerViewHeader.h */ = {isa = PBXFileReference; lastKnownFileType = sourcecode.c.h; path = KJPlayerViewHeader.h; sourceTree = "<group>"; };
		68EC0D762360025D00867AAB /* KJPlayerHeader.h */ = {isa = PBXFileReference; fileEncoding = 4; lastKnownFileType = sourcecode.c.h; path = KJPlayerHeader.h; sourceTree = "<group>"; };
/* End PBXFileReference section */

/* Begin PBXFrameworksBuildPhase section */
		689D5A7022E3011200DE33FC /* Frameworks */ = {
			isa = PBXFrameworksBuildPhase;
			buildActionMask = 2147483647;
			files = (
			);
			runOnlyForDeploymentPostprocessing = 0;
		};
		689D5A8822E3011400DE33FC /* Frameworks */ = {
			isa = PBXFrameworksBuildPhase;
			buildActionMask = 2147483647;
			files = (
			);
			runOnlyForDeploymentPostprocessing = 0;
		};
		689D5A9322E3011400DE33FC /* Frameworks */ = {
			isa = PBXFrameworksBuildPhase;
			buildActionMask = 2147483647;
			files = (
			);
			runOnlyForDeploymentPostprocessing = 0;
		};
/* End PBXFrameworksBuildPhase section */

/* Begin PBXGroup section */
		6887897F22E82BC40087597D /* Res */ = {
			isa = PBXGroup;
			children = (
				6887897D22E82BC00087597D /* Heiyaya.mp4 */,
			);
			path = Res;
			sourceTree = "<group>";
		};
		689D5A6A22E3011200DE33FC = {
			isa = PBXGroup;
			children = (
				689D5A7522E3011200DE33FC /* KJPlayerDemo */,
				689D5A8E22E3011400DE33FC /* KJPlayerDemoTests */,
				689D5A9922E3011400DE33FC /* KJPlayerDemoUITests */,
				689D5A7422E3011200DE33FC /* Products */,
			);
			sourceTree = "<group>";
		};
		689D5A7422E3011200DE33FC /* Products */ = {
			isa = PBXGroup;
			children = (
				689D5A7322E3011200DE33FC /* KJPlayerDemo.app */,
				689D5A8B22E3011400DE33FC /* KJPlayerDemoTests.xctest */,
				689D5A9622E3011400DE33FC /* KJPlayerDemoUITests.xctest */,
			);
			name = Products;
			sourceTree = "<group>";
		};
		689D5A7522E3011200DE33FC /* KJPlayerDemo */ = {
			isa = PBXGroup;
			children = (
				68EC0D762360025D00867AAB /* KJPlayerHeader.h */,
				689D5AB122E3305700DE33FC /* KJPlayerView */,
				689D5AA922E3012E00DE33FC /* KJPlayer */,
				689D5AA822E3011E00DE33FC /* Demo */,
			);
			path = KJPlayerDemo;
			sourceTree = "<group>";
		};
		689D5A8E22E3011400DE33FC /* KJPlayerDemoTests */ = {
			isa = PBXGroup;
			children = (
				689D5A8F22E3011400DE33FC /* KJPlayerDemoTests.m */,
				689D5A9122E3011400DE33FC /* Info.plist */,
			);
			path = KJPlayerDemoTests;
			sourceTree = "<group>";
		};
		689D5A9922E3011400DE33FC /* KJPlayerDemoUITests */ = {
			isa = PBXGroup;
			children = (
				689D5A9A22E3011400DE33FC /* KJPlayerDemoUITests.m */,
				689D5A9C22E3011400DE33FC /* Info.plist */,
			);
			path = KJPlayerDemoUITests;
			sourceTree = "<group>";
		};
		689D5AA822E3011E00DE33FC /* Demo */ = {
			isa = PBXGroup;
			children = (
				6887897F22E82BC40087597D /* Res */,
				689D5A7622E3011200DE33FC /* AppDelegate.h */,
				689D5A7722E3011200DE33FC /* AppDelegate.m */,
				689D5A7922E3011200DE33FC /* ViewController.h */,
				689D5A7A22E3011200DE33FC /* ViewController.m */,
				689D5A7C22E3011200DE33FC /* Main.storyboard */,
				689D5A7F22E3011400DE33FC /* Assets.xcassets */,
				689D5A8122E3011400DE33FC /* LaunchScreen.storyboard */,
				689D5A8422E3011400DE33FC /* Info.plist */,
				689D5A8522E3011400DE33FC /* main.m */,
				6819B5BE231F4DE700552AF2 /* KJPlayer.podspec */,
				6819B5BF231F4DE700552AF2 /* README.md */,
			);
			path = Demo;
			sourceTree = "<group>";
		};
		689D5AA922E3012E00DE33FC /* KJPlayer */ = {
			isa = PBXGroup;
			children = (
				689D5AB822E47F7C00DE33FC /* Tools */,
				689D5AAD22E3146B00DE33FC /* Network */,
				689D5AAA22E30EDA00DE33FC /* KJPlayer.h */,
				689D5AAB22E30EDA00DE33FC /* KJPlayer.m */,
			);
			path = KJPlayer;
			sourceTree = "<group>";
		};
		689D5AAD22E3146B00DE33FC /* Network */ = {
			isa = PBXGroup;
			children = (
				689D5AAE22E3149400DE33FC /* KJRequestTask.h */,
				689D5AAF22E3149400DE33FC /* KJRequestTask.m */,
				689D5AB222E3525200DE33FC /* KJPlayerURLConnection.h */,
				689D5AB322E3525200DE33FC /* KJPlayerURLConnection.m */,
			);
			path = Network;
			sourceTree = "<group>";
		};
		689D5AB122E3305700DE33FC /* KJPlayerView */ = {
			isa = PBXGroup;
			children = (
				68231D8E22E59E5F00A333DC /* KJPlayerView.bundle */,
				681AD53622E55F2800F1018B /* KJPlayerView.h */,
				681AD53722E55F2800F1018B /* KJPlayerView.m */,
				68C4AE8B22E5A86000E9E806 /* KJFastView.h */,
				68C4AE8C22E5A86000E9E806 /* KJFastView.m */,
				6846A03C22E6A3FA0086C16F /* KJLightView.h */,
				6846A03D22E6A3FA0086C16F /* KJLightView.m */,
				687AA4C92326357900C8EFF7 /* KJDefinitionView.h */,
				687AA4CA2326357900C8EFF7 /* KJDefinitionView.m */,
				6887897A22E7E6C30087597D /* KJPlayerViewModel.h */,
				6887897B22E7E6C30087597D /* KJPlayerViewModel.m */,
				68643A5922E6F63A0065F787 /* KJPlayerViewConfiguration.h */,
				68643A5A22E6F63A0065F787 /* KJPlayerViewConfiguration.m */,
				68C4AE8E22E5B38A00E9E806 /* KJPlayerViewHeader.h */,
				686EEB8F23C3357300F7DC2C /* UIButton+KJPlayerButtonTouchAreaInsets.h */,
				686EEB9023C3357300F7DC2C /* UIButton+KJPlayerButtonTouchAreaInsets.m */,
			);
			path = KJPlayerView;
			sourceTree = "<group>";
		};
		689D5AB822E47F7C00DE33FC /* Tools */ = {
			isa = PBXGroup;
			children = (
				689D5AB522E471AB00DE33FC /* KJPlayerTool.h */,
				689D5AB622E471AB00DE33FC /* KJPlayerTool.m */,
				68322DC822EB5C5B003AFA6B /* KJFileOperation.h */,
				68322DC922EB5C5B003AFA6B /* KJFileOperation.m */,
				6819B5C2231F674200552AF2 /* NSObject+KJBackgroundMonitoring.h */,
				6819B5C3231F674200552AF2 /* NSObject+KJBackgroundMonitoring.m */,
			);
			path = Tools;
			sourceTree = "<group>";
		};
/* End PBXGroup section */

/* Begin PBXNativeTarget section */
		689D5A7222E3011200DE33FC /* KJPlayerDemo */ = {
			isa = PBXNativeTarget;
			buildConfigurationList = 689D5A9F22E3011400DE33FC /* Build configuration list for PBXNativeTarget "KJPlayerDemo" */;
			buildPhases = (
				689D5A6F22E3011200DE33FC /* Sources */,
				689D5A7022E3011200DE33FC /* Frameworks */,
				689D5A7122E3011200DE33FC /* Resources */,
			);
			buildRules = (
			);
			dependencies = (
			);
			name = KJPlayerDemo;
			productName = KJPlayerDemo;
			productReference = 689D5A7322E3011200DE33FC /* KJPlayerDemo.app */;
			productType = "com.apple.product-type.application";
		};
		689D5A8A22E3011400DE33FC /* KJPlayerDemoTests */ = {
			isa = PBXNativeTarget;
			buildConfigurationList = 689D5AA222E3011400DE33FC /* Build configuration list for PBXNativeTarget "KJPlayerDemoTests" */;
			buildPhases = (
				689D5A8722E3011400DE33FC /* Sources */,
				689D5A8822E3011400DE33FC /* Frameworks */,
				689D5A8922E3011400DE33FC /* Resources */,
			);
			buildRules = (
			);
			dependencies = (
				689D5A8D22E3011400DE33FC /* PBXTargetDependency */,
			);
			name = KJPlayerDemoTests;
			productName = KJPlayerDemoTests;
			productReference = 689D5A8B22E3011400DE33FC /* KJPlayerDemoTests.xctest */;
			productType = "com.apple.product-type.bundle.unit-test";
		};
		689D5A9522E3011400DE33FC /* KJPlayerDemoUITests */ = {
			isa = PBXNativeTarget;
			buildConfigurationList = 689D5AA522E3011400DE33FC /* Build configuration list for PBXNativeTarget "KJPlayerDemoUITests" */;
			buildPhases = (
				689D5A9222E3011400DE33FC /* Sources */,
				689D5A9322E3011400DE33FC /* Frameworks */,
				689D5A9422E3011400DE33FC /* Resources */,
			);
			buildRules = (
			);
			dependencies = (
				689D5A9822E3011400DE33FC /* PBXTargetDependency */,
			);
			name = KJPlayerDemoUITests;
			productName = KJPlayerDemoUITests;
			productReference = 689D5A9622E3011400DE33FC /* KJPlayerDemoUITests.xctest */;
			productType = "com.apple.product-type.bundle.ui-testing";
		};
/* End PBXNativeTarget section */

/* Begin PBXProject section */
		689D5A6B22E3011200DE33FC /* Project object */ = {
			isa = PBXProject;
			attributes = {
				LastUpgradeCheck = 1200;
				ORGANIZATIONNAME = "杨科军";
				TargetAttributes = {
					689D5A7222E3011200DE33FC = {
						CreatedOnToolsVersion = 10.2.1;
					};
					689D5A8A22E3011400DE33FC = {
						CreatedOnToolsVersion = 10.2.1;
						TestTargetID = 689D5A7222E3011200DE33FC;
					};
					689D5A9522E3011400DE33FC = {
						CreatedOnToolsVersion = 10.2.1;
						TestTargetID = 689D5A7222E3011200DE33FC;
					};
				};
			};
			buildConfigurationList = 689D5A6E22E3011200DE33FC /* Build configuration list for PBXProject "KJPlayerDemo" */;
			compatibilityVersion = "Xcode 9.3";
			developmentRegion = en;
			hasScannedForEncodings = 0;
			knownRegions = (
				en,
				Base,
			);
			mainGroup = 689D5A6A22E3011200DE33FC;
			productRefGroup = 689D5A7422E3011200DE33FC /* Products */;
			projectDirPath = "";
			projectRoot = "";
			targets = (
				689D5A7222E3011200DE33FC /* KJPlayerDemo */,
				689D5A8A22E3011400DE33FC /* KJPlayerDemoTests */,
				689D5A9522E3011400DE33FC /* KJPlayerDemoUITests */,
			);
		};
/* End PBXProject section */

/* Begin PBXResourcesBuildPhase section */
		689D5A7122E3011200DE33FC /* Resources */ = {
			isa = PBXResourcesBuildPhase;
			buildActionMask = 2147483647;
			files = (
				68231D8F22E59E5F00A333DC /* KJPlayerView.bundle in Resources */,
				6887897E22E82BC00087597D /* Heiyaya.mp4 in Resources */,
				689D5A8322E3011400DE33FC /* LaunchScreen.storyboard in Resources */,
				6819B5C1231F4DE700552AF2 /* README.md in Resources */,
				689D5A8022E3011400DE33FC /* Assets.xcassets in Resources */,
				6819B5C0231F4DE700552AF2 /* KJPlayer.podspec in Resources */,
				689D5A7E22E3011200DE33FC /* Main.storyboard in Resources */,
			);
			runOnlyForDeploymentPostprocessing = 0;
		};
		689D5A8922E3011400DE33FC /* Resources */ = {
			isa = PBXResourcesBuildPhase;
			buildActionMask = 2147483647;
			files = (
			);
			runOnlyForDeploymentPostprocessing = 0;
		};
		689D5A9422E3011400DE33FC /* Resources */ = {
			isa = PBXResourcesBuildPhase;
			buildActionMask = 2147483647;
			files = (
			);
			runOnlyForDeploymentPostprocessing = 0;
		};
/* End PBXResourcesBuildPhase section */

/* Begin PBXSourcesBuildPhase section */
		689D5A6F22E3011200DE33FC /* Sources */ = {
			isa = PBXSourcesBuildPhase;
			buildActionMask = 2147483647;
			files = (
				689D5AB722E471AB00DE33FC /* KJPlayerTool.m in Sources */,
				689D5A7B22E3011200DE33FC /* ViewController.m in Sources */,
				689D5A8622E3011400DE33FC /* main.m in Sources */,
				689D5AB022E3149400DE33FC /* KJRequestTask.m in Sources */,
				6887897C22E7E6C30087597D /* KJPlayerViewModel.m in Sources */,
				6846A03E22E6A3FA0086C16F /* KJLightView.m in Sources */,
				68322DCA22EB5C5B003AFA6B /* KJFileOperation.m in Sources */,
				689D5AB422E3525200DE33FC /* KJPlayerURLConnection.m in Sources */,
				686EEB9123C3357300F7DC2C /* UIButton+KJPlayerButtonTouchAreaInsets.m in Sources */,
				68643A5B22E6F63A0065F787 /* KJPlayerViewConfiguration.m in Sources */,
				689D5A7822E3011200DE33FC /* AppDelegate.m in Sources */,
				6819B5C4231F674200552AF2 /* NSObject+KJBackgroundMonitoring.m in Sources */,
				681AD53822E55F2800F1018B /* KJPlayerView.m in Sources */,
				687AA4CB2326357900C8EFF7 /* KJDefinitionView.m in Sources */,
				68C4AE8D22E5A86000E9E806 /* KJFastView.m in Sources */,
				689D5AAC22E30EDA00DE33FC /* KJPlayer.m in Sources */,
			);
			runOnlyForDeploymentPostprocessing = 0;
		};
		689D5A8722E3011400DE33FC /* Sources */ = {
			isa = PBXSourcesBuildPhase;
			buildActionMask = 2147483647;
			files = (
				689D5A9022E3011400DE33FC /* KJPlayerDemoTests.m in Sources */,
			);
			runOnlyForDeploymentPostprocessing = 0;
		};
		689D5A9222E3011400DE33FC /* Sources */ = {
			isa = PBXSourcesBuildPhase;
			buildActionMask = 2147483647;
			files = (
				689D5A9B22E3011400DE33FC /* KJPlayerDemoUITests.m in Sources */,
			);
			runOnlyForDeploymentPostprocessing = 0;
		};
/* End PBXSourcesBuildPhase section */

/* Begin PBXTargetDependency section */
		689D5A8D22E3011400DE33FC /* PBXTargetDependency */ = {
			isa = PBXTargetDependency;
			target = 689D5A7222E3011200DE33FC /* KJPlayerDemo */;
			targetProxy = 689D5A8C22E3011400DE33FC /* PBXContainerItemProxy */;
		};
		689D5A9822E3011400DE33FC /* PBXTargetDependency */ = {
			isa = PBXTargetDependency;
			target = 689D5A7222E3011200DE33FC /* KJPlayerDemo */;
			targetProxy = 689D5A9722E3011400DE33FC /* PBXContainerItemProxy */;
		};
/* End PBXTargetDependency section */

/* Begin PBXVariantGroup section */
		689D5A7C22E3011200DE33FC /* Main.storyboard */ = {
			isa = PBXVariantGroup;
			children = (
				689D5A7D22E3011200DE33FC /* Base */,
			);
			name = Main.storyboard;
			sourceTree = "<group>";
		};
		689D5A8122E3011400DE33FC /* LaunchScreen.storyboard */ = {
			isa = PBXVariantGroup;
			children = (
				689D5A8222E3011400DE33FC /* Base */,
			);
			name = LaunchScreen.storyboard;
			sourceTree = "<group>";
		};
/* End PBXVariantGroup section */

/* Begin XCBuildConfiguration section */
		689D5A9D22E3011400DE33FC /* Debug */ = {
			isa = XCBuildConfiguration;
			buildSettings = {
				ALWAYS_SEARCH_USER_PATHS = NO;
				CLANG_ANALYZER_NONNULL = YES;
				CLANG_ANALYZER_NUMBER_OBJECT_CONVERSION = YES_AGGRESSIVE;
				CLANG_CXX_LANGUAGE_STANDARD = "gnu++14";
				CLANG_CXX_LIBRARY = "libc++";
				CLANG_ENABLE_MODULES = YES;
				CLANG_ENABLE_OBJC_ARC = YES;
				CLANG_ENABLE_OBJC_WEAK = YES;
				CLANG_WARN_BLOCK_CAPTURE_AUTORELEASING = YES;
				CLANG_WARN_BOOL_CONVERSION = YES;
				CLANG_WARN_COMMA = YES;
				CLANG_WARN_CONSTANT_CONVERSION = YES;
				CLANG_WARN_DEPRECATED_OBJC_IMPLEMENTATIONS = YES;
				CLANG_WARN_DIRECT_OBJC_ISA_USAGE = YES_ERROR;
				CLANG_WARN_DOCUMENTATION_COMMENTS = YES;
				CLANG_WARN_EMPTY_BODY = YES;
				CLANG_WARN_ENUM_CONVERSION = YES;
				CLANG_WARN_INFINITE_RECURSION = YES;
				CLANG_WARN_INT_CONVERSION = YES;
				CLANG_WARN_NON_LITERAL_NULL_CONVERSION = YES;
				CLANG_WARN_OBJC_IMPLICIT_RETAIN_SELF = YES;
				CLANG_WARN_OBJC_LITERAL_CONVERSION = YES;
				CLANG_WARN_OBJC_ROOT_CLASS = YES_ERROR;
				CLANG_WARN_QUOTED_INCLUDE_IN_FRAMEWORK_HEADER = YES;
				CLANG_WARN_RANGE_LOOP_ANALYSIS = YES;
				CLANG_WARN_STRICT_PROTOTYPES = YES;
				CLANG_WARN_SUSPICIOUS_MOVE = YES;
				CLANG_WARN_UNGUARDED_AVAILABILITY = YES_AGGRESSIVE;
				CLANG_WARN_UNREACHABLE_CODE = YES;
				CLANG_WARN__DUPLICATE_METHOD_MATCH = YES;
				CODE_SIGN_IDENTITY = "iPhone Developer";
				COPY_PHASE_STRIP = NO;
				DEBUG_INFORMATION_FORMAT = dwarf;
				ENABLE_STRICT_OBJC_MSGSEND = YES;
				ENABLE_TESTABILITY = YES;
				GCC_C_LANGUAGE_STANDARD = gnu11;
				GCC_DYNAMIC_NO_PIC = NO;
				GCC_NO_COMMON_BLOCKS = YES;
				GCC_OPTIMIZATION_LEVEL = 0;
				GCC_PREPROCESSOR_DEFINITIONS = (
					"DEBUG=1",
					"$(inherited)",
				);
				GCC_WARN_64_TO_32_BIT_CONVERSION = YES;
				GCC_WARN_ABOUT_RETURN_TYPE = YES_ERROR;
				GCC_WARN_UNDECLARED_SELECTOR = YES;
				GCC_WARN_UNINITIALIZED_AUTOS = YES_AGGRESSIVE;
				GCC_WARN_UNUSED_FUNCTION = YES;
				GCC_WARN_UNUSED_VARIABLE = YES;
				IPHONEOS_DEPLOYMENT_TARGET = 12.2;
				MTL_ENABLE_DEBUG_INFO = INCLUDE_SOURCE;
				MTL_FAST_MATH = YES;
				ONLY_ACTIVE_ARCH = YES;
				SDKROOT = iphoneos;
			};
			name = Debug;
		};
		689D5A9E22E3011400DE33FC /* Release */ = {
			isa = XCBuildConfiguration;
			buildSettings = {
				ALWAYS_SEARCH_USER_PATHS = NO;
				CLANG_ANALYZER_NONNULL = YES;
				CLANG_ANALYZER_NUMBER_OBJECT_CONVERSION = YES_AGGRESSIVE;
				CLANG_CXX_LANGUAGE_STANDARD = "gnu++14";
				CLANG_CXX_LIBRARY = "libc++";
				CLANG_ENABLE_MODULES = YES;
				CLANG_ENABLE_OBJC_ARC = YES;
				CLANG_ENABLE_OBJC_WEAK = YES;
				CLANG_WARN_BLOCK_CAPTURE_AUTORELEASING = YES;
				CLANG_WARN_BOOL_CONVERSION = YES;
				CLANG_WARN_COMMA = YES;
				CLANG_WARN_CONSTANT_CONVERSION = YES;
				CLANG_WARN_DEPRECATED_OBJC_IMPLEMENTATIONS = YES;
				CLANG_WARN_DIRECT_OBJC_ISA_USAGE = YES_ERROR;
				CLANG_WARN_DOCUMENTATION_COMMENTS = YES;
				CLANG_WARN_EMPTY_BODY = YES;
				CLANG_WARN_ENUM_CONVERSION = YES;
				CLANG_WARN_INFINITE_RECURSION = YES;
				CLANG_WARN_INT_CONVERSION = YES;
				CLANG_WARN_NON_LITERAL_NULL_CONVERSION = YES;
				CLANG_WARN_OBJC_IMPLICIT_RETAIN_SELF = YES;
				CLANG_WARN_OBJC_LITERAL_CONVERSION = YES;
				CLANG_WARN_OBJC_ROOT_CLASS = YES_ERROR;
				CLANG_WARN_QUOTED_INCLUDE_IN_FRAMEWORK_HEADER = YES;
				CLANG_WARN_RANGE_LOOP_ANALYSIS = YES;
				CLANG_WARN_STRICT_PROTOTYPES = YES;
				CLANG_WARN_SUSPICIOUS_MOVE = YES;
				CLANG_WARN_UNGUARDED_AVAILABILITY = YES_AGGRESSIVE;
				CLANG_WARN_UNREACHABLE_CODE = YES;
				CLANG_WARN__DUPLICATE_METHOD_MATCH = YES;
				CODE_SIGN_IDENTITY = "iPhone Developer";
				COPY_PHASE_STRIP = NO;
				DEBUG_INFORMATION_FORMAT = "dwarf-with-dsym";
				ENABLE_NS_ASSERTIONS = NO;
				ENABLE_STRICT_OBJC_MSGSEND = YES;
				GCC_C_LANGUAGE_STANDARD = gnu11;
				GCC_NO_COMMON_BLOCKS = YES;
				GCC_WARN_64_TO_32_BIT_CONVERSION = YES;
				GCC_WARN_ABOUT_RETURN_TYPE = YES_ERROR;
				GCC_WARN_UNDECLARED_SELECTOR = YES;
				GCC_WARN_UNINITIALIZED_AUTOS = YES_AGGRESSIVE;
				GCC_WARN_UNUSED_FUNCTION = YES;
				GCC_WARN_UNUSED_VARIABLE = YES;
				IPHONEOS_DEPLOYMENT_TARGET = 12.2;
				MTL_ENABLE_DEBUG_INFO = NO;
				MTL_FAST_MATH = YES;
				SDKROOT = iphoneos;
				VALIDATE_PRODUCT = YES;
			};
			name = Release;
		};
		689D5AA022E3011400DE33FC /* Debug */ = {
			isa = XCBuildConfiguration;
			buildSettings = {
				ASSETCATALOG_COMPILER_APPICON_NAME = AppIcon;
				CLANG_ENABLE_OBJC_WEAK = NO;
				CODE_SIGN_STYLE = Automatic;
				DEVELOPMENT_TEAM = HXTFJDA4H2;
				INFOPLIST_FILE = "$(SRCROOT)/KJPlayerDemo/Demo/Info.plist";
				LD_RUNPATH_SEARCH_PATHS = (
					"$(inherited)",
					"@executable_path/Frameworks",
				);
				PRODUCT_BUNDLE_IDENTIFIER = com.ykj.KJPlayerDemo.KJPlayerDemo;
				PRODUCT_NAME = "$(TARGET_NAME)";
				TARGETED_DEVICE_FAMILY = "1,2";
			};
			name = Debug;
		};
		689D5AA122E3011400DE33FC /* Release */ = {
			isa = XCBuildConfiguration;
			buildSettings = {
				ASSETCATALOG_COMPILER_APPICON_NAME = AppIcon;
				CLANG_ENABLE_OBJC_WEAK = NO;
				CODE_SIGN_STYLE = Automatic;
				DEVELOPMENT_TEAM = HXTFJDA4H2;
				INFOPLIST_FILE = "$(SRCROOT)/KJPlayerDemo/Demo/Info.plist";
				LD_RUNPATH_SEARCH_PATHS = (
					"$(inherited)",
					"@executable_path/Frameworks",
				);
				PRODUCT_BUNDLE_IDENTIFIER = com.ykj.KJPlayerDemo.KJPlayerDemo;
				PRODUCT_NAME = "$(TARGET_NAME)";
				TARGETED_DEVICE_FAMILY = "1,2";
			};
			name = Release;
		};
		689D5AA322E3011400DE33FC /* Debug */ = {
			isa = XCBuildConfiguration;
			buildSettings = {
				BUNDLE_LOADER = "$(TEST_HOST)";
				CODE_SIGN_STYLE = Automatic;
				DEVELOPMENT_TEAM = HXTFJDA4H2;
				INFOPLIST_FILE = KJPlayerDemoTests/Info.plist;
				LD_RUNPATH_SEARCH_PATHS = (
					"$(inherited)",
					"@executable_path/Frameworks",
					"@loader_path/Frameworks",
				);
				PRODUCT_BUNDLE_IDENTIFIER = com.ykj.KJPlayerDemo.KJPlayerDemoTests;
				PRODUCT_NAME = "$(TARGET_NAME)";
				TARGETED_DEVICE_FAMILY = "1,2";
				TEST_HOST = "$(BUILT_PRODUCTS_DIR)/KJPlayerDemo.app/KJPlayerDemo";
			};
			name = Debug;
		};
		689D5AA422E3011400DE33FC /* Release */ = {
			isa = XCBuildConfiguration;
			buildSettings = {
				BUNDLE_LOADER = "$(TEST_HOST)";
				CODE_SIGN_STYLE = Automatic;
				DEVELOPMENT_TEAM = HXTFJDA4H2;
				INFOPLIST_FILE = KJPlayerDemoTests/Info.plist;
				LD_RUNPATH_SEARCH_PATHS = (
					"$(inherited)",
					"@executable_path/Frameworks",
					"@loader_path/Frameworks",
				);
				PRODUCT_BUNDLE_IDENTIFIER = com.ykj.KJPlayerDemo.KJPlayerDemoTests;
				PRODUCT_NAME = "$(TARGET_NAME)";
				TARGETED_DEVICE_FAMILY = "1,2";
				TEST_HOST = "$(BUILT_PRODUCTS_DIR)/KJPlayerDemo.app/KJPlayerDemo";
			};
			name = Release;
		};
		689D5AA622E3011400DE33FC /* Debug */ = {
			isa = XCBuildConfiguration;
			buildSettings = {
				CODE_SIGN_STYLE = Automatic;
				DEVELOPMENT_TEAM = HXTFJDA4H2;
				INFOPLIST_FILE = KJPlayerDemoUITests/Info.plist;
				LD_RUNPATH_SEARCH_PATHS = (
					"$(inherited)",
					"@executable_path/Frameworks",
					"@loader_path/Frameworks",
				);
				PRODUCT_BUNDLE_IDENTIFIER = com.ykj.KJPlayerDemo.KJPlayerDemoUITests;
				PRODUCT_NAME = "$(TARGET_NAME)";
				TARGETED_DEVICE_FAMILY = "1,2";
				TEST_TARGET_NAME = KJPlayerDemo;
			};
			name = Debug;
		};
		689D5AA722E3011400DE33FC /* Release */ = {
			isa = XCBuildConfiguration;
			buildSettings = {
				CODE_SIGN_STYLE = Automatic;
				DEVELOPMENT_TEAM = HXTFJDA4H2;
				INFOPLIST_FILE = KJPlayerDemoUITests/Info.plist;
				LD_RUNPATH_SEARCH_PATHS = (
					"$(inherited)",
					"@executable_path/Frameworks",
					"@loader_path/Frameworks",
				);
				PRODUCT_BUNDLE_IDENTIFIER = com.ykj.KJPlayerDemo.KJPlayerDemoUITests;
				PRODUCT_NAME = "$(TARGET_NAME)";
				TARGETED_DEVICE_FAMILY = "1,2";
				TEST_TARGET_NAME = KJPlayerDemo;
			};
			name = Release;
		};
/* End XCBuildConfiguration section */

/* Begin XCConfigurationList section */
		689D5A6E22E3011200DE33FC /* Build configuration list for PBXProject "KJPlayerDemo" */ = {
			isa = XCConfigurationList;
			buildConfigurations = (
				689D5A9D22E3011400DE33FC /* Debug */,
				689D5A9E22E3011400DE33FC /* Release */,
			);
			defaultConfigurationIsVisible = 0;
			defaultConfigurationName = Release;
		};
		689D5A9F22E3011400DE33FC /* Build configuration list for PBXNativeTarget "KJPlayerDemo" */ = {
			isa = XCConfigurationList;
			buildConfigurations = (
				689D5AA022E3011400DE33FC /* Debug */,
				689D5AA122E3011400DE33FC /* Release */,
			);
			defaultConfigurationIsVisible = 0;
			defaultConfigurationName = Release;
		};
		689D5AA222E3011400DE33FC /* Build configuration list for PBXNativeTarget "KJPlayerDemoTests" */ = {
			isa = XCConfigurationList;
			buildConfigurations = (
				689D5AA322E3011400DE33FC /* Debug */,
				689D5AA422E3011400DE33FC /* Release */,
			);
			defaultConfigurationIsVisible = 0;
			defaultConfigurationName = Release;
		};
		689D5AA522E3011400DE33FC /* Build configuration list for PBXNativeTarget "KJPlayerDemoUITests" */ = {
			isa = XCConfigurationList;
			buildConfigurations = (
				689D5AA622E3011400DE33FC /* Debug */,
				689D5AA722E3011400DE33FC /* Release */,
			);
			defaultConfigurationIsVisible = 0;
			defaultConfigurationName = Release;
		};
/* End XCConfigurationList section */
	};
	rootObject = 689D5A6B22E3011200DE33FC /* Project object */;
}
